// !$*UTF8*$!
{
	archiveVersion = 1;
	classes = {
	};
	objectVersion = 46;
	objects = {

/* Begin PBXBuildFile section */
		B21AA1491C35E2700041DCD5 /* AppConfiguration.swift in Sources */ = {isa = PBXBuildFile; fileRef = B21AA1481C35E2700041DCD5 /* AppConfiguration.swift */; };
		B21AA14B1C38CFDE0041DCD5 /* DirectoryViewController.swift in Sources */ = {isa = PBXBuildFile; fileRef = B21AA14A1C38CFDE0041DCD5 /* DirectoryViewController.swift */; };
		B292F2771C2763C200DF0FC0 /* AppDelegate.swift in Sources */ = {isa = PBXBuildFile; fileRef = B292F2761C2763C200DF0FC0 /* AppDelegate.swift */; };
		B292F27E1C2763C200DF0FC0 /* Assets.xcassets in Resources */ = {isa = PBXBuildFile; fileRef = B292F27D1C2763C200DF0FC0 /* Assets.xcassets */; };
		B292F2811C2763C200DF0FC0 /* LaunchScreen.storyboard in Resources */ = {isa = PBXBuildFile; fileRef = B292F27F1C2763C200DF0FC0 /* LaunchScreen.storyboard */; };
		B292F2891C27658800DF0FC0 /* DataSource.swift in Sources */ = {isa = PBXBuildFile; fileRef = B292F2881C27658800DF0FC0 /* DataSource.swift */; };
		B292F28D1C27686A00DF0FC0 /* NewsViewController.swift in Sources */ = {isa = PBXBuildFile; fileRef = B292F28C1C27686A00DF0FC0 /* NewsViewController.swift */; };
		B292F28F1C27688F00DF0FC0 /* CalendarViewController.swift in Sources */ = {isa = PBXBuildFile; fileRef = B292F28E1C27688F00DF0FC0 /* CalendarViewController.swift */; };
		B292F2911C2768AF00DF0FC0 /* GradesViewController.swift in Sources */ = {isa = PBXBuildFile; fileRef = B292F2901C2768AF00DF0FC0 /* GradesViewController.swift */; };
		B292F2931C2768C000DF0FC0 /* SocialViewController.swift in Sources */ = {isa = PBXBuildFile; fileRef = B292F2921C2768C000DF0FC0 /* SocialViewController.swift */; };
		B292F2951C2768E100DF0FC0 /* SchedulesViewController.swift in Sources */ = {isa = PBXBuildFile; fileRef = B292F2941C2768E100DF0FC0 /* SchedulesViewController.swift */; };
		B292F2971C2768EB00DF0FC0 /* ContactViewController.swift in Sources */ = {isa = PBXBuildFile; fileRef = B292F2961C2768EB00DF0FC0 /* ContactViewController.swift */; };
		B292F2991C276EB400DF0FC0 /* Models.swift in Sources */ = {isa = PBXBuildFile; fileRef = B292F2981C276EB400DF0FC0 /* Models.swift */; };
		B292F29B1C27783A00DF0FC0 /* DocumentViewController.swift in Sources */ = {isa = PBXBuildFile; fileRef = B292F29A1C27783A00DF0FC0 /* DocumentViewController.swift */; };
		B292F29D1C27787700DF0FC0 /* WebViewController.swift in Sources */ = {isa = PBXBuildFile; fileRef = B292F29C1C27787700DF0FC0 /* WebViewController.swift */; };
		B292F29F1C2792EB00DF0FC0 /* FetchedViewController.swift in Sources */ = {isa = PBXBuildFile; fileRef = B292F29E1C2792EB00DF0FC0 /* FetchedViewController.swift */; };
		B292F2A11C2872B200DF0FC0 /* EventCalendar.swift in Sources */ = {isa = PBXBuildFile; fileRef = B292F2A01C2872B200DF0FC0 /* EventCalendar.swift */; };
		B292F3051C2A198600DF0FC0 /* UIAppearance+Swift.m in Sources */ = {isa = PBXBuildFile; fileRef = B292F3041C2A198600DF0FC0 /* UIAppearance+Swift.m */; };
		B292F3081C2C84BA00DF0FC0 /* CalendarSearchViewController.swift in Sources */ = {isa = PBXBuildFile; fileRef = B292F3071C2C84BA00DF0FC0 /* CalendarSearchViewController.swift */; };
		B292F30A1C2C870D00DF0FC0 /* CalendarDayViewController.swift in Sources */ = {isa = PBXBuildFile; fileRef = B292F3091C2C870D00DF0FC0 /* CalendarDayViewController.swift */; };
		B292F30C1C2C87CB00DF0FC0 /* CalendarEventViewController.swift in Sources */ = {isa = PBXBuildFile; fileRef = B292F30B1C2C87CB00DF0FC0 /* CalendarEventViewController.swift */; };
		B29E47E31C430AEF00736315 /* RemoteImageView.swift in Sources */ = {isa = PBXBuildFile; fileRef = B29E47E21C430AEF00736315 /* RemoteImageView.swift */; };
		B29E47E71C43971300736315 /* MHPrettyDate.m in Sources */ = {isa = PBXBuildFile; fileRef = B29E47E61C43971300736315 /* MHPrettyDate.m */; };
		B29E47FA1C43971E00736315 /* MNCalendarHeaderView.m in Sources */ = {isa = PBXBuildFile; fileRef = B29E47EA1C43971E00736315 /* MNCalendarHeaderView.m */; };
		B29E47FB1C43971E00736315 /* MNCalendarView.m in Sources */ = {isa = PBXBuildFile; fileRef = B29E47ED1C43971E00736315 /* MNCalendarView.m */; };
		B29E47FC1C43971E00736315 /* MNCalendarViewCell.m in Sources */ = {isa = PBXBuildFile; fileRef = B29E47EF1C43971E00736315 /* MNCalendarViewCell.m */; };
		B29E47FD1C43971E00736315 /* MNCalendarViewDayCell.m in Sources */ = {isa = PBXBuildFile; fileRef = B29E47F11C43971E00736315 /* MNCalendarViewDayCell.m */; };
		B29E47FE1C43971E00736315 /* MNCalendarViewLayout.m in Sources */ = {isa = PBXBuildFile; fileRef = B29E47F31C43971E00736315 /* MNCalendarViewLayout.m */; };
		B29E47FF1C43971E00736315 /* MNCalendarViewWeekdayCell.m in Sources */ = {isa = PBXBuildFile; fileRef = B29E47F51C43971E00736315 /* MNCalendarViewWeekdayCell.m */; };
		B29E48001C43971E00736315 /* MNFastDateEnumeration.m in Sources */ = {isa = PBXBuildFile; fileRef = B29E47F71C43971E00736315 /* MNFastDateEnumeration.m */; };
		B29E48011C43971E00736315 /* NSDate+MNAdditions.m in Sources */ = {isa = PBXBuildFile; fileRef = B29E47F91C43971E00736315 /* NSDate+MNAdditions.m */; };
		B29E48221C43973400736315 /* Dictionary+Swifter.swift in Sources */ = {isa = PBXBuildFile; fileRef = B29E48031C43973300736315 /* Dictionary+Swifter.swift */; };
		B29E48241C43973400736315 /* JSON.swift in Sources */ = {isa = PBXBuildFile; fileRef = B29E48051C43973300736315 /* JSON.swift */; };
		B29E48261C43973400736315 /* NSURL+Swifter.swift in Sources */ = {isa = PBXBuildFile; fileRef = B29E48071C43973300736315 /* NSURL+Swifter.swift */; };
		B29E48271C43973400736315 /* String+Swifter.swift in Sources */ = {isa = PBXBuildFile; fileRef = B29E48081C43973300736315 /* String+Swifter.swift */; };
		B29E48281C43973400736315 /* Swifter.swift in Sources */ = {isa = PBXBuildFile; fileRef = B29E480B1C43973300736315 /* Swifter.swift */; };
		B29E48291C43973400736315 /* SwifterAccountsClient.swift in Sources */ = {isa = PBXBuildFile; fileRef = B29E480C1C43973300736315 /* SwifterAccountsClient.swift */; };
		B29E482A1C43973400736315 /* SwifterAppOnlyClient.swift in Sources */ = {isa = PBXBuildFile; fileRef = B29E480D1C43973300736315 /* SwifterAppOnlyClient.swift */; };
		B29E482B1C43973400736315 /* SwifterAuth.swift in Sources */ = {isa = PBXBuildFile; fileRef = B29E480E1C43973300736315 /* SwifterAuth.swift */; };
		B29E482C1C43973400736315 /* SwifterClientProtocol.swift in Sources */ = {isa = PBXBuildFile; fileRef = B29E480F1C43973300736315 /* SwifterClientProtocol.swift */; };
		B29E482D1C43973400736315 /* SwifterCredential.swift in Sources */ = {isa = PBXBuildFile; fileRef = B29E48101C43973300736315 /* SwifterCredential.swift */; };
		B29E48311C43973400736315 /* SwifterHTTPRequest.swift in Sources */ = {isa = PBXBuildFile; fileRef = B29E48141C43973300736315 /* SwifterHTTPRequest.swift */; };
		B29E48341C43973400736315 /* SwifterOAuthClient.swift in Sources */ = {isa = PBXBuildFile; fileRef = B29E48171C43973400736315 /* SwifterOAuthClient.swift */; };
		B29E483B1C43973400736315 /* SwifterTimelines.swift in Sources */ = {isa = PBXBuildFile; fileRef = B29E481E1C43973400736315 /* SwifterTimelines.swift */; };
		B29E48411C43977600736315 /* SWXMLHash.swift in Sources */ = {isa = PBXBuildFile; fileRef = B29E48401C43977600736315 /* SWXMLHash.swift */; };
/* End PBXBuildFile section */

/* Begin PBXFileReference section */
		B21AA1481C35E2700041DCD5 /* AppConfiguration.swift */ = {isa = PBXFileReference; fileEncoding = 4; lastKnownFileType = sourcecode.swift; path = AppConfiguration.swift; sourceTree = "<group>"; };
		B21AA14A1C38CFDE0041DCD5 /* DirectoryViewController.swift */ = {isa = PBXFileReference; fileEncoding = 4; lastKnownFileType = sourcecode.swift; path = DirectoryViewController.swift; sourceTree = "<group>"; };
		B292F2731C2763C200DF0FC0 /* Newman Knights.app */ = {isa = PBXFileReference; explicitFileType = wrapper.application; includeInIndex = 0; path = "Newman Knights.app"; sourceTree = BUILT_PRODUCTS_DIR; };
		B292F2761C2763C200DF0FC0 /* AppDelegate.swift */ = {isa = PBXFileReference; lastKnownFileType = sourcecode.swift; path = AppDelegate.swift; sourceTree = "<group>"; };
		B292F27D1C2763C200DF0FC0 /* Assets.xcassets */ = {isa = PBXFileReference; lastKnownFileType = folder.assetcatalog; path = Assets.xcassets; sourceTree = "<group>"; };
		B292F2801C2763C200DF0FC0 /* Base */ = {isa = PBXFileReference; lastKnownFileType = file.storyboard; name = Base; path = Base.lproj/LaunchScreen.storyboard; sourceTree = "<group>"; };
		B292F2821C2763C200DF0FC0 /* Info.plist */ = {isa = PBXFileReference; lastKnownFileType = text.plist.xml; path = Info.plist; sourceTree = "<group>"; };
		B292F2881C27658800DF0FC0 /* DataSource.swift */ = {isa = PBXFileReference; fileEncoding = 4; lastKnownFileType = sourcecode.swift; path = DataSource.swift; sourceTree = "<group>"; };
		B292F28C1C27686A00DF0FC0 /* NewsViewController.swift */ = {isa = PBXFileReference; fileEncoding = 4; lastKnownFileType = sourcecode.swift; path = NewsViewController.swift; sourceTree = "<group>"; };
		B292F28E1C27688F00DF0FC0 /* CalendarViewController.swift */ = {isa = PBXFileReference; fileEncoding = 4; lastKnownFileType = sourcecode.swift; path = CalendarViewController.swift; sourceTree = "<group>"; };
		B292F2901C2768AF00DF0FC0 /* GradesViewController.swift */ = {isa = PBXFileReference; fileEncoding = 4; lastKnownFileType = sourcecode.swift; path = GradesViewController.swift; sourceTree = "<group>"; };
		B292F2921C2768C000DF0FC0 /* SocialViewController.swift */ = {isa = PBXFileReference; fileEncoding = 4; lastKnownFileType = sourcecode.swift; path = SocialViewController.swift; sourceTree = "<group>"; };
		B292F2941C2768E100DF0FC0 /* SchedulesViewController.swift */ = {isa = PBXFileReference; fileEncoding = 4; lastKnownFileType = sourcecode.swift; path = SchedulesViewController.swift; sourceTree = "<group>"; };
		B292F2961C2768EB00DF0FC0 /* ContactViewController.swift */ = {isa = PBXFileReference; fileEncoding = 4; lastKnownFileType = sourcecode.swift; path = ContactViewController.swift; sourceTree = "<group>"; };
		B292F2981C276EB400DF0FC0 /* Models.swift */ = {isa = PBXFileReference; fileEncoding = 4; lastKnownFileType = sourcecode.swift; path = Models.swift; sourceTree = "<group>"; };
		B292F29A1C27783A00DF0FC0 /* DocumentViewController.swift */ = {isa = PBXFileReference; fileEncoding = 4; lastKnownFileType = sourcecode.swift; path = DocumentViewController.swift; sourceTree = "<group>"; };
		B292F29C1C27787700DF0FC0 /* WebViewController.swift */ = {isa = PBXFileReference; fileEncoding = 4; lastKnownFileType = sourcecode.swift; path = WebViewController.swift; sourceTree = "<group>"; };
		B292F29E1C2792EB00DF0FC0 /* FetchedViewController.swift */ = {isa = PBXFileReference; fileEncoding = 4; lastKnownFileType = sourcecode.swift; path = FetchedViewController.swift; sourceTree = "<group>"; };
		B292F2A01C2872B200DF0FC0 /* EventCalendar.swift */ = {isa = PBXFileReference; fileEncoding = 4; lastKnownFileType = sourcecode.swift; path = EventCalendar.swift; sourceTree = "<group>"; };
		B292F2A71C28942600DF0FC0 /* Newman Knights-Bridging-Header.h */ = {isa = PBXFileReference; fileEncoding = 4; lastKnownFileType = sourcecode.c.h; path = "Newman Knights-Bridging-Header.h"; sourceTree = "<group>"; };
		B292F3031C2A198600DF0FC0 /* UIAppearance+Swift.h */ = {isa = PBXFileReference; fileEncoding = 4; lastKnownFileType = sourcecode.c.h; path = "UIAppearance+Swift.h"; sourceTree = "<group>"; };
		B292F3041C2A198600DF0FC0 /* UIAppearance+Swift.m */ = {isa = PBXFileReference; fileEncoding = 4; lastKnownFileType = sourcecode.c.objc; path = "UIAppearance+Swift.m"; sourceTree = "<group>"; };
		B292F3071C2C84BA00DF0FC0 /* CalendarSearchViewController.swift */ = {isa = PBXFileReference; fileEncoding = 4; lastKnownFileType = sourcecode.swift; path = CalendarSearchViewController.swift; sourceTree = "<group>"; };
		B292F3091C2C870D00DF0FC0 /* CalendarDayViewController.swift */ = {isa = PBXFileReference; fileEncoding = 4; lastKnownFileType = sourcecode.swift; path = CalendarDayViewController.swift; sourceTree = "<group>"; };
		B292F30B1C2C87CB00DF0FC0 /* CalendarEventViewController.swift */ = {isa = PBXFileReference; fileEncoding = 4; lastKnownFileType = sourcecode.swift; path = CalendarEventViewController.swift; sourceTree = "<group>"; };
		B29E47E21C430AEF00736315 /* RemoteImageView.swift */ = {isa = PBXFileReference; fileEncoding = 4; lastKnownFileType = sourcecode.swift; path = RemoteImageView.swift; sourceTree = "<group>"; };
		B29E47E51C43971300736315 /* MHPrettyDate.h */ = {isa = PBXFileReference; fileEncoding = 4; lastKnownFileType = sourcecode.c.h; name = MHPrettyDate.h; path = External/MHPrettyDate/MHPrettyDate/MHPrettyDate.h; sourceTree = SOURCE_ROOT; };
		B29E47E61C43971300736315 /* MHPrettyDate.m */ = {isa = PBXFileReference; fileEncoding = 4; lastKnownFileType = sourcecode.c.objc; name = MHPrettyDate.m; path = External/MHPrettyDate/MHPrettyDate/MHPrettyDate.m; sourceTree = SOURCE_ROOT; };
		B29E47E91C43971E00736315 /* MNCalendarHeaderView.h */ = {isa = PBXFileReference; fileEncoding = 4; lastKnownFileType = sourcecode.c.h; path = MNCalendarHeaderView.h; sourceTree = "<group>"; };
		B29E47EA1C43971E00736315 /* MNCalendarHeaderView.m */ = {isa = PBXFileReference; fileEncoding = 4; lastKnownFileType = sourcecode.c.objc; path = MNCalendarHeaderView.m; sourceTree = "<group>"; };
		B29E47EC1C43971E00736315 /* MNCalendarView.h */ = {isa = PBXFileReference; fileEncoding = 4; lastKnownFileType = sourcecode.c.h; path = MNCalendarView.h; sourceTree = "<group>"; };
		B29E47ED1C43971E00736315 /* MNCalendarView.m */ = {isa = PBXFileReference; fileEncoding = 4; lastKnownFileType = sourcecode.c.objc; path = MNCalendarView.m; sourceTree = "<group>"; };
		B29E47EE1C43971E00736315 /* MNCalendarViewCell.h */ = {isa = PBXFileReference; fileEncoding = 4; lastKnownFileType = sourcecode.c.h; path = MNCalendarViewCell.h; sourceTree = "<group>"; };
		B29E47EF1C43971E00736315 /* MNCalendarViewCell.m */ = {isa = PBXFileReference; fileEncoding = 4; lastKnownFileType = sourcecode.c.objc; path = MNCalendarViewCell.m; sourceTree = "<group>"; };
		B29E47F01C43971E00736315 /* MNCalendarViewDayCell.h */ = {isa = PBXFileReference; fileEncoding = 4; lastKnownFileType = sourcecode.c.h; path = MNCalendarViewDayCell.h; sourceTree = "<group>"; };
		B29E47F11C43971E00736315 /* MNCalendarViewDayCell.m */ = {isa = PBXFileReference; fileEncoding = 4; lastKnownFileType = sourcecode.c.objc; path = MNCalendarViewDayCell.m; sourceTree = "<group>"; };
		B29E47F21C43971E00736315 /* MNCalendarViewLayout.h */ = {isa = PBXFileReference; fileEncoding = 4; lastKnownFileType = sourcecode.c.h; path = MNCalendarViewLayout.h; sourceTree = "<group>"; };
		B29E47F31C43971E00736315 /* MNCalendarViewLayout.m */ = {isa = PBXFileReference; fileEncoding = 4; lastKnownFileType = sourcecode.c.objc; path = MNCalendarViewLayout.m; sourceTree = "<group>"; };
		B29E47F41C43971E00736315 /* MNCalendarViewWeekdayCell.h */ = {isa = PBXFileReference; fileEncoding = 4; lastKnownFileType = sourcecode.c.h; path = MNCalendarViewWeekdayCell.h; sourceTree = "<group>"; };
		B29E47F51C43971E00736315 /* MNCalendarViewWeekdayCell.m */ = {isa = PBXFileReference; fileEncoding = 4; lastKnownFileType = sourcecode.c.objc; path = MNCalendarViewWeekdayCell.m; sourceTree = "<group>"; };
		B29E47F61C43971E00736315 /* MNFastDateEnumeration.h */ = {isa = PBXFileReference; fileEncoding = 4; lastKnownFileType = sourcecode.c.h; path = MNFastDateEnumeration.h; sourceTree = "<group>"; };
		B29E47F71C43971E00736315 /* MNFastDateEnumeration.m */ = {isa = PBXFileReference; fileEncoding = 4; lastKnownFileType = sourcecode.c.objc; path = MNFastDateEnumeration.m; sourceTree = "<group>"; };
		B29E47F81C43971E00736315 /* NSDate+MNAdditions.h */ = {isa = PBXFileReference; fileEncoding = 4; lastKnownFileType = sourcecode.c.h; path = "NSDate+MNAdditions.h"; sourceTree = "<group>"; };
		B29E47F91C43971E00736315 /* NSDate+MNAdditions.m */ = {isa = PBXFileReference; fileEncoding = 4; lastKnownFileType = sourcecode.c.objc; path = "NSDate+MNAdditions.m"; sourceTree = "<group>"; };
		B29E48031C43973300736315 /* Dictionary+Swifter.swift */ = {isa = PBXFileReference; fileEncoding = 4; lastKnownFileType = sourcecode.swift; path = "Dictionary+Swifter.swift"; sourceTree = "<group>"; };
		B29E48051C43973300736315 /* JSON.swift */ = {isa = PBXFileReference; fileEncoding = 4; lastKnownFileType = sourcecode.swift; path = JSON.swift; sourceTree = "<group>"; };
		B29E48071C43973300736315 /* NSURL+Swifter.swift */ = {isa = PBXFileReference; fileEncoding = 4; lastKnownFileType = sourcecode.swift; path = "NSURL+Swifter.swift"; sourceTree = "<group>"; };
		B29E48081C43973300736315 /* String+Swifter.swift */ = {isa = PBXFileReference; fileEncoding = 4; lastKnownFileType = sourcecode.swift; path = "String+Swifter.swift"; sourceTree = "<group>"; };
		B29E480B1C43973300736315 /* Swifter.swift */ = {isa = PBXFileReference; fileEncoding = 4; lastKnownFileType = sourcecode.swift; path = Swifter.swift; sourceTree = "<group>"; };
		B29E480C1C43973300736315 /* SwifterAccountsClient.swift */ = {isa = PBXFileReference; fileEncoding = 4; lastKnownFileType = sourcecode.swift; path = SwifterAccountsClient.swift; sourceTree = "<group>"; };
		B29E480D1C43973300736315 /* SwifterAppOnlyClient.swift */ = {isa = PBXFileReference; fileEncoding = 4; lastKnownFileType = sourcecode.swift; path = SwifterAppOnlyClient.swift; sourceTree = "<group>"; };
		B29E480E1C43973300736315 /* SwifterAuth.swift */ = {isa = PBXFileReference; fileEncoding = 4; lastKnownFileType = sourcecode.swift; path = SwifterAuth.swift; sourceTree = "<group>"; };
		B29E480F1C43973300736315 /* SwifterClientProtocol.swift */ = {isa = PBXFileReference; fileEncoding = 4; lastKnownFileType = sourcecode.swift; path = SwifterClientProtocol.swift; sourceTree = "<group>"; };
		B29E48101C43973300736315 /* SwifterCredential.swift */ = {isa = PBXFileReference; fileEncoding = 4; lastKnownFileType = sourcecode.swift; path = SwifterCredential.swift; sourceTree = "<group>"; };
		B29E48141C43973300736315 /* SwifterHTTPRequest.swift */ = {isa = PBXFileReference; fileEncoding = 4; lastKnownFileType = sourcecode.swift; path = SwifterHTTPRequest.swift; sourceTree = "<group>"; };
		B29E48171C43973400736315 /* SwifterOAuthClient.swift */ = {isa = PBXFileReference; fileEncoding = 4; lastKnownFileType = sourcecode.swift; path = SwifterOAuthClient.swift; sourceTree = "<group>"; };
		B29E481E1C43973400736315 /* SwifterTimelines.swift */ = {isa = PBXFileReference; fileEncoding = 4; lastKnownFileType = sourcecode.swift; path = SwifterTimelines.swift; sourceTree = "<group>"; };
		B29E48401C43977600736315 /* SWXMLHash.swift */ = {isa = PBXFileReference; fileEncoding = 4; lastKnownFileType = sourcecode.swift; name = SWXMLHash.swift; path = External/SWXMLHash/Source/SWXMLHash.swift; sourceTree = SOURCE_ROOT; };
/* End PBXFileReference section */

/* Begin PBXFrameworksBuildPhase section */
		B292F2701C2763C200DF0FC0 /* Frameworks */ = {
			isa = PBXFrameworksBuildPhase;
			buildActionMask = 2147483647;
			files = (
			);
			runOnlyForDeploymentPostprocessing = 0;
		};
/* End PBXFrameworksBuildPhase section */

/* Begin PBXGroup section */
		B21AA1431C32208C0041DCD5 /* Model */ = {
			isa = PBXGroup;
			children = (
				B292F2881C27658800DF0FC0 /* DataSource.swift */,
				B292F2A01C2872B200DF0FC0 /* EventCalendar.swift */,
				B292F2981C276EB400DF0FC0 /* Models.swift */,
			);
			name = Model;
			sourceTree = "<group>";
		};
		B21AA1441C3220A00041DCD5 /* News */ = {
			isa = PBXGroup;
			children = (
				B292F28C1C27686A00DF0FC0 /* NewsViewController.swift */,
			);
			name = News;
			sourceTree = "<group>";
		};
		B21AA1471C3220BB0041DCD5 /* Common */ = {
			isa = PBXGroup;
			children = (
				B292F3031C2A198600DF0FC0 /* UIAppearance+Swift.h */,
				B292F3041C2A198600DF0FC0 /* UIAppearance+Swift.m */,
				B292F29E1C2792EB00DF0FC0 /* FetchedViewController.swift */,
				B292F29C1C27787700DF0FC0 /* WebViewController.swift */,
				B292F29A1C27783A00DF0FC0 /* DocumentViewController.swift */,
				B29E47E21C430AEF00736315 /* RemoteImageView.swift */,
			);
			name = Common;
			sourceTree = "<group>";
		};
		B292F26A1C2763C200DF0FC0 = {
			isa = PBXGroup;
			children = (
				B292F2751C2763C200DF0FC0 /* Newman Knights */,
				B292F2741C2763C200DF0FC0 /* Products */,
			);
			sourceTree = "<group>";
		};
		B292F2741C2763C200DF0FC0 /* Products */ = {
			isa = PBXGroup;
			children = (
				B292F2731C2763C200DF0FC0 /* Newman Knights.app */,
			);
			name = Products;
			sourceTree = "<group>";
		};
		B292F2751C2763C200DF0FC0 /* Newman Knights */ = {
			isa = PBXGroup;
			children = (
				B292F2761C2763C200DF0FC0 /* AppDelegate.swift */,
				B21AA1481C35E2700041DCD5 /* AppConfiguration.swift */,
				B21AA1431C32208C0041DCD5 /* Model */,
				B21AA1471C3220BB0041DCD5 /* Common */,
				B21AA1441C3220A00041DCD5 /* News */,
				B292F3061C2C84A300DF0FC0 /* Events */,
				B292F2901C2768AF00DF0FC0 /* GradesViewController.swift */,
				B292F2921C2768C000DF0FC0 /* SocialViewController.swift */,
				B292F2941C2768E100DF0FC0 /* SchedulesViewController.swift */,
				B292F2961C2768EB00DF0FC0 /* ContactViewController.swift */,
				B21AA14A1C38CFDE0041DCD5 /* DirectoryViewController.swift */,
				B292F2A71C28942600DF0FC0 /* Newman Knights-Bridging-Header.h */,
				B292F2A21C28938700DF0FC0 /* External */,
				B292F27D1C2763C200DF0FC0 /* Assets.xcassets */,
				B292F27F1C2763C200DF0FC0 /* LaunchScreen.storyboard */,
				B292F2821C2763C200DF0FC0 /* Info.plist */,
			);
			path = "Newman Knights";
			sourceTree = "<group>";
		};
		B292F2A21C28938700DF0FC0 /* External */ = {
			isa = PBXGroup;
			children = (
				B29E47E41C43970A00736315 /* MHPrettyDate */,
				B29E47E81C43971E00736315 /* MNCalendarView */,
				B29E48021C43973300736315 /* Swifter */,
				B29E483F1C43976A00736315 /* SWXMLHash */,
			);
			name = External;
			sourceTree = "<group>";
		};
		B292F3061C2C84A300DF0FC0 /* Events */ = {
			isa = PBXGroup;
			children = (
				B292F28E1C27688F00DF0FC0 /* CalendarViewController.swift */,
				B292F3091C2C870D00DF0FC0 /* CalendarDayViewController.swift */,
				B292F30B1C2C87CB00DF0FC0 /* CalendarEventViewController.swift */,
				B292F3071C2C84BA00DF0FC0 /* CalendarSearchViewController.swift */,
			);
			name = Events;
			sourceTree = "<group>";
		};
		B29E47E41C43970A00736315 /* MHPrettyDate */ = {
			isa = PBXGroup;
			children = (
				B29E47E51C43971300736315 /* MHPrettyDate.h */,
				B29E47E61C43971300736315 /* MHPrettyDate.m */,
			);
			name = MHPrettyDate;
			sourceTree = "<group>";
		};
		B29E47E81C43971E00736315 /* MNCalendarView */ = {
			isa = PBXGroup;
			children = (
				B29E47E91C43971E00736315 /* MNCalendarHeaderView.h */,
				B29E47EA1C43971E00736315 /* MNCalendarHeaderView.m */,
				B29E47EC1C43971E00736315 /* MNCalendarView.h */,
				B29E47ED1C43971E00736315 /* MNCalendarView.m */,
				B29E47EE1C43971E00736315 /* MNCalendarViewCell.h */,
				B29E47EF1C43971E00736315 /* MNCalendarViewCell.m */,
				B29E47F01C43971E00736315 /* MNCalendarViewDayCell.h */,
				B29E47F11C43971E00736315 /* MNCalendarViewDayCell.m */,
				B29E47F21C43971E00736315 /* MNCalendarViewLayout.h */,
				B29E47F31C43971E00736315 /* MNCalendarViewLayout.m */,
				B29E47F41C43971E00736315 /* MNCalendarViewWeekdayCell.h */,
				B29E47F51C43971E00736315 /* MNCalendarViewWeekdayCell.m */,
				B29E47F61C43971E00736315 /* MNFastDateEnumeration.h */,
				B29E47F71C43971E00736315 /* MNFastDateEnumeration.m */,
				B29E47F81C43971E00736315 /* NSDate+MNAdditions.h */,
				B29E47F91C43971E00736315 /* NSDate+MNAdditions.m */,
			);
			name = MNCalendarView;
			path = External/MNCalendarView/MNCalendarView;
			sourceTree = SOURCE_ROOT;
		};
		B29E48021C43973300736315 /* Swifter */ = {
			isa = PBXGroup;
			children = (
				B29E48031C43973300736315 /* Dictionary+Swifter.swift */,
				B29E48051C43973300736315 /* JSON.swift */,
				B29E48071C43973300736315 /* NSURL+Swifter.swift */,
				B29E48081C43973300736315 /* String+Swifter.swift */,
				B29E480B1C43973300736315 /* Swifter.swift */,
				B29E480C1C43973300736315 /* SwifterAccountsClient.swift */,
				B29E480D1C43973300736315 /* SwifterAppOnlyClient.swift */,
				B29E480E1C43973300736315 /* SwifterAuth.swift */,
				B29E480F1C43973300736315 /* SwifterClientProtocol.swift */,
				B29E48101C43973300736315 /* SwifterCredential.swift */,
				B29E48141C43973300736315 /* SwifterHTTPRequest.swift */,
				B29E48171C43973400736315 /* SwifterOAuthClient.swift */,
				B29E481E1C43973400736315 /* SwifterTimelines.swift */,
			);
			name = Swifter;
			path = External/Swifter/Swifter;
			sourceTree = SOURCE_ROOT;
		};
		B29E483F1C43976A00736315 /* SWXMLHash */ = {
			isa = PBXGroup;
			children = (
				B29E48401C43977600736315 /* SWXMLHash.swift */,
			);
			name = SWXMLHash;
			sourceTree = "<group>";
		};
/* End PBXGroup section */

/* Begin PBXNativeTarget section */
		B292F2721C2763C200DF0FC0 /* Newman Knights */ = {
			isa = PBXNativeTarget;
			buildConfigurationList = B292F2851C2763C200DF0FC0 /* Build configuration list for PBXNativeTarget "Newman Knights" */;
			buildPhases = (
				B292F26F1C2763C200DF0FC0 /* Sources */,
				B292F2701C2763C200DF0FC0 /* Frameworks */,
				B292F2711C2763C200DF0FC0 /* Resources */,
			);
			buildRules = (
			);
			dependencies = (
			);
			name = "Newman Knights";
			productName = "Newman Knights";
			productReference = B292F2731C2763C200DF0FC0 /* Newman Knights.app */;
			productType = "com.apple.product-type.application";
		};
/* End PBXNativeTarget section */

/* Begin PBXProject section */
		B292F26B1C2763C200DF0FC0 /* Project object */ = {
			isa = PBXProject;
			attributes = {
				LastSwiftUpdateCheck = 0720;
				LastUpgradeCheck = 0720;
				ORGANIZATIONNAME = "Nick Frey";
				TargetAttributes = {
					B292F2721C2763C200DF0FC0 = {
						CreatedOnToolsVersion = 7.2;
					};
				};
			};
			buildConfigurationList = B292F26E1C2763C200DF0FC0 /* Build configuration list for PBXProject "Newman Knights" */;
			compatibilityVersion = "Xcode 3.2";
			developmentRegion = English;
			hasScannedForEncodings = 0;
			knownRegions = (
				en,
				Base,
			);
			mainGroup = B292F26A1C2763C200DF0FC0;
			productRefGroup = B292F2741C2763C200DF0FC0 /* Products */;
			projectDirPath = "";
			projectRoot = "";
			targets = (
				B292F2721C2763C200DF0FC0 /* Newman Knights */,
			);
		};
/* End PBXProject section */

/* Begin PBXResourcesBuildPhase section */
		B292F2711C2763C200DF0FC0 /* Resources */ = {
			isa = PBXResourcesBuildPhase;
			buildActionMask = 2147483647;
			files = (
				B292F2811C2763C200DF0FC0 /* LaunchScreen.storyboard in Resources */,
				B292F27E1C2763C200DF0FC0 /* Assets.xcassets in Resources */,
			);
			runOnlyForDeploymentPostprocessing = 0;
		};
/* End PBXResourcesBuildPhase section */

/* Begin PBXSourcesBuildPhase section */
		B292F26F1C2763C200DF0FC0 /* Sources */ = {
			isa = PBXSourcesBuildPhase;
			buildActionMask = 2147483647;
			files = (
				B29E48011C43971E00736315 /* NSDate+MNAdditions.m in Sources */,
				B29E47FB1C43971E00736315 /* MNCalendarView.m in Sources */,
				B292F30C1C2C87CB00DF0FC0 /* CalendarEventViewController.swift in Sources */,
				B29E47E31C430AEF00736315 /* RemoteImageView.swift in Sources */,
				B292F2911C2768AF00DF0FC0 /* GradesViewController.swift in Sources */,
				B29E482C1C43973400736315 /* SwifterClientProtocol.swift in Sources */,
				B292F2891C27658800DF0FC0 /* DataSource.swift in Sources */,
				B292F2931C2768C000DF0FC0 /* SocialViewController.swift in Sources */,
				B29E47FD1C43971E00736315 /* MNCalendarViewDayCell.m in Sources */,
				B29E48241C43973400736315 /* JSON.swift in Sources */,
				B292F3081C2C84BA00DF0FC0 /* CalendarSearchViewController.swift in Sources */,
				B29E48311C43973400736315 /* SwifterHTTPRequest.swift in Sources */,
				B29E47FC1C43971E00736315 /* MNCalendarViewCell.m in Sources */,
				B292F2A11C2872B200DF0FC0 /* EventCalendar.swift in Sources */,
				B21AA1491C35E2700041DCD5 /* AppConfiguration.swift in Sources */,
				B292F30A1C2C870D00DF0FC0 /* CalendarDayViewController.swift in Sources */,
				B292F29B1C27783A00DF0FC0 /* DocumentViewController.swift in Sources */,
				B292F29F1C2792EB00DF0FC0 /* FetchedViewController.swift in Sources */,
				B29E48341C43973400736315 /* SwifterOAuthClient.swift in Sources */,
				B292F3051C2A198600DF0FC0 /* UIAppearance+Swift.m in Sources */,
				B29E48261C43973400736315 /* NSURL+Swifter.swift in Sources */,
				B292F2771C2763C200DF0FC0 /* AppDelegate.swift in Sources */,
				B21AA14B1C38CFDE0041DCD5 /* DirectoryViewController.swift in Sources */,
				B29E47FA1C43971E00736315 /* MNCalendarHeaderView.m in Sources */,
				B29E482D1C43973400736315 /* SwifterCredential.swift in Sources */,
				B292F2991C276EB400DF0FC0 /* Models.swift in Sources */,
				B29E482B1C43973400736315 /* SwifterAuth.swift in Sources */,
				B29E48221C43973400736315 /* Dictionary+Swifter.swift in Sources */,
				B29E482A1C43973400736315 /* SwifterAppOnlyClient.swift in Sources */,
				B292F29D1C27787700DF0FC0 /* WebViewController.swift in Sources */,
				B29E48271C43973400736315 /* String+Swifter.swift in Sources */,
				B29E48001C43971E00736315 /* MNFastDateEnumeration.m in Sources */,
				B29E48411C43977600736315 /* SWXMLHash.swift in Sources */,
				B29E48281C43973400736315 /* Swifter.swift in Sources */,
				B292F2971C2768EB00DF0FC0 /* ContactViewController.swift in Sources */,
				B292F28D1C27686A00DF0FC0 /* NewsViewController.swift in Sources */,
				B292F28F1C27688F00DF0FC0 /* CalendarViewController.swift in Sources */,
				B29E48291C43973400736315 /* SwifterAccountsClient.swift in Sources */,
				B292F2951C2768E100DF0FC0 /* SchedulesViewController.swift in Sources */,
				B29E47FF1C43971E00736315 /* MNCalendarViewWeekdayCell.m in Sources */,
				B29E47E71C43971300736315 /* MHPrettyDate.m in Sources */,
				B29E483B1C43973400736315 /* SwifterTimelines.swift in Sources */,
				B29E47FE1C43971E00736315 /* MNCalendarViewLayout.m in Sources */,
			);
			runOnlyForDeploymentPostprocessing = 0;
		};
/* End PBXSourcesBuildPhase section */

/* Begin PBXVariantGroup section */
		B292F27F1C2763C200DF0FC0 /* LaunchScreen.storyboard */ = {
			isa = PBXVariantGroup;
			children = (
				B292F2801C2763C200DF0FC0 /* Base */,
			);
			name = LaunchScreen.storyboard;
			sourceTree = "<group>";
		};
/* End PBXVariantGroup section */

/* Begin XCBuildConfiguration section */
		B292F2831C2763C200DF0FC0 /* Debug */ = {
			isa = XCBuildConfiguration;
			buildSettings = {
				ALWAYS_SEARCH_USER_PATHS = NO;
				CLANG_CXX_LANGUAGE_STANDARD = "gnu++0x";
				CLANG_CXX_LIBRARY = "libc++";
				CLANG_ENABLE_MODULES = YES;
				CLANG_ENABLE_OBJC_ARC = YES;
				CLANG_WARN_BOOL_CONVERSION = YES;
				CLANG_WARN_CONSTANT_CONVERSION = YES;
				CLANG_WARN_DIRECT_OBJC_ISA_USAGE = YES_ERROR;
				CLANG_WARN_EMPTY_BODY = YES;
				CLANG_WARN_ENUM_CONVERSION = YES;
				CLANG_WARN_INT_CONVERSION = YES;
				CLANG_WARN_OBJC_ROOT_CLASS = YES_ERROR;
				CLANG_WARN_UNREACHABLE_CODE = YES;
				CLANG_WARN__DUPLICATE_METHOD_MATCH = YES;
				"CODE_SIGN_IDENTITY[sdk=iphoneos*]" = "iPhone Developer";
				COPY_PHASE_STRIP = NO;
				DEBUG_INFORMATION_FORMAT = dwarf;
				ENABLE_STRICT_OBJC_MSGSEND = YES;
				ENABLE_TESTABILITY = YES;
				GCC_C_LANGUAGE_STANDARD = gnu99;
				GCC_DYNAMIC_NO_PIC = NO;
				GCC_NO_COMMON_BLOCKS = YES;
				GCC_OPTIMIZATION_LEVEL = 0;
				GCC_PREPROCESSOR_DEFINITIONS = (
					"DEBUG=1",
					"$(inherited)",
				);
				GCC_WARN_64_TO_32_BIT_CONVERSION = YES;
				GCC_WARN_ABOUT_RETURN_TYPE = YES_ERROR;
				GCC_WARN_UNDECLARED_SELECTOR = YES;
				GCC_WARN_UNINITIALIZED_AUTOS = YES_AGGRESSIVE;
				GCC_WARN_UNUSED_FUNCTION = YES;
				GCC_WARN_UNUSED_VARIABLE = YES;
				IPHONEOS_DEPLOYMENT_TARGET = 8.0;
				MTL_ENABLE_DEBUG_INFO = YES;
				ONLY_ACTIVE_ARCH = YES;
				SDKROOT = iphoneos;
				SWIFT_OPTIMIZATION_LEVEL = "-Onone";
				TARGETED_DEVICE_FAMILY = "1,2";
			};
			name = Debug;
		};
		B292F2841C2763C200DF0FC0 /* Release */ = {
			isa = XCBuildConfiguration;
			buildSettings = {
				ALWAYS_SEARCH_USER_PATHS = NO;
				CLANG_CXX_LANGUAGE_STANDARD = "gnu++0x";
				CLANG_CXX_LIBRARY = "libc++";
				CLANG_ENABLE_MODULES = YES;
				CLANG_ENABLE_OBJC_ARC = YES;
				CLANG_WARN_BOOL_CONVERSION = YES;
				CLANG_WARN_CONSTANT_CONVERSION = YES;
				CLANG_WARN_DIRECT_OBJC_ISA_USAGE = YES_ERROR;
				CLANG_WARN_EMPTY_BODY = YES;
				CLANG_WARN_ENUM_CONVERSION = YES;
				CLANG_WARN_INT_CONVERSION = YES;
				CLANG_WARN_OBJC_ROOT_CLASS = YES_ERROR;
				CLANG_WARN_UNREACHABLE_CODE = YES;
				CLANG_WARN__DUPLICATE_METHOD_MATCH = YES;
				"CODE_SIGN_IDENTITY[sdk=iphoneos*]" = "iPhone Developer";
				COPY_PHASE_STRIP = NO;
				DEBUG_INFORMATION_FORMAT = "dwarf-with-dsym";
				ENABLE_NS_ASSERTIONS = NO;
				ENABLE_STRICT_OBJC_MSGSEND = YES;
				GCC_C_LANGUAGE_STANDARD = gnu99;
				GCC_NO_COMMON_BLOCKS = YES;
				GCC_WARN_64_TO_32_BIT_CONVERSION = YES;
				GCC_WARN_ABOUT_RETURN_TYPE = YES_ERROR;
				GCC_WARN_UNDECLARED_SELECTOR = YES;
				GCC_WARN_UNINITIALIZED_AUTOS = YES_AGGRESSIVE;
				GCC_WARN_UNUSED_FUNCTION = YES;
				GCC_WARN_UNUSED_VARIABLE = YES;
				IPHONEOS_DEPLOYMENT_TARGET = 8.0;
				MTL_ENABLE_DEBUG_INFO = NO;
				SDKROOT = iphoneos;
				TARGETED_DEVICE_FAMILY = "1,2";
				VALIDATE_PRODUCT = YES;
			};
			name = Release;
		};
		B292F2861C2763C200DF0FC0 /* Debug */ = {
			isa = XCBuildConfiguration;
			buildSettings = {
				ASSETCATALOG_COMPILER_APPICON_NAME = AppIcon;
				INFOPLIST_FILE = "Newman Knights/Info.plist";
				IPHONEOS_DEPLOYMENT_TARGET = 8.0;
				LD_RUNPATH_SEARCH_PATHS = "$(inherited) @executable_path/Frameworks";
				PRODUCT_BUNDLE_IDENTIFIER = org.newmancatholic.knightsapp;
				PRODUCT_NAME = "$(TARGET_NAME)";
				SWIFT_OBJC_BRIDGING_HEADER = "Newman Knights/Newman Knights-Bridging-Header.h";
			};
			name = Debug;
		};
		B292F2871C2763C200DF0FC0 /* Release */ = {
			isa = XCBuildConfiguration;
			buildSettings = {
				ASSETCATALOG_COMPILER_APPICON_NAME = AppIcon;
				INFOPLIST_FILE = "Newman Knights/Info.plist";
				IPHONEOS_DEPLOYMENT_TARGET = 8.0;
				LD_RUNPATH_SEARCH_PATHS = "$(inherited) @executable_path/Frameworks";
				PRODUCT_BUNDLE_IDENTIFIER = org.newmancatholic.knightsapp;
				PRODUCT_NAME = "$(TARGET_NAME)";
				SWIFT_OBJC_BRIDGING_HEADER = "Newman Knights/Newman Knights-Bridging-Header.h";
			};
			name = Release;
		};
/* End XCBuildConfiguration section */

/* Begin XCConfigurationList section */
		B292F26E1C2763C200DF0FC0 /* Build configuration list for PBXProject "Newman Knights" */ = {
			isa = XCConfigurationList;
			buildConfigurations = (
				B292F2831C2763C200DF0FC0 /* Debug */,
				B292F2841C2763C200DF0FC0 /* Release */,
			);
			defaultConfigurationIsVisible = 0;
			defaultConfigurationName = Release;
		};
		B292F2851C2763C200DF0FC0 /* Build configuration list for PBXNativeTarget "Newman Knights" */ = {
			isa = XCConfigurationList;
			buildConfigurations = (
				B292F2861C2763C200DF0FC0 /* Debug */,
				B292F2871C2763C200DF0FC0 /* Release */,
			);
			defaultConfigurationIsVisible = 0;
			defaultConfigurationName = Release;
		};
/* End XCConfigurationList section */
	};
	rootObject = B292F26B1C2763C200DF0FC0 /* Project object */;
}
