// !$*UTF8*$!
{
	archiveVersion = 1;
	classes = {
	};
	objectVersion = 46;
	objects = {

/* Begin PBXBuildFile section */
		B21AA1491C35E2700041DCD5 /* AppConfiguration.swift in Sources */ = {isa = PBXBuildFile; fileRef = B21AA1481C35E2700041DCD5 /* AppConfiguration.swift */; };
		B21AA14B1C38CFDE0041DCD5 /* DirectoryViewController.swift in Sources */ = {isa = PBXBuildFile; fileRef = B21AA14A1C38CFDE0041DCD5 /* DirectoryViewController.swift */; };
		B292F2771C2763C200DF0FC0 /* AppDelegate.swift in Sources */ = {isa = PBXBuildFile; fileRef = B292F2761C2763C200DF0FC0 /* AppDelegate.swift */; };
		B292F27E1C2763C200DF0FC0 /* Assets.xcassets in Resources */ = {isa = PBXBuildFile; fileRef = B292F27D1C2763C200DF0FC0 /* Assets.xcassets */; };
		B292F2811C2763C200DF0FC0 /* LaunchScreen.storyboard in Resources */ = {isa = PBXBuildFile; fileRef = B292F27F1C2763C200DF0FC0 /* LaunchScreen.storyboard */; };
		B292F2891C27658800DF0FC0 /* DataSource.swift in Sources */ = {isa = PBXBuildFile; fileRef = B292F2881C27658800DF0FC0 /* DataSource.swift */; };
		B292F28D1C27686A00DF0FC0 /* NewsViewController.swift in Sources */ = {isa = PBXBuildFile; fileRef = B292F28C1C27686A00DF0FC0 /* NewsViewController.swift */; };
		B292F28F1C27688F00DF0FC0 /* CalendarViewController.swift in Sources */ = {isa = PBXBuildFile; fileRef = B292F28E1C27688F00DF0FC0 /* CalendarViewController.swift */; };
		B292F2911C2768AF00DF0FC0 /* GradesViewController.swift in Sources */ = {isa = PBXBuildFile; fileRef = B292F2901C2768AF00DF0FC0 /* GradesViewController.swift */; };
		B292F2931C2768C000DF0FC0 /* SocialViewController.swift in Sources */ = {isa = PBXBuildFile; fileRef = B292F2921C2768C000DF0FC0 /* SocialViewController.swift */; };
		B292F2951C2768E100DF0FC0 /* SchedulesViewController.swift in Sources */ = {isa = PBXBuildFile; fileRef = B292F2941C2768E100DF0FC0 /* SchedulesViewController.swift */; };
		B292F2971C2768EB00DF0FC0 /* ContactViewController.swift in Sources */ = {isa = PBXBuildFile; fileRef = B292F2961C2768EB00DF0FC0 /* ContactViewController.swift */; };
		B292F2991C276EB400DF0FC0 /* Models.swift in Sources */ = {isa = PBXBuildFile; fileRef = B292F2981C276EB400DF0FC0 /* Models.swift */; };
		B292F29B1C27783A00DF0FC0 /* DocumentViewController.swift in Sources */ = {isa = PBXBuildFile; fileRef = B292F29A1C27783A00DF0FC0 /* DocumentViewController.swift */; };
		B292F29D1C27787700DF0FC0 /* WebViewController.swift in Sources */ = {isa = PBXBuildFile; fileRef = B292F29C1C27787700DF0FC0 /* WebViewController.swift */; };
		B292F29F1C2792EB00DF0FC0 /* FetchedViewController.swift in Sources */ = {isa = PBXBuildFile; fileRef = B292F29E1C2792EB00DF0FC0 /* FetchedViewController.swift */; };
		B292F2A11C2872B200DF0FC0 /* EventCalendar.swift in Sources */ = {isa = PBXBuildFile; fileRef = B292F2A01C2872B200DF0FC0 /* EventCalendar.swift */; };
		B292F3051C2A198600DF0FC0 /* UIAppearance+Swift.m in Sources */ = {isa = PBXBuildFile; fileRef = B292F3041C2A198600DF0FC0 /* UIAppearance+Swift.m */; };
		B292F3081C2C84BA00DF0FC0 /* CalendarSearchViewController.swift in Sources */ = {isa = PBXBuildFile; fileRef = B292F3071C2C84BA00DF0FC0 /* CalendarSearchViewController.swift */; };
		B292F30A1C2C870D00DF0FC0 /* CalendarDayViewController.swift in Sources */ = {isa = PBXBuildFile; fileRef = B292F3091C2C870D00DF0FC0 /* CalendarDayViewController.swift */; };
		B292F30C1C2C87CB00DF0FC0 /* CalendarEventViewController.swift in Sources */ = {isa = PBXBuildFile; fileRef = B292F30B1C2C87CB00DF0FC0 /* CalendarEventViewController.swift */; };
		B29E47E31C430AEF00736315 /* RemoteImageView.swift in Sources */ = {isa = PBXBuildFile; fileRef = B29E47E21C430AEF00736315 /* RemoteImageView.swift */; };
		B29E47E71C43971300736315 /* MHPrettyDate.m in Sources */ = {isa = PBXBuildFile; fileRef = B29E47E61C43971300736315 /* MHPrettyDate.m */; };
		B29E47FA1C43971E00736315 /* MNCalendarHeaderView.m in Sources */ = {isa = PBXBuildFile; fileRef = B29E47EA1C43971E00736315 /* MNCalendarHeaderView.m */; };
		B29E47FB1C43971E00736315 /* MNCalendarView.m in Sources */ = {isa = PBXBuildFile; fileRef = B29E47ED1C43971E00736315 /* MNCalendarView.m */; };
		B29E47FC1C43971E00736315 /* MNCalendarViewCell.m in Sources */ = {isa = PBXBuildFile; fileRef = B29E47EF1C43971E00736315 /* MNCalendarViewCell.m */; };
		B29E47FD1C43971E00736315 /* MNCalendarViewDayCell.m in Sources */ = {isa = PBXBuildFile; fileRef = B29E47F11C43971E00736315 /* MNCalendarViewDayCell.m */; };
		B29E47FE1C43971E00736315 /* MNCalendarViewLayout.m in Sources */ = {isa = PBXBuildFile; fileRef = B29E47F31C43971E00736315 /* MNCalendarViewLayout.m */; };
		B29E47FF1C43971E00736315 /* MNCalendarViewWeekdayCell.m in Sources */ = {isa = PBXBuildFile; fileRef = B29E47F51C43971E00736315 /* MNCalendarViewWeekdayCell.m */; };
		B29E48001C43971E00736315 /* MNFastDateEnumeration.m in Sources */ = {isa = PBXBuildFile; fileRef = B29E47F71C43971E00736315 /* MNFastDateEnumeration.m */; };
		B29E48011C43971E00736315 /* NSDate+MNAdditions.m in Sources */ = {isa = PBXBuildFile; fileRef = B29E47F91C43971E00736315 /* NSDate+MNAdditions.m */; };
		B29E48411C43977600736315 /* SWXMLHash.swift in Sources */ = {isa = PBXBuildFile; fileRef = B29E48401C43977600736315 /* SWXMLHash.swift */; };
		B2D041C52002D2B70071907C /* SWXMLHash+TypeConversion.swift in Sources */ = {isa = PBXBuildFile; fileRef = B2D041C42002D2B70071907C /* SWXMLHash+TypeConversion.swift */; };
		B2F5A3A02002DC8600E69746 /* JSON.swift in Sources */ = {isa = PBXBuildFile; fileRef = B2F5A37B2002DC8400E69746 /* JSON.swift */; };
		B2F5A3A12002DC8600E69746 /* SwifterUsers.swift in Sources */ = {isa = PBXBuildFile; fileRef = B2F5A37C2002DC8400E69746 /* SwifterUsers.swift */; };
		B2F5A3A22002DC8600E69746 /* Data++.swift in Sources */ = {isa = PBXBuildFile; fileRef = B2F5A37D2002DC8400E69746 /* Data++.swift */; };
		B2F5A3A32002DC8600E69746 /* Dictionary++.swift in Sources */ = {isa = PBXBuildFile; fileRef = B2F5A37E2002DC8400E69746 /* Dictionary++.swift */; };
		B2F5A3A42002DC8600E69746 /* HMAC.swift in Sources */ = {isa = PBXBuildFile; fileRef = B2F5A37F2002DC8400E69746 /* HMAC.swift */; };
		B2F5A3A52002DC8600E69746 /* String++.swift in Sources */ = {isa = PBXBuildFile; fileRef = B2F5A3802002DC8400E69746 /* String++.swift */; };
		B2F5A3A62002DC8600E69746 /* Operator++.swift in Sources */ = {isa = PBXBuildFile; fileRef = B2F5A3812002DC8400E69746 /* Operator++.swift */; };
		B2F5A3A72002DC8600E69746 /* SwifterFavorites.swift in Sources */ = {isa = PBXBuildFile; fileRef = B2F5A3822002DC8400E69746 /* SwifterFavorites.swift */; };
		B2F5A3A82002DC8600E69746 /* SwifterGIF.swift in Sources */ = {isa = PBXBuildFile; fileRef = B2F5A3832002DC8400E69746 /* SwifterGIF.swift */; };
		B2F5A3A92002DC8600E69746 /* SwifterMessages.swift in Sources */ = {isa = PBXBuildFile; fileRef = B2F5A3842002DC8400E69746 /* SwifterMessages.swift */; };
		B2F5A3AA2002DC8600E69746 /* SwifterSpam.swift in Sources */ = {isa = PBXBuildFile; fileRef = B2F5A3852002DC8400E69746 /* SwifterSpam.swift */; };
		B2F5A3AB2002DC8600E69746 /* SwifterOAuthClient.swift in Sources */ = {isa = PBXBuildFile; fileRef = B2F5A3862002DC8400E69746 /* SwifterOAuthClient.swift */; };
		B2F5A3AC2002DC8600E69746 /* SwifterTag.swift in Sources */ = {isa = PBXBuildFile; fileRef = B2F5A3872002DC8400E69746 /* SwifterTag.swift */; };
		B2F5A3AD2002DC8600E69746 /* SwifterFollowers.swift in Sources */ = {isa = PBXBuildFile; fileRef = B2F5A3882002DC8400E69746 /* SwifterFollowers.swift */; };
		B2F5A3AE2002DC8600E69746 /* SwifterSearch.swift in Sources */ = {isa = PBXBuildFile; fileRef = B2F5A3892002DC8400E69746 /* SwifterSearch.swift */; };
		B2F5A3AF2002DC8600E69746 /* SwifterLists.swift in Sources */ = {isa = PBXBuildFile; fileRef = B2F5A38A2002DC8400E69746 /* SwifterLists.swift */; };
		B2F5A3B02002DC8600E69746 /* SwifterTimelines.swift in Sources */ = {isa = PBXBuildFile; fileRef = B2F5A38B2002DC8400E69746 /* SwifterTimelines.swift */; };
		B2F5A3B12002DC8600E69746 /* SwifterPlaces.swift in Sources */ = {isa = PBXBuildFile; fileRef = B2F5A38C2002DC8400E69746 /* SwifterPlaces.swift */; };
		B2F5A3B22002DC8600E69746 /* URL++.swift in Sources */ = {isa = PBXBuildFile; fileRef = B2F5A38D2002DC8400E69746 /* URL++.swift */; };
		B2F5A3B32002DC8600E69746 /* SwifterAccountsClient.swift in Sources */ = {isa = PBXBuildFile; fileRef = B2F5A38E2002DC8400E69746 /* SwifterAccountsClient.swift */; };
		B2F5A3B42002DC8600E69746 /* SwifterSavedSearches.swift in Sources */ = {isa = PBXBuildFile; fileRef = B2F5A38F2002DC8400E69746 /* SwifterSavedSearches.swift */; };
		B2F5A3B52002DC8600E69746 /* Utils.swift in Sources */ = {isa = PBXBuildFile; fileRef = B2F5A3902002DC8400E69746 /* Utils.swift */; };
		B2F5A3B62002DC8600E69746 /* SwifterAppOnlyClient.swift in Sources */ = {isa = PBXBuildFile; fileRef = B2F5A3912002DC8400E69746 /* SwifterAppOnlyClient.swift */; };
		B2F5A3B72002DC8600E69746 /* SwifterClientProtocol.swift in Sources */ = {isa = PBXBuildFile; fileRef = B2F5A3922002DC8400E69746 /* SwifterClientProtocol.swift */; };
		B2F5A3B82002DC8600E69746 /* SwifterError.swift in Sources */ = {isa = PBXBuildFile; fileRef = B2F5A3932002DC8400E69746 /* SwifterError.swift */; };
		B2F5A3B92002DC8600E69746 /* SHA1.swift in Sources */ = {isa = PBXBuildFile; fileRef = B2F5A3942002DC8500E69746 /* SHA1.swift */; };
		B2F5A3BA2002DC8600E69746 /* SwifterSuggested.swift in Sources */ = {isa = PBXBuildFile; fileRef = B2F5A3952002DC8500E69746 /* SwifterSuggested.swift */; };
		B2F5A3BB2002DC8600E69746 /* SwifterCredential.swift in Sources */ = {isa = PBXBuildFile; fileRef = B2F5A3962002DC8500E69746 /* SwifterCredential.swift */; };
		B2F5A3BC2002DC8600E69746 /* SwifterAuth.swift in Sources */ = {isa = PBXBuildFile; fileRef = B2F5A3972002DC8500E69746 /* SwifterAuth.swift */; };
		B2F5A3BD2002DC8600E69746 /* Scanner++.swift in Sources */ = {isa = PBXBuildFile; fileRef = B2F5A3982002DC8500E69746 /* Scanner++.swift */; };
		B2F5A3BE2002DC8600E69746 /* Int++.swift in Sources */ = {isa = PBXBuildFile; fileRef = B2F5A3992002DC8500E69746 /* Int++.swift */; };
		B2F5A3BF2002DC8600E69746 /* Swifter.swift in Sources */ = {isa = PBXBuildFile; fileRef = B2F5A39A2002DC8500E69746 /* Swifter.swift */; };
		B2F5A3C02002DC8600E69746 /* SwifterHTTPRequest.swift in Sources */ = {isa = PBXBuildFile; fileRef = B2F5A39B2002DC8500E69746 /* SwifterHTTPRequest.swift */; };
		B2F5A3C12002DC8600E69746 /* SwifterStreaming.swift in Sources */ = {isa = PBXBuildFile; fileRef = B2F5A39C2002DC8600E69746 /* SwifterStreaming.swift */; };
		B2F5A3C22002DC8600E69746 /* SwifterHelp.swift in Sources */ = {isa = PBXBuildFile; fileRef = B2F5A39D2002DC8600E69746 /* SwifterHelp.swift */; };
		B2F5A3C32002DC8600E69746 /* SwifterTweets.swift in Sources */ = {isa = PBXBuildFile; fileRef = B2F5A39E2002DC8600E69746 /* SwifterTweets.swift */; };
		B2F5A3C42002DC8600E69746 /* SwifterTrends.swift in Sources */ = {isa = PBXBuildFile; fileRef = B2F5A39F2002DC8600E69746 /* SwifterTrends.swift */; };
/* End PBXBuildFile section */

/* Begin PBXFileReference section */
		B21AA1481C35E2700041DCD5 /* AppConfiguration.swift */ = {isa = PBXFileReference; fileEncoding = 4; lastKnownFileType = sourcecode.swift; path = AppConfiguration.swift; sourceTree = "<group>"; };
		B21AA14A1C38CFDE0041DCD5 /* DirectoryViewController.swift */ = {isa = PBXFileReference; fileEncoding = 4; lastKnownFileType = sourcecode.swift; path = DirectoryViewController.swift; sourceTree = "<group>"; };
		B292F2731C2763C200DF0FC0 /* Newman Knights.app */ = {isa = PBXFileReference; explicitFileType = wrapper.application; includeInIndex = 0; path = "Newman Knights.app"; sourceTree = BUILT_PRODUCTS_DIR; };
		B292F2761C2763C200DF0FC0 /* AppDelegate.swift */ = {isa = PBXFileReference; lastKnownFileType = sourcecode.swift; path = AppDelegate.swift; sourceTree = "<group>"; };
		B292F27D1C2763C200DF0FC0 /* Assets.xcassets */ = {isa = PBXFileReference; lastKnownFileType = folder.assetcatalog; path = Assets.xcassets; sourceTree = "<group>"; };
		B292F2801C2763C200DF0FC0 /* Base */ = {isa = PBXFileReference; lastKnownFileType = file.storyboard; name = Base; path = Base.lproj/LaunchScreen.storyboard; sourceTree = "<group>"; };
		B292F2821C2763C200DF0FC0 /* Info.plist */ = {isa = PBXFileReference; lastKnownFileType = text.plist.xml; path = Info.plist; sourceTree = "<group>"; };
		B292F2881C27658800DF0FC0 /* DataSource.swift */ = {isa = PBXFileReference; fileEncoding = 4; lastKnownFileType = sourcecode.swift; path = DataSource.swift; sourceTree = "<group>"; };
		B292F28C1C27686A00DF0FC0 /* NewsViewController.swift */ = {isa = PBXFileReference; fileEncoding = 4; lastKnownFileType = sourcecode.swift; path = NewsViewController.swift; sourceTree = "<group>"; };
		B292F28E1C27688F00DF0FC0 /* CalendarViewController.swift */ = {isa = PBXFileReference; fileEncoding = 4; lastKnownFileType = sourcecode.swift; path = CalendarViewController.swift; sourceTree = "<group>"; };
		B292F2901C2768AF00DF0FC0 /* GradesViewController.swift */ = {isa = PBXFileReference; fileEncoding = 4; lastKnownFileType = sourcecode.swift; path = GradesViewController.swift; sourceTree = "<group>"; };
		B292F2921C2768C000DF0FC0 /* SocialViewController.swift */ = {isa = PBXFileReference; fileEncoding = 4; lastKnownFileType = sourcecode.swift; path = SocialViewController.swift; sourceTree = "<group>"; };
		B292F2941C2768E100DF0FC0 /* SchedulesViewController.swift */ = {isa = PBXFileReference; fileEncoding = 4; lastKnownFileType = sourcecode.swift; path = SchedulesViewController.swift; sourceTree = "<group>"; };
		B292F2961C2768EB00DF0FC0 /* ContactViewController.swift */ = {isa = PBXFileReference; fileEncoding = 4; lastKnownFileType = sourcecode.swift; path = ContactViewController.swift; sourceTree = "<group>"; };
		B292F2981C276EB400DF0FC0 /* Models.swift */ = {isa = PBXFileReference; fileEncoding = 4; lastKnownFileType = sourcecode.swift; path = Models.swift; sourceTree = "<group>"; };
		B292F29A1C27783A00DF0FC0 /* DocumentViewController.swift */ = {isa = PBXFileReference; fileEncoding = 4; lastKnownFileType = sourcecode.swift; path = DocumentViewController.swift; sourceTree = "<group>"; };
		B292F29C1C27787700DF0FC0 /* WebViewController.swift */ = {isa = PBXFileReference; fileEncoding = 4; lastKnownFileType = sourcecode.swift; path = WebViewController.swift; sourceTree = "<group>"; };
		B292F29E1C2792EB00DF0FC0 /* FetchedViewController.swift */ = {isa = PBXFileReference; fileEncoding = 4; lastKnownFileType = sourcecode.swift; path = FetchedViewController.swift; sourceTree = "<group>"; };
		B292F2A01C2872B200DF0FC0 /* EventCalendar.swift */ = {isa = PBXFileReference; fileEncoding = 4; lastKnownFileType = sourcecode.swift; path = EventCalendar.swift; sourceTree = "<group>"; };
		B292F2A71C28942600DF0FC0 /* Newman Knights-Bridging-Header.h */ = {isa = PBXFileReference; fileEncoding = 4; lastKnownFileType = sourcecode.c.h; path = "Newman Knights-Bridging-Header.h"; sourceTree = "<group>"; };
		B292F3031C2A198600DF0FC0 /* UIAppearance+Swift.h */ = {isa = PBXFileReference; fileEncoding = 4; lastKnownFileType = sourcecode.c.h; path = "UIAppearance+Swift.h"; sourceTree = "<group>"; };
		B292F3041C2A198600DF0FC0 /* UIAppearance+Swift.m */ = {isa = PBXFileReference; fileEncoding = 4; lastKnownFileType = sourcecode.c.objc; path = "UIAppearance+Swift.m"; sourceTree = "<group>"; };
		B292F3071C2C84BA00DF0FC0 /* CalendarSearchViewController.swift */ = {isa = PBXFileReference; fileEncoding = 4; lastKnownFileType = sourcecode.swift; path = CalendarSearchViewController.swift; sourceTree = "<group>"; };
		B292F3091C2C870D00DF0FC0 /* CalendarDayViewController.swift */ = {isa = PBXFileReference; fileEncoding = 4; lastKnownFileType = sourcecode.swift; path = CalendarDayViewController.swift; sourceTree = "<group>"; };
		B292F30B1C2C87CB00DF0FC0 /* CalendarEventViewController.swift */ = {isa = PBXFileReference; fileEncoding = 4; lastKnownFileType = sourcecode.swift; path = CalendarEventViewController.swift; sourceTree = "<group>"; };
		B29E47E21C430AEF00736315 /* RemoteImageView.swift */ = {isa = PBXFileReference; fileEncoding = 4; lastKnownFileType = sourcecode.swift; path = RemoteImageView.swift; sourceTree = "<group>"; };
		B29E47E51C43971300736315 /* MHPrettyDate.h */ = {isa = PBXFileReference; fileEncoding = 4; lastKnownFileType = sourcecode.c.h; name = MHPrettyDate.h; path = MHPrettyDate/MHPrettyDate.h; sourceTree = "<group>"; };
		B29E47E61C43971300736315 /* MHPrettyDate.m */ = {isa = PBXFileReference; fileEncoding = 4; lastKnownFileType = sourcecode.c.objc; name = MHPrettyDate.m; path = MHPrettyDate/MHPrettyDate.m; sourceTree = "<group>"; };
		B29E47E91C43971E00736315 /* MNCalendarHeaderView.h */ = {isa = PBXFileReference; fileEncoding = 4; lastKnownFileType = sourcecode.c.h; name = MNCalendarHeaderView.h; path = MNCalendarView/MNCalendarHeaderView.h; sourceTree = "<group>"; };
		B29E47EA1C43971E00736315 /* MNCalendarHeaderView.m */ = {isa = PBXFileReference; fileEncoding = 4; lastKnownFileType = sourcecode.c.objc; name = MNCalendarHeaderView.m; path = MNCalendarView/MNCalendarHeaderView.m; sourceTree = "<group>"; };
		B29E47EC1C43971E00736315 /* MNCalendarView.h */ = {isa = PBXFileReference; fileEncoding = 4; lastKnownFileType = sourcecode.c.h; name = MNCalendarView.h; path = MNCalendarView/MNCalendarView.h; sourceTree = "<group>"; };
		B29E47ED1C43971E00736315 /* MNCalendarView.m */ = {isa = PBXFileReference; fileEncoding = 4; lastKnownFileType = sourcecode.c.objc; name = MNCalendarView.m; path = MNCalendarView/MNCalendarView.m; sourceTree = "<group>"; };
		B29E47EE1C43971E00736315 /* MNCalendarViewCell.h */ = {isa = PBXFileReference; fileEncoding = 4; lastKnownFileType = sourcecode.c.h; name = MNCalendarViewCell.h; path = MNCalendarView/MNCalendarViewCell.h; sourceTree = "<group>"; };
		B29E47EF1C43971E00736315 /* MNCalendarViewCell.m */ = {isa = PBXFileReference; fileEncoding = 4; lastKnownFileType = sourcecode.c.objc; name = MNCalendarViewCell.m; path = MNCalendarView/MNCalendarViewCell.m; sourceTree = "<group>"; };
		B29E47F01C43971E00736315 /* MNCalendarViewDayCell.h */ = {isa = PBXFileReference; fileEncoding = 4; lastKnownFileType = sourcecode.c.h; name = MNCalendarViewDayCell.h; path = MNCalendarView/MNCalendarViewDayCell.h; sourceTree = "<group>"; };
		B29E47F11C43971E00736315 /* MNCalendarViewDayCell.m */ = {isa = PBXFileReference; fileEncoding = 4; lastKnownFileType = sourcecode.c.objc; name = MNCalendarViewDayCell.m; path = MNCalendarView/MNCalendarViewDayCell.m; sourceTree = "<group>"; };
		B29E47F21C43971E00736315 /* MNCalendarViewLayout.h */ = {isa = PBXFileReference; fileEncoding = 4; lastKnownFileType = sourcecode.c.h; name = MNCalendarViewLayout.h; path = MNCalendarView/MNCalendarViewLayout.h; sourceTree = "<group>"; };
		B29E47F31C43971E00736315 /* MNCalendarViewLayout.m */ = {isa = PBXFileReference; fileEncoding = 4; lastKnownFileType = sourcecode.c.objc; name = MNCalendarViewLayout.m; path = MNCalendarView/MNCalendarViewLayout.m; sourceTree = "<group>"; };
		B29E47F41C43971E00736315 /* MNCalendarViewWeekdayCell.h */ = {isa = PBXFileReference; fileEncoding = 4; lastKnownFileType = sourcecode.c.h; name = MNCalendarViewWeekdayCell.h; path = MNCalendarView/MNCalendarViewWeekdayCell.h; sourceTree = "<group>"; };
		B29E47F51C43971E00736315 /* MNCalendarViewWeekdayCell.m */ = {isa = PBXFileReference; fileEncoding = 4; lastKnownFileType = sourcecode.c.objc; name = MNCalendarViewWeekdayCell.m; path = MNCalendarView/MNCalendarViewWeekdayCell.m; sourceTree = "<group>"; };
		B29E47F61C43971E00736315 /* MNFastDateEnumeration.h */ = {isa = PBXFileReference; fileEncoding = 4; lastKnownFileType = sourcecode.c.h; name = MNFastDateEnumeration.h; path = MNCalendarView/MNFastDateEnumeration.h; sourceTree = "<group>"; };
		B29E47F71C43971E00736315 /* MNFastDateEnumeration.m */ = {isa = PBXFileReference; fileEncoding = 4; lastKnownFileType = sourcecode.c.objc; name = MNFastDateEnumeration.m; path = MNCalendarView/MNFastDateEnumeration.m; sourceTree = "<group>"; };
		B29E47F81C43971E00736315 /* NSDate+MNAdditions.h */ = {isa = PBXFileReference; fileEncoding = 4; lastKnownFileType = sourcecode.c.h; name = "NSDate+MNAdditions.h"; path = "MNCalendarView/NSDate+MNAdditions.h"; sourceTree = "<group>"; };
		B29E47F91C43971E00736315 /* NSDate+MNAdditions.m */ = {isa = PBXFileReference; fileEncoding = 4; lastKnownFileType = sourcecode.c.objc; name = "NSDate+MNAdditions.m"; path = "MNCalendarView/NSDate+MNAdditions.m"; sourceTree = "<group>"; };
		B29E48401C43977600736315 /* SWXMLHash.swift */ = {isa = PBXFileReference; fileEncoding = 4; lastKnownFileType = sourcecode.swift; name = SWXMLHash.swift; path = Source/SWXMLHash.swift; sourceTree = "<group>"; };
		B2D041C42002D2B70071907C /* SWXMLHash+TypeConversion.swift */ = {isa = PBXFileReference; fileEncoding = 4; lastKnownFileType = sourcecode.swift; name = "SWXMLHash+TypeConversion.swift"; path = "Source/SWXMLHash+TypeConversion.swift"; sourceTree = "<group>"; };
		B2F5A37B2002DC8400E69746 /* JSON.swift */ = {isa = PBXFileReference; fileEncoding = 4; lastKnownFileType = sourcecode.swift; name = JSON.swift; path = Sources/JSON.swift; sourceTree = "<group>"; };
		B2F5A37C2002DC8400E69746 /* SwifterUsers.swift */ = {isa = PBXFileReference; fileEncoding = 4; lastKnownFileType = sourcecode.swift; name = SwifterUsers.swift; path = Sources/SwifterUsers.swift; sourceTree = "<group>"; };
		B2F5A37D2002DC8400E69746 /* Data++.swift */ = {isa = PBXFileReference; fileEncoding = 4; lastKnownFileType = sourcecode.swift; name = "Data++.swift"; path = "Sources/Data++.swift"; sourceTree = "<group>"; };
		B2F5A37E2002DC8400E69746 /* Dictionary++.swift */ = {isa = PBXFileReference; fileEncoding = 4; lastKnownFileType = sourcecode.swift; name = "Dictionary++.swift"; path = "Sources/Dictionary++.swift"; sourceTree = "<group>"; };
		B2F5A37F2002DC8400E69746 /* HMAC.swift */ = {isa = PBXFileReference; fileEncoding = 4; lastKnownFileType = sourcecode.swift; name = HMAC.swift; path = Sources/HMAC.swift; sourceTree = "<group>"; };
		B2F5A3802002DC8400E69746 /* String++.swift */ = {isa = PBXFileReference; fileEncoding = 4; lastKnownFileType = sourcecode.swift; name = "String++.swift"; path = "Sources/String++.swift"; sourceTree = "<group>"; };
		B2F5A3812002DC8400E69746 /* Operator++.swift */ = {isa = PBXFileReference; fileEncoding = 4; lastKnownFileType = sourcecode.swift; name = "Operator++.swift"; path = "Sources/Operator++.swift"; sourceTree = "<group>"; };
		B2F5A3822002DC8400E69746 /* SwifterFavorites.swift */ = {isa = PBXFileReference; fileEncoding = 4; lastKnownFileType = sourcecode.swift; name = SwifterFavorites.swift; path = Sources/SwifterFavorites.swift; sourceTree = "<group>"; };
		B2F5A3832002DC8400E69746 /* SwifterGIF.swift */ = {isa = PBXFileReference; fileEncoding = 4; lastKnownFileType = sourcecode.swift; name = SwifterGIF.swift; path = Sources/SwifterGIF.swift; sourceTree = "<group>"; };
		B2F5A3842002DC8400E69746 /* SwifterMessages.swift */ = {isa = PBXFileReference; fileEncoding = 4; lastKnownFileType = sourcecode.swift; name = SwifterMessages.swift; path = Sources/SwifterMessages.swift; sourceTree = "<group>"; };
		B2F5A3852002DC8400E69746 /* SwifterSpam.swift */ = {isa = PBXFileReference; fileEncoding = 4; lastKnownFileType = sourcecode.swift; name = SwifterSpam.swift; path = Sources/SwifterSpam.swift; sourceTree = "<group>"; };
		B2F5A3862002DC8400E69746 /* SwifterOAuthClient.swift */ = {isa = PBXFileReference; fileEncoding = 4; lastKnownFileType = sourcecode.swift; name = SwifterOAuthClient.swift; path = Sources/SwifterOAuthClient.swift; sourceTree = "<group>"; };
		B2F5A3872002DC8400E69746 /* SwifterTag.swift */ = {isa = PBXFileReference; fileEncoding = 4; lastKnownFileType = sourcecode.swift; name = SwifterTag.swift; path = Sources/SwifterTag.swift; sourceTree = "<group>"; };
		B2F5A3882002DC8400E69746 /* SwifterFollowers.swift */ = {isa = PBXFileReference; fileEncoding = 4; lastKnownFileType = sourcecode.swift; name = SwifterFollowers.swift; path = Sources/SwifterFollowers.swift; sourceTree = "<group>"; };
		B2F5A3892002DC8400E69746 /* SwifterSearch.swift */ = {isa = PBXFileReference; fileEncoding = 4; lastKnownFileType = sourcecode.swift; name = SwifterSearch.swift; path = Sources/SwifterSearch.swift; sourceTree = "<group>"; };
		B2F5A38A2002DC8400E69746 /* SwifterLists.swift */ = {isa = PBXFileReference; fileEncoding = 4; lastKnownFileType = sourcecode.swift; name = SwifterLists.swift; path = Sources/SwifterLists.swift; sourceTree = "<group>"; };
		B2F5A38B2002DC8400E69746 /* SwifterTimelines.swift */ = {isa = PBXFileReference; fileEncoding = 4; lastKnownFileType = sourcecode.swift; name = SwifterTimelines.swift; path = Sources/SwifterTimelines.swift; sourceTree = "<group>"; };
		B2F5A38C2002DC8400E69746 /* SwifterPlaces.swift */ = {isa = PBXFileReference; fileEncoding = 4; lastKnownFileType = sourcecode.swift; name = SwifterPlaces.swift; path = Sources/SwifterPlaces.swift; sourceTree = "<group>"; };
		B2F5A38D2002DC8400E69746 /* URL++.swift */ = {isa = PBXFileReference; fileEncoding = 4; lastKnownFileType = sourcecode.swift; name = "URL++.swift"; path = "Sources/URL++.swift"; sourceTree = "<group>"; };
		B2F5A38E2002DC8400E69746 /* SwifterAccountsClient.swift */ = {isa = PBXFileReference; fileEncoding = 4; lastKnownFileType = sourcecode.swift; name = SwifterAccountsClient.swift; path = Sources/SwifterAccountsClient.swift; sourceTree = "<group>"; };
		B2F5A38F2002DC8400E69746 /* SwifterSavedSearches.swift */ = {isa = PBXFileReference; fileEncoding = 4; lastKnownFileType = sourcecode.swift; name = SwifterSavedSearches.swift; path = Sources/SwifterSavedSearches.swift; sourceTree = "<group>"; };
		B2F5A3902002DC8400E69746 /* Utils.swift */ = {isa = PBXFileReference; fileEncoding = 4; lastKnownFileType = sourcecode.swift; name = Utils.swift; path = Sources/Utils.swift; sourceTree = "<group>"; };
		B2F5A3912002DC8400E69746 /* SwifterAppOnlyClient.swift */ = {isa = PBXFileReference; fileEncoding = 4; lastKnownFileType = sourcecode.swift; name = SwifterAppOnlyClient.swift; path = Sources/SwifterAppOnlyClient.swift; sourceTree = "<group>"; };
		B2F5A3922002DC8400E69746 /* SwifterClientProtocol.swift */ = {isa = PBXFileReference; fileEncoding = 4; lastKnownFileType = sourcecode.swift; name = SwifterClientProtocol.swift; path = Sources/SwifterClientProtocol.swift; sourceTree = "<group>"; };
		B2F5A3932002DC8400E69746 /* SwifterError.swift */ = {isa = PBXFileReference; fileEncoding = 4; lastKnownFileType = sourcecode.swift; name = SwifterError.swift; path = Sources/SwifterError.swift; sourceTree = "<group>"; };
		B2F5A3942002DC8500E69746 /* SHA1.swift */ = {isa = PBXFileReference; fileEncoding = 4; lastKnownFileType = sourcecode.swift; name = SHA1.swift; path = Sources/SHA1.swift; sourceTree = "<group>"; };
		B2F5A3952002DC8500E69746 /* SwifterSuggested.swift */ = {isa = PBXFileReference; fileEncoding = 4; lastKnownFileType = sourcecode.swift; name = SwifterSuggested.swift; path = Sources/SwifterSuggested.swift; sourceTree = "<group>"; };
		B2F5A3962002DC8500E69746 /* SwifterCredential.swift */ = {isa = PBXFileReference; fileEncoding = 4; lastKnownFileType = sourcecode.swift; name = SwifterCredential.swift; path = Sources/SwifterCredential.swift; sourceTree = "<group>"; };
		B2F5A3972002DC8500E69746 /* SwifterAuth.swift */ = {isa = PBXFileReference; fileEncoding = 4; lastKnownFileType = sourcecode.swift; name = SwifterAuth.swift; path = Sources/SwifterAuth.swift; sourceTree = "<group>"; };
		B2F5A3982002DC8500E69746 /* Scanner++.swift */ = {isa = PBXFileReference; fileEncoding = 4; lastKnownFileType = sourcecode.swift; name = "Scanner++.swift"; path = "Sources/Scanner++.swift"; sourceTree = "<group>"; };
		B2F5A3992002DC8500E69746 /* Int++.swift */ = {isa = PBXFileReference; fileEncoding = 4; lastKnownFileType = sourcecode.swift; name = "Int++.swift"; path = "Sources/Int++.swift"; sourceTree = "<group>"; };
		B2F5A39A2002DC8500E69746 /* Swifter.swift */ = {isa = PBXFileReference; fileEncoding = 4; lastKnownFileType = sourcecode.swift; name = Swifter.swift; path = Sources/Swifter.swift; sourceTree = "<group>"; };
		B2F5A39B2002DC8500E69746 /* SwifterHTTPRequest.swift */ = {isa = PBXFileReference; fileEncoding = 4; lastKnownFileType = sourcecode.swift; name = SwifterHTTPRequest.swift; path = Sources/SwifterHTTPRequest.swift; sourceTree = "<group>"; };
		B2F5A39C2002DC8600E69746 /* SwifterStreaming.swift */ = {isa = PBXFileReference; fileEncoding = 4; lastKnownFileType = sourcecode.swift; name = SwifterStreaming.swift; path = Sources/SwifterStreaming.swift; sourceTree = "<group>"; };
		B2F5A39D2002DC8600E69746 /* SwifterHelp.swift */ = {isa = PBXFileReference; fileEncoding = 4; lastKnownFileType = sourcecode.swift; name = SwifterHelp.swift; path = Sources/SwifterHelp.swift; sourceTree = "<group>"; };
		B2F5A39E2002DC8600E69746 /* SwifterTweets.swift */ = {isa = PBXFileReference; fileEncoding = 4; lastKnownFileType = sourcecode.swift; name = SwifterTweets.swift; path = Sources/SwifterTweets.swift; sourceTree = "<group>"; };
		B2F5A39F2002DC8600E69746 /* SwifterTrends.swift */ = {isa = PBXFileReference; fileEncoding = 4; lastKnownFileType = sourcecode.swift; name = SwifterTrends.swift; path = Sources/SwifterTrends.swift; sourceTree = "<group>"; };
/* End PBXFileReference section */

/* Begin PBXFrameworksBuildPhase section */
		B292F2701C2763C200DF0FC0 /* Frameworks */ = {
			isa = PBXFrameworksBuildPhase;
			buildActionMask = 2147483647;
			files = (
			);
			runOnlyForDeploymentPostprocessing = 0;
		};
/* End PBXFrameworksBuildPhase section */

/* Begin PBXGroup section */
		B21AA1431C32208C0041DCD5 /* Model */ = {
			isa = PBXGroup;
			children = (
				B292F2881C27658800DF0FC0 /* DataSource.swift */,
				B292F2A01C2872B200DF0FC0 /* EventCalendar.swift */,
				B292F2981C276EB400DF0FC0 /* Models.swift */,
			);
			name = Model;
			sourceTree = "<group>";
		};
		B21AA1441C3220A00041DCD5 /* News */ = {
			isa = PBXGroup;
			children = (
				B292F28C1C27686A00DF0FC0 /* NewsViewController.swift */,
			);
			name = News;
			sourceTree = "<group>";
		};
		B21AA1471C3220BB0041DCD5 /* Common */ = {
			isa = PBXGroup;
			children = (
				B292F3031C2A198600DF0FC0 /* UIAppearance+Swift.h */,
				B292F3041C2A198600DF0FC0 /* UIAppearance+Swift.m */,
				B292F29E1C2792EB00DF0FC0 /* FetchedViewController.swift */,
				B292F29C1C27787700DF0FC0 /* WebViewController.swift */,
				B292F29A1C27783A00DF0FC0 /* DocumentViewController.swift */,
				B29E47E21C430AEF00736315 /* RemoteImageView.swift */,
			);
			name = Common;
			sourceTree = "<group>";
		};
		B292F26A1C2763C200DF0FC0 = {
			isa = PBXGroup;
			children = (
				B292F2751C2763C200DF0FC0 /* Newman Knights */,
				B292F2741C2763C200DF0FC0 /* Products */,
			);
			sourceTree = "<group>";
		};
		B292F2741C2763C200DF0FC0 /* Products */ = {
			isa = PBXGroup;
			children = (
				B292F2731C2763C200DF0FC0 /* Newman Knights.app */,
			);
			name = Products;
			sourceTree = "<group>";
		};
		B292F2751C2763C200DF0FC0 /* Newman Knights */ = {
			isa = PBXGroup;
			children = (
				B292F2761C2763C200DF0FC0 /* AppDelegate.swift */,
				B21AA1481C35E2700041DCD5 /* AppConfiguration.swift */,
				B21AA1431C32208C0041DCD5 /* Model */,
				B21AA1471C3220BB0041DCD5 /* Common */,
				B21AA1441C3220A00041DCD5 /* News */,
				B292F3061C2C84A300DF0FC0 /* Events */,
				B292F2901C2768AF00DF0FC0 /* GradesViewController.swift */,
				B292F2921C2768C000DF0FC0 /* SocialViewController.swift */,
				B292F2941C2768E100DF0FC0 /* SchedulesViewController.swift */,
				B292F2961C2768EB00DF0FC0 /* ContactViewController.swift */,
				B21AA14A1C38CFDE0041DCD5 /* DirectoryViewController.swift */,
				B292F2A71C28942600DF0FC0 /* Newman Knights-Bridging-Header.h */,
				B292F2A21C28938700DF0FC0 /* External */,
				B292F27D1C2763C200DF0FC0 /* Assets.xcassets */,
				B292F27F1C2763C200DF0FC0 /* LaunchScreen.storyboard */,
				B292F2821C2763C200DF0FC0 /* Info.plist */,
			);
			path = "Newman Knights";
			sourceTree = "<group>";
		};
		B292F2A21C28938700DF0FC0 /* External */ = {
			isa = PBXGroup;
			children = (
				B29E47E41C43970A00736315 /* MHPrettyDate */,
				B29E47E81C43971E00736315 /* MNCalendarView */,
				B29E48021C43973300736315 /* Swifter */,
				B29E483F1C43976A00736315 /* SWXMLHash */,
			);
			name = External;
			path = ../External;
			sourceTree = "<group>";
		};
		B292F3061C2C84A300DF0FC0 /* Events */ = {
			isa = PBXGroup;
			children = (
				B292F28E1C27688F00DF0FC0 /* CalendarViewController.swift */,
				B292F3091C2C870D00DF0FC0 /* CalendarDayViewController.swift */,
				B292F30B1C2C87CB00DF0FC0 /* CalendarEventViewController.swift */,
				B292F3071C2C84BA00DF0FC0 /* CalendarSearchViewController.swift */,
			);
			name = Events;
			sourceTree = "<group>";
		};
		B29E47E41C43970A00736315 /* MHPrettyDate */ = {
			isa = PBXGroup;
			children = (
				B29E47E51C43971300736315 /* MHPrettyDate.h */,
				B29E47E61C43971300736315 /* MHPrettyDate.m */,
			);
			path = MHPrettyDate;
			sourceTree = "<group>";
		};
		B29E47E81C43971E00736315 /* MNCalendarView */ = {
			isa = PBXGroup;
			children = (
				B29E47E91C43971E00736315 /* MNCalendarHeaderView.h */,
				B29E47EA1C43971E00736315 /* MNCalendarHeaderView.m */,
				B29E47EC1C43971E00736315 /* MNCalendarView.h */,
				B29E47ED1C43971E00736315 /* MNCalendarView.m */,
				B29E47EE1C43971E00736315 /* MNCalendarViewCell.h */,
				B29E47EF1C43971E00736315 /* MNCalendarViewCell.m */,
				B29E47F01C43971E00736315 /* MNCalendarViewDayCell.h */,
				B29E47F11C43971E00736315 /* MNCalendarViewDayCell.m */,
				B29E47F21C43971E00736315 /* MNCalendarViewLayout.h */,
				B29E47F31C43971E00736315 /* MNCalendarViewLayout.m */,
				B29E47F41C43971E00736315 /* MNCalendarViewWeekdayCell.h */,
				B29E47F51C43971E00736315 /* MNCalendarViewWeekdayCell.m */,
				B29E47F61C43971E00736315 /* MNFastDateEnumeration.h */,
				B29E47F71C43971E00736315 /* MNFastDateEnumeration.m */,
				B29E47F81C43971E00736315 /* NSDate+MNAdditions.h */,
				B29E47F91C43971E00736315 /* NSDate+MNAdditions.m */,
			);
			path = MNCalendarView;
			sourceTree = "<group>";
		};
		B29E48021C43973300736315 /* Swifter */ = {
			isa = PBXGroup;
			children = (
				B2F5A37D2002DC8400E69746 /* Data++.swift */,
				B2F5A37E2002DC8400E69746 /* Dictionary++.swift */,
				B2F5A37F2002DC8400E69746 /* HMAC.swift */,
				B2F5A3992002DC8500E69746 /* Int++.swift */,
				B2F5A37B2002DC8400E69746 /* JSON.swift */,
				B2F5A3812002DC8400E69746 /* Operator++.swift */,
				B2F5A3982002DC8500E69746 /* Scanner++.swift */,
				B2F5A3942002DC8500E69746 /* SHA1.swift */,
				B2F5A3802002DC8400E69746 /* String++.swift */,
				B2F5A39A2002DC8500E69746 /* Swifter.swift */,
				B2F5A38E2002DC8400E69746 /* SwifterAccountsClient.swift */,
				B2F5A3912002DC8400E69746 /* SwifterAppOnlyClient.swift */,
				B2F5A3972002DC8500E69746 /* SwifterAuth.swift */,
				B2F5A3922002DC8400E69746 /* SwifterClientProtocol.swift */,
				B2F5A3962002DC8500E69746 /* SwifterCredential.swift */,
				B2F5A3932002DC8400E69746 /* SwifterError.swift */,
				B2F5A3822002DC8400E69746 /* SwifterFavorites.swift */,
				B2F5A3882002DC8400E69746 /* SwifterFollowers.swift */,
				B2F5A3832002DC8400E69746 /* SwifterGIF.swift */,
				B2F5A39D2002DC8600E69746 /* SwifterHelp.swift */,
				B2F5A39B2002DC8500E69746 /* SwifterHTTPRequest.swift */,
				B2F5A38A2002DC8400E69746 /* SwifterLists.swift */,
				B2F5A3842002DC8400E69746 /* SwifterMessages.swift */,
				B2F5A3862002DC8400E69746 /* SwifterOAuthClient.swift */,
				B2F5A38C2002DC8400E69746 /* SwifterPlaces.swift */,
				B2F5A38F2002DC8400E69746 /* SwifterSavedSearches.swift */,
				B2F5A3892002DC8400E69746 /* SwifterSearch.swift */,
				B2F5A3852002DC8400E69746 /* SwifterSpam.swift */,
				B2F5A39C2002DC8600E69746 /* SwifterStreaming.swift */,
				B2F5A3952002DC8500E69746 /* SwifterSuggested.swift */,
				B2F5A3872002DC8400E69746 /* SwifterTag.swift */,
				B2F5A38B2002DC8400E69746 /* SwifterTimelines.swift */,
				B2F5A39F2002DC8600E69746 /* SwifterTrends.swift */,
				B2F5A39E2002DC8600E69746 /* SwifterTweets.swift */,
				B2F5A37C2002DC8400E69746 /* SwifterUsers.swift */,
				B2F5A38D2002DC8400E69746 /* URL++.swift */,
				B2F5A3902002DC8400E69746 /* Utils.swift */,
			);
			path = Swifter;
			sourceTree = "<group>";
		};
		B29E483F1C43976A00736315 /* SWXMLHash */ = {
			isa = PBXGroup;
			children = (
				B29E48401C43977600736315 /* SWXMLHash.swift */,
				B2D041C42002D2B70071907C /* SWXMLHash+TypeConversion.swift */,
			);
			path = SWXMLHash;
			sourceTree = "<group>";
		};
/* End PBXGroup section */

/* Begin PBXNativeTarget section */
		B292F2721C2763C200DF0FC0 /* Newman Knights */ = {
			isa = PBXNativeTarget;
			buildConfigurationList = B292F2851C2763C200DF0FC0 /* Build configuration list for PBXNativeTarget "Newman Knights" */;
			buildPhases = (
				B292F26F1C2763C200DF0FC0 /* Sources */,
				B292F2701C2763C200DF0FC0 /* Frameworks */,
				B292F2711C2763C200DF0FC0 /* Resources */,
			);
			buildRules = (
			);
			dependencies = (
			);
			name = "Newman Knights";
			productName = "Newman Knights";
			productReference = B292F2731C2763C200DF0FC0 /* Newman Knights.app */;
			productType = "com.apple.product-type.application";
		};
/* End PBXNativeTarget section */

/* Begin PBXProject section */
		B292F26B1C2763C200DF0FC0 /* Project object */ = {
			isa = PBXProject;
			attributes = {
				LastSwiftUpdateCheck = 0720;
				LastUpgradeCheck = 0910;
				ORGANIZATIONNAME = "Nick Frey";
				TargetAttributes = {
					B292F2721C2763C200DF0FC0 = {
						CreatedOnToolsVersion = 7.2;
						LastSwiftMigration = 0910;
					};
				};
			};
			buildConfigurationList = B292F26E1C2763C200DF0FC0 /* Build configuration list for PBXProject "Newman Knights" */;
			compatibilityVersion = "Xcode 3.2";
			developmentRegion = English;
			hasScannedForEncodings = 0;
			knownRegions = (
				en,
				Base,
			);
			mainGroup = B292F26A1C2763C200DF0FC0;
			productRefGroup = B292F2741C2763C200DF0FC0 /* Products */;
			projectDirPath = "";
			projectRoot = "";
			targets = (
				B292F2721C2763C200DF0FC0 /* Newman Knights */,
			);
		};
/* End PBXProject section */

/* Begin PBXResourcesBuildPhase section */
		B292F2711C2763C200DF0FC0 /* Resources */ = {
			isa = PBXResourcesBuildPhase;
			buildActionMask = 2147483647;
			files = (
				B292F2811C2763C200DF0FC0 /* LaunchScreen.storyboard in Resources */,
				B292F27E1C2763C200DF0FC0 /* Assets.xcassets in Resources */,
			);
			runOnlyForDeploymentPostprocessing = 0;
		};
/* End PBXResourcesBuildPhase section */

/* Begin PBXSourcesBuildPhase section */
		B292F26F1C2763C200DF0FC0 /* Sources */ = {
			isa = PBXSourcesBuildPhase;
			buildActionMask = 2147483647;
			files = (
				B2F5A3C02002DC8600E69746 /* SwifterHTTPRequest.swift in Sources */,
				B2D041C52002D2B70071907C /* SWXMLHash+TypeConversion.swift in Sources */,
				B2F5A3A22002DC8600E69746 /* Data++.swift in Sources */,
				B2F5A3A42002DC8600E69746 /* HMAC.swift in Sources */,
				B29E48011C43971E00736315 /* NSDate+MNAdditions.m in Sources */,
				B29E47FB1C43971E00736315 /* MNCalendarView.m in Sources */,
				B2F5A3B92002DC8600E69746 /* SHA1.swift in Sources */,
				B2F5A3B62002DC8600E69746 /* SwifterAppOnlyClient.swift in Sources */,
				B292F30C1C2C87CB00DF0FC0 /* CalendarEventViewController.swift in Sources */,
				B2F5A3BD2002DC8600E69746 /* Scanner++.swift in Sources */,
				B29E47E31C430AEF00736315 /* RemoteImageView.swift in Sources */,
				B2F5A3AD2002DC8600E69746 /* SwifterFollowers.swift in Sources */,
				B2F5A3BE2002DC8600E69746 /* Int++.swift in Sources */,
				B2F5A3BF2002DC8600E69746 /* Swifter.swift in Sources */,
				B292F2911C2768AF00DF0FC0 /* GradesViewController.swift in Sources */,
				B292F2891C27658800DF0FC0 /* DataSource.swift in Sources */,
				B2F5A3A62002DC8600E69746 /* Operator++.swift in Sources */,
				B292F2931C2768C000DF0FC0 /* SocialViewController.swift in Sources */,
				B2F5A3BA2002DC8600E69746 /* SwifterSuggested.swift in Sources */,
				B29E47FD1C43971E00736315 /* MNCalendarViewDayCell.m in Sources */,
				B292F3081C2C84BA00DF0FC0 /* CalendarSearchViewController.swift in Sources */,
				B2F5A3B32002DC8600E69746 /* SwifterAccountsClient.swift in Sources */,
				B2F5A3BB2002DC8600E69746 /* SwifterCredential.swift in Sources */,
				B2F5A3A12002DC8600E69746 /* SwifterUsers.swift in Sources */,
				B29E47FC1C43971E00736315 /* MNCalendarViewCell.m in Sources */,
				B292F2A11C2872B200DF0FC0 /* EventCalendar.swift in Sources */,
				B2F5A3B42002DC8600E69746 /* SwifterSavedSearches.swift in Sources */,
				B21AA1491C35E2700041DCD5 /* AppConfiguration.swift in Sources */,
				B2F5A3AE2002DC8600E69746 /* SwifterSearch.swift in Sources */,
				B292F30A1C2C870D00DF0FC0 /* CalendarDayViewController.swift in Sources */,
				B292F29B1C27783A00DF0FC0 /* DocumentViewController.swift in Sources */,
				B2F5A3C12002DC8600E69746 /* SwifterStreaming.swift in Sources */,
				B292F29F1C2792EB00DF0FC0 /* FetchedViewController.swift in Sources */,
				B2F5A3A32002DC8600E69746 /* Dictionary++.swift in Sources */,
				B2F5A3AB2002DC8600E69746 /* SwifterOAuthClient.swift in Sources */,
				B2F5A3A82002DC8600E69746 /* SwifterGIF.swift in Sources */,
				B292F3051C2A198600DF0FC0 /* UIAppearance+Swift.m in Sources */,
				B292F2771C2763C200DF0FC0 /* AppDelegate.swift in Sources */,
				B21AA14B1C38CFDE0041DCD5 /* DirectoryViewController.swift in Sources */,
				B29E47FA1C43971E00736315 /* MNCalendarHeaderView.m in Sources */,
				B292F2991C276EB400DF0FC0 /* Models.swift in Sources */,
				B2F5A3B12002DC8600E69746 /* SwifterPlaces.swift in Sources */,
				B292F29D1C27787700DF0FC0 /* WebViewController.swift in Sources */,
				B2F5A3AF2002DC8600E69746 /* SwifterLists.swift in Sources */,
				B2F5A3A72002DC8600E69746 /* SwifterFavorites.swift in Sources */,
				B29E48001C43971E00736315 /* MNFastDateEnumeration.m in Sources */,
				B29E48411C43977600736315 /* SWXMLHash.swift in Sources */,
				B2F5A3C22002DC8600E69746 /* SwifterHelp.swift in Sources */,
				B2F5A3BC2002DC8600E69746 /* SwifterAuth.swift in Sources */,
				B292F2971C2768EB00DF0FC0 /* ContactViewController.swift in Sources */,
				B292F28D1C27686A00DF0FC0 /* NewsViewController.swift in Sources */,
				B2F5A3AA2002DC8600E69746 /* SwifterSpam.swift in Sources */,
				B2F5A3A92002DC8600E69746 /* SwifterMessages.swift in Sources */,
				B2F5A3C32002DC8600E69746 /* SwifterTweets.swift in Sources */,
				B2F5A3B52002DC8600E69746 /* Utils.swift in Sources */,
				B292F28F1C27688F00DF0FC0 /* CalendarViewController.swift in Sources */,
				B2F5A3B22002DC8600E69746 /* URL++.swift in Sources */,
				B292F2951C2768E100DF0FC0 /* SchedulesViewController.swift in Sources */,
				B2F5A3C42002DC8600E69746 /* SwifterTrends.swift in Sources */,
				B2F5A3A52002DC8600E69746 /* String++.swift in Sources */,
				B2F5A3AC2002DC8600E69746 /* SwifterTag.swift in Sources */,
				B29E47FF1C43971E00736315 /* MNCalendarViewWeekdayCell.m in Sources */,
				B29E47E71C43971300736315 /* MHPrettyDate.m in Sources */,
				B2F5A3B82002DC8600E69746 /* SwifterError.swift in Sources */,
				B29E47FE1C43971E00736315 /* MNCalendarViewLayout.m in Sources */,
				B2F5A3A02002DC8600E69746 /* JSON.swift in Sources */,
				B2F5A3B02002DC8600E69746 /* SwifterTimelines.swift in Sources */,
				B2F5A3B72002DC8600E69746 /* SwifterClientProtocol.swift in Sources */,
			);
			runOnlyForDeploymentPostprocessing = 0;
		};
/* End PBXSourcesBuildPhase section */

/* Begin PBXVariantGroup section */
		B292F27F1C2763C200DF0FC0 /* LaunchScreen.storyboard */ = {
			isa = PBXVariantGroup;
			children = (
				B292F2801C2763C200DF0FC0 /* Base */,
			);
			name = LaunchScreen.storyboard;
			sourceTree = "<group>";
		};
/* End PBXVariantGroup section */

/* Begin XCBuildConfiguration section */
		B292F2831C2763C200DF0FC0 /* Debug */ = {
			isa = XCBuildConfiguration;
			buildSettings = {
				ALWAYS_SEARCH_USER_PATHS = NO;
				CLANG_CXX_LANGUAGE_STANDARD = "gnu++0x";
				CLANG_CXX_LIBRARY = "libc++";
				CLANG_ENABLE_MODULES = YES;
				CLANG_ENABLE_OBJC_ARC = YES;
				CLANG_WARN_BLOCK_CAPTURE_AUTORELEASING = YES;
				CLANG_WARN_BOOL_CONVERSION = YES;
				CLANG_WARN_COMMA = YES;
				CLANG_WARN_CONSTANT_CONVERSION = YES;
				CLANG_WARN_DIRECT_OBJC_ISA_USAGE = YES_ERROR;
				CLANG_WARN_EMPTY_BODY = YES;
				CLANG_WARN_ENUM_CONVERSION = YES;
				CLANG_WARN_INFINITE_RECURSION = YES;
				CLANG_WARN_INT_CONVERSION = YES;
				CLANG_WARN_NON_LITERAL_NULL_CONVERSION = YES;
				CLANG_WARN_OBJC_LITERAL_CONVERSION = YES;
				CLANG_WARN_OBJC_ROOT_CLASS = YES_ERROR;
				CLANG_WARN_RANGE_LOOP_ANALYSIS = YES;
				CLANG_WARN_STRICT_PROTOTYPES = YES;
				CLANG_WARN_SUSPICIOUS_MOVE = YES;
				CLANG_WARN_UNREACHABLE_CODE = YES;
				CLANG_WARN__DUPLICATE_METHOD_MATCH = YES;
				"CODE_SIGN_IDENTITY[sdk=iphoneos*]" = "iPhone Developer";
				COPY_PHASE_STRIP = NO;
				DEBUG_INFORMATION_FORMAT = dwarf;
				ENABLE_STRICT_OBJC_MSGSEND = YES;
				ENABLE_TESTABILITY = YES;
				GCC_C_LANGUAGE_STANDARD = gnu99;
				GCC_DYNAMIC_NO_PIC = NO;
				GCC_NO_COMMON_BLOCKS = YES;
				GCC_OPTIMIZATION_LEVEL = 0;
				GCC_PREPROCESSOR_DEFINITIONS = (
					"DEBUG=1",
					"$(inherited)",
				);
				GCC_WARN_64_TO_32_BIT_CONVERSION = YES;
				GCC_WARN_ABOUT_RETURN_TYPE = YES_ERROR;
				GCC_WARN_UNDECLARED_SELECTOR = YES;
				GCC_WARN_UNINITIALIZED_AUTOS = YES_AGGRESSIVE;
				GCC_WARN_UNUSED_FUNCTION = YES;
				GCC_WARN_UNUSED_VARIABLE = YES;
				IPHONEOS_DEPLOYMENT_TARGET = 9.0;
				MTL_ENABLE_DEBUG_INFO = YES;
				ONLY_ACTIVE_ARCH = YES;
				SDKROOT = iphoneos;
				SWIFT_OPTIMIZATION_LEVEL = "-Onone";
				TARGETED_DEVICE_FAMILY = "1,2";
			};
			name = Debug;
		};
		B292F2841C2763C200DF0FC0 /* Release */ = {
			isa = XCBuildConfiguration;
			buildSettings = {
				ALWAYS_SEARCH_USER_PATHS = NO;
				CLANG_CXX_LANGUAGE_STANDARD = "gnu++0x";
				CLANG_CXX_LIBRARY = "libc++";
				CLANG_ENABLE_MODULES = YES;
				CLANG_ENABLE_OBJC_ARC = YES;
				CLANG_WARN_BLOCK_CAPTURE_AUTORELEASING = YES;
				CLANG_WARN_BOOL_CONVERSION = YES;
				CLANG_WARN_COMMA = YES;
				CLANG_WARN_CONSTANT_CONVERSION = YES;
				CLANG_WARN_DIRECT_OBJC_ISA_USAGE = YES_ERROR;
				CLANG_WARN_EMPTY_BODY = YES;
				CLANG_WARN_ENUM_CONVERSION = YES;
				CLANG_WARN_INFINITE_RECURSION = YES;
				CLANG_WARN_INT_CONVERSION = YES;
				CLANG_WARN_NON_LITERAL_NULL_CONVERSION = YES;
				CLANG_WARN_OBJC_LITERAL_CONVERSION = YES;
				CLANG_WARN_OBJC_ROOT_CLASS = YES_ERROR;
				CLANG_WARN_RANGE_LOOP_ANALYSIS = YES;
				CLANG_WARN_STRICT_PROTOTYPES = YES;
				CLANG_WARN_SUSPICIOUS_MOVE = YES;
				CLANG_WARN_UNREACHABLE_CODE = YES;
				CLANG_WARN__DUPLICATE_METHOD_MATCH = YES;
				"CODE_SIGN_IDENTITY[sdk=iphoneos*]" = "iPhone Developer";
				COPY_PHASE_STRIP = NO;
				DEBUG_INFORMATION_FORMAT = "dwarf-with-dsym";
				ENABLE_NS_ASSERTIONS = NO;
				ENABLE_STRICT_OBJC_MSGSEND = YES;
				GCC_C_LANGUAGE_STANDARD = gnu99;
				GCC_NO_COMMON_BLOCKS = YES;
				GCC_WARN_64_TO_32_BIT_CONVERSION = YES;
				GCC_WARN_ABOUT_RETURN_TYPE = YES_ERROR;
				GCC_WARN_UNDECLARED_SELECTOR = YES;
				GCC_WARN_UNINITIALIZED_AUTOS = YES_AGGRESSIVE;
				GCC_WARN_UNUSED_FUNCTION = YES;
				GCC_WARN_UNUSED_VARIABLE = YES;
				IPHONEOS_DEPLOYMENT_TARGET = 9.0;
				MTL_ENABLE_DEBUG_INFO = NO;
				SDKROOT = iphoneos;
				SWIFT_OPTIMIZATION_LEVEL = "-Owholemodule";
				TARGETED_DEVICE_FAMILY = "1,2";
				VALIDATE_PRODUCT = YES;
			};
			name = Release;
		};
		B292F2861C2763C200DF0FC0 /* Debug */ = {
			isa = XCBuildConfiguration;
			buildSettings = {
				ASSETCATALOG_COMPILER_APPICON_NAME = AppIcon;
				INFOPLIST_FILE = "Newman Knights/Info.plist";
				IPHONEOS_DEPLOYMENT_TARGET = 9.0;
				LD_RUNPATH_SEARCH_PATHS = "$(inherited) @executable_path/Frameworks";
				PRODUCT_BUNDLE_IDENTIFIER = org.newmancatholic.knightsapp;
				PRODUCT_NAME = "$(TARGET_NAME)";
				SWIFT_OBJC_BRIDGING_HEADER = "Newman Knights/Newman Knights-Bridging-Header.h";
				SWIFT_VERSION = 4.0;
			};
			name = Debug;
		};
		B292F2871C2763C200DF0FC0 /* Release */ = {
			isa = XCBuildConfiguration;
			buildSettings = {
				ASSETCATALOG_COMPILER_APPICON_NAME = AppIcon;
				INFOPLIST_FILE = "Newman Knights/Info.plist";
				IPHONEOS_DEPLOYMENT_TARGET = 9.0;
				LD_RUNPATH_SEARCH_PATHS = "$(inherited) @executable_path/Frameworks";
				PRODUCT_BUNDLE_IDENTIFIER = org.newmancatholic.knightsapp;
				PRODUCT_NAME = "$(TARGET_NAME)";
				SWIFT_OBJC_BRIDGING_HEADER = "Newman Knights/Newman Knights-Bridging-Header.h";
				SWIFT_VERSION = 4.0;
			};
			name = Release;
		};
/* End XCBuildConfiguration section */

/* Begin XCConfigurationList section */
		B292F26E1C2763C200DF0FC0 /* Build configuration list for PBXProject "Newman Knights" */ = {
			isa = XCConfigurationList;
			buildConfigurations = (
				B292F2831C2763C200DF0FC0 /* Debug */,
				B292F2841C2763C200DF0FC0 /* Release */,
			);
			defaultConfigurationIsVisible = 0;
			defaultConfigurationName = Release;
		};
		B292F2851C2763C200DF0FC0 /* Build configuration list for PBXNativeTarget "Newman Knights" */ = {
			isa = XCConfigurationList;
			buildConfigurations = (
				B292F2861C2763C200DF0FC0 /* Debug */,
				B292F2871C2763C200DF0FC0 /* Release */,
			);
			defaultConfigurationIsVisible = 0;
			defaultConfigurationName = Release;
		};
/* End XCConfigurationList section */
	};
	rootObject = B292F26B1C2763C200DF0FC0 /* Project object */;
}
