// !$*UTF8*$!
{
	archiveVersion = 1;
	classes = {
	};
	objectVersion = 46;
	objects = {

/* Begin PBXBuildFile section */
		B222674E192100A100F511CA /* NSString+HTML.m in Sources */ = {isa = PBXBuildFile; fileRef = B222674D192100A100F511CA /* NSString+HTML.m */; };
		B22267511921835800F511CA /* NCDirectoryViewController.m in Sources */ = {isa = PBXBuildFile; fileRef = B22267501921835800F511CA /* NCDirectoryViewController.m */; };
		B22267571921A5A300F511CA /* NCCoverViewPreviewItem.m in Sources */ = {isa = PBXBuildFile; fileRef = B22267561921A5A300F511CA /* NCCoverViewPreviewItem.m */; };
		B22267591921BBD400F511CA /* MessageUI.framework in Frameworks */ = {isa = PBXBuildFile; fileRef = B22267581921BBD400F511CA /* MessageUI.framework */; };
		B222675B1921BBE300F511CA /* QuickLook.framework in Frameworks */ = {isa = PBXBuildFile; fileRef = B222675A1921BBE300F511CA /* QuickLook.framework */; };
		B22267741926B6AD00F511CA /* MobileCoreServices.framework in Frameworks */ = {isa = PBXBuildFile; fileRef = B22267731926B6AD00F511CA /* MobileCoreServices.framework */; };
		B22267781926B6B400F511CA /* Twitter.framework in Frameworks */ = {isa = PBXBuildFile; fileRef = B22267771926B6B400F511CA /* Twitter.framework */; };
		B222677A1926B6B800F511CA /* QuartzCore.framework in Frameworks */ = {isa = PBXBuildFile; fileRef = B22267791926B6B800F511CA /* QuartzCore.framework */; };
		B222677C1926B6C400F511CA /* SystemConfiguration.framework in Frameworks */ = {isa = PBXBuildFile; fileRef = B222677B1926B6C400F511CA /* SystemConfiguration.framework */; };
		B222677E1926B6D800F511CA /* Accounts.framework in Frameworks */ = {isa = PBXBuildFile; fileRef = B222677D1926B6D800F511CA /* Accounts.framework */; };
		B222679F1926BEC100F511CA /* NSDateFormatter+STTwitter.m in Sources */ = {isa = PBXBuildFile; fileRef = B22267831926BEC100F511CA /* NSDateFormatter+STTwitter.m */; };
		B22267A01926BEC100F511CA /* NSError+STTwitter.m in Sources */ = {isa = PBXBuildFile; fileRef = B22267851926BEC100F511CA /* NSError+STTwitter.m */; };
		B22267A11926BEC100F511CA /* NSString+STTwitter.m in Sources */ = {isa = PBXBuildFile; fileRef = B22267871926BEC100F511CA /* NSString+STTwitter.m */; };
		B22267A21926BEC100F511CA /* STHTTPRequest+STTwitter.m in Sources */ = {isa = PBXBuildFile; fileRef = B22267891926BEC100F511CA /* STHTTPRequest+STTwitter.m */; };
		B22267A31926BEC100F511CA /* STTwitterAPI.m in Sources */ = {isa = PBXBuildFile; fileRef = B222678C1926BEC100F511CA /* STTwitterAPI.m */; };
		B22267A41926BEC100F511CA /* STTwitterAppOnly.m in Sources */ = {isa = PBXBuildFile; fileRef = B222678E1926BEC100F511CA /* STTwitterAppOnly.m */; };
		B22267A51926BEC100F511CA /* STTwitterHTML.m in Sources */ = {isa = PBXBuildFile; fileRef = B22267901926BEC100F511CA /* STTwitterHTML.m */; };
		B22267A61926BEC100F511CA /* STTwitterOAuth.m in Sources */ = {isa = PBXBuildFile; fileRef = B22267921926BEC100F511CA /* STTwitterOAuth.m */; };
		B22267A71926BEC100F511CA /* STTwitterOS.m in Sources */ = {isa = PBXBuildFile; fileRef = B22267941926BEC100F511CA /* STTwitterOS.m */; };
		B22267A81926BEC100F511CA /* STTwitterOSRequest.m in Sources */ = {isa = PBXBuildFile; fileRef = B22267961926BEC100F511CA /* STTwitterOSRequest.m */; };
		B22267A91926BEC100F511CA /* BAVPlistNode.m in Sources */ = {isa = PBXBuildFile; fileRef = B222679A1926BEC100F511CA /* BAVPlistNode.m */; };
		B22267AA1926BEC100F511CA /* JSONSyntaxHighlight.m in Sources */ = {isa = PBXBuildFile; fileRef = B222679C1926BEC100F511CA /* JSONSyntaxHighlight.m */; };
		B22267AB1926BEC100F511CA /* STHTTPRequest.m in Sources */ = {isa = PBXBuildFile; fileRef = B222679E1926BEC100F511CA /* STHTTPRequest.m */; };
		B22267D21926C03900F511CA /* AFHTTPRequestOperation.m in Sources */ = {isa = PBXBuildFile; fileRef = B22267AE1926C03900F511CA /* AFHTTPRequestOperation.m */; };
		B22267D31926C03900F511CA /* AFHTTPRequestOperationManager.m in Sources */ = {isa = PBXBuildFile; fileRef = B22267B01926C03900F511CA /* AFHTTPRequestOperationManager.m */; };
		B22267D41926C03900F511CA /* AFHTTPSessionManager.m in Sources */ = {isa = PBXBuildFile; fileRef = B22267B21926C03900F511CA /* AFHTTPSessionManager.m */; };
		B22267D51926C03900F511CA /* AFNetworkReachabilityManager.m in Sources */ = {isa = PBXBuildFile; fileRef = B22267B51926C03900F511CA /* AFNetworkReachabilityManager.m */; };
		B22267D61926C03900F511CA /* AFSecurityPolicy.m in Sources */ = {isa = PBXBuildFile; fileRef = B22267B71926C03900F511CA /* AFSecurityPolicy.m */; };
		B22267D71926C03900F511CA /* AFURLConnectionOperation.m in Sources */ = {isa = PBXBuildFile; fileRef = B22267B91926C03900F511CA /* AFURLConnectionOperation.m */; };
		B22267D81926C03900F511CA /* AFURLRequestSerialization.m in Sources */ = {isa = PBXBuildFile; fileRef = B22267BB1926C03900F511CA /* AFURLRequestSerialization.m */; };
		B22267D91926C03900F511CA /* AFURLResponseSerialization.m in Sources */ = {isa = PBXBuildFile; fileRef = B22267BD1926C03900F511CA /* AFURLResponseSerialization.m */; };
		B22267DA1926C03900F511CA /* AFURLSessionManager.m in Sources */ = {isa = PBXBuildFile; fileRef = B22267BF1926C03900F511CA /* AFURLSessionManager.m */; };
		B22267DB1926C03900F511CA /* AFNetworkActivityIndicatorManager.m in Sources */ = {isa = PBXBuildFile; fileRef = B22267C21926C03900F511CA /* AFNetworkActivityIndicatorManager.m */; };
		B22267DC1926C03900F511CA /* UIActivityIndicatorView+AFNetworking.m in Sources */ = {isa = PBXBuildFile; fileRef = B22267C41926C03900F511CA /* UIActivityIndicatorView+AFNetworking.m */; };
		B22267DD1926C03900F511CA /* UIAlertView+AFNetworking.m in Sources */ = {isa = PBXBuildFile; fileRef = B22267C61926C03900F511CA /* UIAlertView+AFNetworking.m */; };
		B22267DE1926C03900F511CA /* UIButton+AFNetworking.m in Sources */ = {isa = PBXBuildFile; fileRef = B22267C81926C03900F511CA /* UIButton+AFNetworking.m */; };
		B22267DF1926C03900F511CA /* UIImageView+AFNetworking.m in Sources */ = {isa = PBXBuildFile; fileRef = B22267CA1926C03900F511CA /* UIImageView+AFNetworking.m */; };
		B22267E01926C03900F511CA /* UIProgressView+AFNetworking.m in Sources */ = {isa = PBXBuildFile; fileRef = B22267CD1926C03900F511CA /* UIProgressView+AFNetworking.m */; };
		B22267E11926C03900F511CA /* UIRefreshControl+AFNetworking.m in Sources */ = {isa = PBXBuildFile; fileRef = B22267CF1926C03900F511CA /* UIRefreshControl+AFNetworking.m */; };
		B22267E21926C03900F511CA /* UIWebView+AFNetworking.m in Sources */ = {isa = PBXBuildFile; fileRef = B22267D11926C03900F511CA /* UIWebView+AFNetworking.m */; };
		B23E42831915C90200B29D61 /* MNCalendarHeaderView.m in Sources */ = {isa = PBXBuildFile; fileRef = B23E42731915C90200B29D61 /* MNCalendarHeaderView.m */; };
		B23E42841915C90200B29D61 /* MNCalendarView.m in Sources */ = {isa = PBXBuildFile; fileRef = B23E42761915C90200B29D61 /* MNCalendarView.m */; };
		B23E42851915C90200B29D61 /* MNCalendarViewCell.m in Sources */ = {isa = PBXBuildFile; fileRef = B23E42781915C90200B29D61 /* MNCalendarViewCell.m */; };
		B23E42861915C90200B29D61 /* MNCalendarViewDayCell.m in Sources */ = {isa = PBXBuildFile; fileRef = B23E427A1915C90200B29D61 /* MNCalendarViewDayCell.m */; };
		B23E42871915C90200B29D61 /* MNCalendarViewLayout.m in Sources */ = {isa = PBXBuildFile; fileRef = B23E427C1915C90200B29D61 /* MNCalendarViewLayout.m */; };
		B23E42881915C90200B29D61 /* MNCalendarViewWeekdayCell.m in Sources */ = {isa = PBXBuildFile; fileRef = B23E427E1915C90200B29D61 /* MNCalendarViewWeekdayCell.m */; };
		B23E42891915C90200B29D61 /* MNFastDateEnumeration.m in Sources */ = {isa = PBXBuildFile; fileRef = B23E42801915C90200B29D61 /* MNFastDateEnumeration.m */; };
		B23E428A1915C90200B29D61 /* NSDate+MNAdditions.m in Sources */ = {isa = PBXBuildFile; fileRef = B23E42821915C90200B29D61 /* NSDate+MNAdditions.m */; };
		B23E428D1915CDC400B29D61 /* NCCalendarViewDayCell.m in Sources */ = {isa = PBXBuildFile; fileRef = B23E428C1915CDC400B29D61 /* NCCalendarViewDayCell.m */; };
		B23E4297191706BF00B29D61 /* UITabBarController+Rotations.m in Sources */ = {isa = PBXBuildFile; fileRef = B23E4296191706BF00B29D61 /* UITabBarController+Rotations.m */; };
		B23E429A19170D9600B29D61 /* NCScheduleCell.m in Sources */ = {isa = PBXBuildFile; fileRef = B23E429919170D9600B29D61 /* NCScheduleCell.m */; };
		B23E429E19172FE600B29D61 /* NCEventStore.m in Sources */ = {isa = PBXBuildFile; fileRef = B23E429D19172FE600B29D61 /* NCEventStore.m */; };
		B23E42A11919CFEC00B29D61 /* NCDailyEventsViewController.m in Sources */ = {isa = PBXBuildFile; fileRef = B23E42A01919CFEC00B29D61 /* NCDailyEventsViewController.m */; };
		B23E42A41919D82500B29D61 /* NCEventDetailsViewController.m in Sources */ = {isa = PBXBuildFile; fileRef = B23E42A31919D82500B29D61 /* NCEventDetailsViewController.m */; };
		B23E42A7191AB7C900B29D61 /* NCEventDetailsCell.m in Sources */ = {isa = PBXBuildFile; fileRef = B23E42A6191AB7C900B29D61 /* NCEventDetailsCell.m */; };
		B23E42AA191ABA1100B29D61 /* NCEventOpponentsCell.m in Sources */ = {isa = PBXBuildFile; fileRef = B23E42A9191ABA1100B29D61 /* NCEventOpponentsCell.m */; };
		B23E42AD191ABC8D00B29D61 /* NCEfficientTableViewCell.m in Sources */ = {isa = PBXBuildFile; fileRef = B23E42AC191ABC8D00B29D61 /* NCEfficientTableViewCell.m */; };
		B23E42B0191B281700B29D61 /* NCDailyEventCell.m in Sources */ = {isa = PBXBuildFile; fileRef = B23E42AF191B281700B29D61 /* NCDailyEventCell.m */; };
		B23E42B4191ED5E900B29D61 /* NCSocialPostCell.m in Sources */ = {isa = PBXBuildFile; fileRef = B23E42B3191ED5E900B29D61 /* NCSocialPostCell.m */; };
		B23E42B7191F2EFC00B29D61 /* MHPrettyDate.m in Sources */ = {isa = PBXBuildFile; fileRef = B23E42B6191F2EFC00B29D61 /* MHPrettyDate.m */; };
		B23E42BE191FBA5C00B29D61 /* NCHomeBulletinCell.m in Sources */ = {isa = PBXBuildFile; fileRef = B23E42BD191FBA5C00B29D61 /* NCHomeBulletinCell.m */; };
		B28A45F518D096880055426F /* NCEventsViewController.m in Sources */ = {isa = PBXBuildFile; fileRef = B28A45F418D096880055426F /* NCEventsViewController.m */; };
		B28A460818D2BC250055426F /* NCWebViewController.m in Sources */ = {isa = PBXBuildFile; fileRef = B28A460718D2BC250055426F /* NCWebViewController.m */; };
		B28A461218D2D2160055426F /* NCDocumentViewController.m in Sources */ = {isa = PBXBuildFile; fileRef = B28A461118D2D2160055426F /* NCDocumentViewController.m */; };
		B28A461518D2D2E90055426F /* NCSocialViewController.m in Sources */ = {isa = PBXBuildFile; fileRef = B28A461418D2D2E90055426F /* NCSocialViewController.m */; };
		B28A461818D2D5250055426F /* NCSchedulesViewController.m in Sources */ = {isa = PBXBuildFile; fileRef = B28A461718D2D5250055426F /* NCSchedulesViewController.m */; };
		B28A461C18D3881B0055426F /* NCLoadingView.m in Sources */ = {isa = PBXBuildFile; fileRef = B28A461B18D3881B0055426F /* NCLoadingView.m */; };
		B28A461F18D3A5380055426F /* NCRemoteViewController.m in Sources */ = {isa = PBXBuildFile; fileRef = B28A461E18D3A5380055426F /* NCRemoteViewController.m */; };
		B28A462218D3B03B0055426F /* NCErrorView.m in Sources */ = {isa = PBXBuildFile; fileRef = B28A462118D3B03B0055426F /* NCErrorView.m */; };
		B28A463D18DBE46D0055426F /* NCSocialPost.m in Sources */ = {isa = PBXBuildFile; fileRef = B28A463C18DBE46D0055426F /* NCSocialPost.m */; };
		B28A464718DD5E970055426F /* NCCoverView.m in Sources */ = {isa = PBXBuildFile; fileRef = B28A464618DD5E970055426F /* NCCoverView.m */; };
		B28A97871A1C07ED00F560C7 /* Launch Screen.xib in Resources */ = {isa = PBXBuildFile; fileRef = B28A97861A1C07ED00F560C7 /* Launch Screen.xib */; };
		B2DA06B4191066BF00867F18 /* NCContactViewController.m in Sources */ = {isa = PBXBuildFile; fileRef = B2DA06B3191066BF00867F18 /* NCContactViewController.m */; };
		B2DA06B61910936B00867F18 /* MapKit.framework in Frameworks */ = {isa = PBXBuildFile; fileRef = B2DA06B51910936B00867F18 /* MapKit.framework */; };
		B2DA06B91911D6D500867F18 /* NCCalendarEvent.m in Sources */ = {isa = PBXBuildFile; fileRef = B2DA06B81911D6D500867F18 /* NCCalendarEvent.m */; };
		B2FD4E60180752FA00EB1C51 /* Foundation.framework in Frameworks */ = {isa = PBXBuildFile; fileRef = B2FD4E5F180752FA00EB1C51 /* Foundation.framework */; };
		B2FD4E62180752FA00EB1C51 /* CoreGraphics.framework in Frameworks */ = {isa = PBXBuildFile; fileRef = B2FD4E61180752FA00EB1C51 /* CoreGraphics.framework */; };
		B2FD4E64180752FA00EB1C51 /* UIKit.framework in Frameworks */ = {isa = PBXBuildFile; fileRef = B2FD4E63180752FA00EB1C51 /* UIKit.framework */; };
		B2FD4E6A180752FA00EB1C51 /* InfoPlist.strings in Resources */ = {isa = PBXBuildFile; fileRef = B2FD4E68180752FA00EB1C51 /* InfoPlist.strings */; };
		B2FD4E6C180752FA00EB1C51 /* main.m in Sources */ = {isa = PBXBuildFile; fileRef = B2FD4E6B180752FA00EB1C51 /* main.m */; };
		B2FD4E70180752FA00EB1C51 /* NCAppDelegate.m in Sources */ = {isa = PBXBuildFile; fileRef = B2FD4E6F180752FA00EB1C51 /* NCAppDelegate.m */; };
		B2FD4E79180752FA00EB1C51 /* NCHomeViewController.m in Sources */ = {isa = PBXBuildFile; fileRef = B2FD4E78180752FA00EB1C51 /* NCHomeViewController.m */; };
		B2FD4E7E180752FB00EB1C51 /* Images.xcassets in Resources */ = {isa = PBXBuildFile; fileRef = B2FD4E7D180752FB00EB1C51 /* Images.xcassets */; };
		B2FD4E9C1809171C00EB1C51 /* NCGradesViewController.m in Sources */ = {isa = PBXBuildFile; fileRef = B2FD4E9B1809171C00EB1C51 /* NCGradesViewController.m */; };
		B2FD4E9F18099FE800EB1C51 /* NCDataSource.m in Sources */ = {isa = PBXBuildFile; fileRef = B2FD4E9E18099FE800EB1C51 /* NCDataSource.m */; };
		B2FD4EAC1809E15600EB1C51 /* XMLDictionary.m in Sources */ = {isa = PBXBuildFile; fileRef = B2FD4EAB1809E15600EB1C51 /* XMLDictionary.m */; };
/* End PBXBuildFile section */

/* Begin PBXFileReference section */
		B222674C192100A100F511CA /* NSString+HTML.h */ = {isa = PBXFileReference; fileEncoding = 4; lastKnownFileType = sourcecode.c.h; path = "NSString+HTML.h"; sourceTree = "<group>"; };
		B222674D192100A100F511CA /* NSString+HTML.m */ = {isa = PBXFileReference; fileEncoding = 4; lastKnownFileType = sourcecode.c.objc; path = "NSString+HTML.m"; sourceTree = "<group>"; };
		B222674F1921835800F511CA /* NCDirectoryViewController.h */ = {isa = PBXFileReference; fileEncoding = 4; lastKnownFileType = sourcecode.c.h; path = NCDirectoryViewController.h; sourceTree = "<group>"; };
		B22267501921835800F511CA /* NCDirectoryViewController.m */ = {isa = PBXFileReference; fileEncoding = 4; lastKnownFileType = sourcecode.c.objc; path = NCDirectoryViewController.m; sourceTree = "<group>"; };
		B22267551921A5A300F511CA /* NCCoverViewPreviewItem.h */ = {isa = PBXFileReference; fileEncoding = 4; lastKnownFileType = sourcecode.c.h; path = NCCoverViewPreviewItem.h; sourceTree = "<group>"; };
		B22267561921A5A300F511CA /* NCCoverViewPreviewItem.m */ = {isa = PBXFileReference; fileEncoding = 4; lastKnownFileType = sourcecode.c.objc; path = NCCoverViewPreviewItem.m; sourceTree = "<group>"; };
		B22267581921BBD400F511CA /* MessageUI.framework */ = {isa = PBXFileReference; lastKnownFileType = wrapper.framework; name = MessageUI.framework; path = System/Library/Frameworks/MessageUI.framework; sourceTree = SDKROOT; };
		B222675A1921BBE300F511CA /* QuickLook.framework */ = {isa = PBXFileReference; lastKnownFileType = wrapper.framework; name = QuickLook.framework; path = System/Library/Frameworks/QuickLook.framework; sourceTree = SDKROOT; };
		B22267731926B6AD00F511CA /* MobileCoreServices.framework */ = {isa = PBXFileReference; lastKnownFileType = wrapper.framework; name = MobileCoreServices.framework; path = System/Library/Frameworks/MobileCoreServices.framework; sourceTree = SDKROOT; };
		B22267751926B6B100F511CA /* Security.framework */ = {isa = PBXFileReference; lastKnownFileType = wrapper.framework; name = Security.framework; path = System/Library/Frameworks/Security.framework; sourceTree = SDKROOT; };
		B22267771926B6B400F511CA /* Twitter.framework */ = {isa = PBXFileReference; lastKnownFileType = wrapper.framework; name = Twitter.framework; path = System/Library/Frameworks/Twitter.framework; sourceTree = SDKROOT; };
		B22267791926B6B800F511CA /* QuartzCore.framework */ = {isa = PBXFileReference; lastKnownFileType = wrapper.framework; name = QuartzCore.framework; path = System/Library/Frameworks/QuartzCore.framework; sourceTree = SDKROOT; };
		B222677B1926B6C400F511CA /* SystemConfiguration.framework */ = {isa = PBXFileReference; lastKnownFileType = wrapper.framework; name = SystemConfiguration.framework; path = System/Library/Frameworks/SystemConfiguration.framework; sourceTree = SDKROOT; };
		B222677D1926B6D800F511CA /* Accounts.framework */ = {isa = PBXFileReference; lastKnownFileType = wrapper.framework; name = Accounts.framework; path = System/Library/Frameworks/Accounts.framework; sourceTree = SDKROOT; };
		B22267821926BEC100F511CA /* NSDateFormatter+STTwitter.h */ = {isa = PBXFileReference; fileEncoding = 4; lastKnownFileType = sourcecode.c.h; path = "NSDateFormatter+STTwitter.h"; sourceTree = "<group>"; };
		B22267831926BEC100F511CA /* NSDateFormatter+STTwitter.m */ = {isa = PBXFileReference; fileEncoding = 4; lastKnownFileType = sourcecode.c.objc; path = "NSDateFormatter+STTwitter.m"; sourceTree = "<group>"; };
		B22267841926BEC100F511CA /* NSError+STTwitter.h */ = {isa = PBXFileReference; fileEncoding = 4; lastKnownFileType = sourcecode.c.h; path = "NSError+STTwitter.h"; sourceTree = "<group>"; };
		B22267851926BEC100F511CA /* NSError+STTwitter.m */ = {isa = PBXFileReference; fileEncoding = 4; lastKnownFileType = sourcecode.c.objc; path = "NSError+STTwitter.m"; sourceTree = "<group>"; };
		B22267861926BEC100F511CA /* NSString+STTwitter.h */ = {isa = PBXFileReference; fileEncoding = 4; lastKnownFileType = sourcecode.c.h; path = "NSString+STTwitter.h"; sourceTree = "<group>"; };
		B22267871926BEC100F511CA /* NSString+STTwitter.m */ = {isa = PBXFileReference; fileEncoding = 4; lastKnownFileType = sourcecode.c.objc; path = "NSString+STTwitter.m"; sourceTree = "<group>"; };
		B22267881926BEC100F511CA /* STHTTPRequest+STTwitter.h */ = {isa = PBXFileReference; fileEncoding = 4; lastKnownFileType = sourcecode.c.h; path = "STHTTPRequest+STTwitter.h"; sourceTree = "<group>"; };
		B22267891926BEC100F511CA /* STHTTPRequest+STTwitter.m */ = {isa = PBXFileReference; fileEncoding = 4; lastKnownFileType = sourcecode.c.objc; path = "STHTTPRequest+STTwitter.m"; sourceTree = "<group>"; };
		B222678A1926BEC100F511CA /* STTwitter.h */ = {isa = PBXFileReference; fileEncoding = 4; lastKnownFileType = sourcecode.c.h; path = STTwitter.h; sourceTree = "<group>"; };
		B222678B1926BEC100F511CA /* STTwitterAPI.h */ = {isa = PBXFileReference; fileEncoding = 4; lastKnownFileType = sourcecode.c.h; path = STTwitterAPI.h; sourceTree = "<group>"; };
		B222678C1926BEC100F511CA /* STTwitterAPI.m */ = {isa = PBXFileReference; fileEncoding = 4; lastKnownFileType = sourcecode.c.objc; path = STTwitterAPI.m; sourceTree = "<group>"; };
		B222678D1926BEC100F511CA /* STTwitterAppOnly.h */ = {isa = PBXFileReference; fileEncoding = 4; lastKnownFileType = sourcecode.c.h; path = STTwitterAppOnly.h; sourceTree = "<group>"; };
		B222678E1926BEC100F511CA /* STTwitterAppOnly.m */ = {isa = PBXFileReference; fileEncoding = 4; lastKnownFileType = sourcecode.c.objc; path = STTwitterAppOnly.m; sourceTree = "<group>"; };
		B222678F1926BEC100F511CA /* STTwitterHTML.h */ = {isa = PBXFileReference; fileEncoding = 4; lastKnownFileType = sourcecode.c.h; path = STTwitterHTML.h; sourceTree = "<group>"; };
		B22267901926BEC100F511CA /* STTwitterHTML.m */ = {isa = PBXFileReference; fileEncoding = 4; lastKnownFileType = sourcecode.c.objc; path = STTwitterHTML.m; sourceTree = "<group>"; };
		B22267911926BEC100F511CA /* STTwitterOAuth.h */ = {isa = PBXFileReference; fileEncoding = 4; lastKnownFileType = sourcecode.c.h; path = STTwitterOAuth.h; sourceTree = "<group>"; };
		B22267921926BEC100F511CA /* STTwitterOAuth.m */ = {isa = PBXFileReference; fileEncoding = 4; lastKnownFileType = sourcecode.c.objc; path = STTwitterOAuth.m; sourceTree = "<group>"; };
		B22267931926BEC100F511CA /* STTwitterOS.h */ = {isa = PBXFileReference; fileEncoding = 4; lastKnownFileType = sourcecode.c.h; path = STTwitterOS.h; sourceTree = "<group>"; };
		B22267941926BEC100F511CA /* STTwitterOS.m */ = {isa = PBXFileReference; fileEncoding = 4; lastKnownFileType = sourcecode.c.objc; path = STTwitterOS.m; sourceTree = "<group>"; };
		B22267951926BEC100F511CA /* STTwitterOSRequest.h */ = {isa = PBXFileReference; fileEncoding = 4; lastKnownFileType = sourcecode.c.h; path = STTwitterOSRequest.h; sourceTree = "<group>"; };
		B22267961926BEC100F511CA /* STTwitterOSRequest.m */ = {isa = PBXFileReference; fileEncoding = 4; lastKnownFileType = sourcecode.c.objc; path = STTwitterOSRequest.m; sourceTree = "<group>"; };
		B22267971926BEC100F511CA /* STTwitterProtocol.h */ = {isa = PBXFileReference; fileEncoding = 4; lastKnownFileType = sourcecode.c.h; path = STTwitterProtocol.h; sourceTree = "<group>"; };
		B22267991926BEC100F511CA /* BAVPlistNode.h */ = {isa = PBXFileReference; fileEncoding = 4; lastKnownFileType = sourcecode.c.h; path = BAVPlistNode.h; sourceTree = "<group>"; };
		B222679A1926BEC100F511CA /* BAVPlistNode.m */ = {isa = PBXFileReference; fileEncoding = 4; lastKnownFileType = sourcecode.c.objc; path = BAVPlistNode.m; sourceTree = "<group>"; };
		B222679B1926BEC100F511CA /* JSONSyntaxHighlight.h */ = {isa = PBXFileReference; fileEncoding = 4; lastKnownFileType = sourcecode.c.h; path = JSONSyntaxHighlight.h; sourceTree = "<group>"; };
		B222679C1926BEC100F511CA /* JSONSyntaxHighlight.m */ = {isa = PBXFileReference; fileEncoding = 4; lastKnownFileType = sourcecode.c.objc; path = JSONSyntaxHighlight.m; sourceTree = "<group>"; };
		B222679D1926BEC100F511CA /* STHTTPRequest.h */ = {isa = PBXFileReference; fileEncoding = 4; lastKnownFileType = sourcecode.c.h; path = STHTTPRequest.h; sourceTree = "<group>"; };
		B222679E1926BEC100F511CA /* STHTTPRequest.m */ = {isa = PBXFileReference; fileEncoding = 4; lastKnownFileType = sourcecode.c.objc; path = STHTTPRequest.m; sourceTree = "<group>"; };
		B22267AD1926C03900F511CA /* AFHTTPRequestOperation.h */ = {isa = PBXFileReference; fileEncoding = 4; lastKnownFileType = sourcecode.c.h; path = AFHTTPRequestOperation.h; sourceTree = "<group>"; };
		B22267AE1926C03900F511CA /* AFHTTPRequestOperation.m */ = {isa = PBXFileReference; fileEncoding = 4; lastKnownFileType = sourcecode.c.objc; path = AFHTTPRequestOperation.m; sourceTree = "<group>"; };
		B22267AF1926C03900F511CA /* AFHTTPRequestOperationManager.h */ = {isa = PBXFileReference; fileEncoding = 4; lastKnownFileType = sourcecode.c.h; path = AFHTTPRequestOperationManager.h; sourceTree = "<group>"; };
		B22267B01926C03900F511CA /* AFHTTPRequestOperationManager.m */ = {isa = PBXFileReference; fileEncoding = 4; lastKnownFileType = sourcecode.c.objc; path = AFHTTPRequestOperationManager.m; sourceTree = "<group>"; };
		B22267B11926C03900F511CA /* AFHTTPSessionManager.h */ = {isa = PBXFileReference; fileEncoding = 4; lastKnownFileType = sourcecode.c.h; path = AFHTTPSessionManager.h; sourceTree = "<group>"; };
		B22267B21926C03900F511CA /* AFHTTPSessionManager.m */ = {isa = PBXFileReference; fileEncoding = 4; lastKnownFileType = sourcecode.c.objc; path = AFHTTPSessionManager.m; sourceTree = "<group>"; };
		B22267B31926C03900F511CA /* AFNetworking.h */ = {isa = PBXFileReference; fileEncoding = 4; lastKnownFileType = sourcecode.c.h; path = AFNetworking.h; sourceTree = "<group>"; };
		B22267B41926C03900F511CA /* AFNetworkReachabilityManager.h */ = {isa = PBXFileReference; fileEncoding = 4; lastKnownFileType = sourcecode.c.h; path = AFNetworkReachabilityManager.h; sourceTree = "<group>"; };
		B22267B51926C03900F511CA /* AFNetworkReachabilityManager.m */ = {isa = PBXFileReference; fileEncoding = 4; lastKnownFileType = sourcecode.c.objc; path = AFNetworkReachabilityManager.m; sourceTree = "<group>"; };
		B22267B61926C03900F511CA /* AFSecurityPolicy.h */ = {isa = PBXFileReference; fileEncoding = 4; lastKnownFileType = sourcecode.c.h; path = AFSecurityPolicy.h; sourceTree = "<group>"; };
		B22267B71926C03900F511CA /* AFSecurityPolicy.m */ = {isa = PBXFileReference; fileEncoding = 4; lastKnownFileType = sourcecode.c.objc; path = AFSecurityPolicy.m; sourceTree = "<group>"; };
		B22267B81926C03900F511CA /* AFURLConnectionOperation.h */ = {isa = PBXFileReference; fileEncoding = 4; lastKnownFileType = sourcecode.c.h; path = AFURLConnectionOperation.h; sourceTree = "<group>"; };
		B22267B91926C03900F511CA /* AFURLConnectionOperation.m */ = {isa = PBXFileReference; fileEncoding = 4; lastKnownFileType = sourcecode.c.objc; path = AFURLConnectionOperation.m; sourceTree = "<group>"; };
		B22267BA1926C03900F511CA /* AFURLRequestSerialization.h */ = {isa = PBXFileReference; fileEncoding = 4; lastKnownFileType = sourcecode.c.h; path = AFURLRequestSerialization.h; sourceTree = "<group>"; };
		B22267BB1926C03900F511CA /* AFURLRequestSerialization.m */ = {isa = PBXFileReference; fileEncoding = 4; lastKnownFileType = sourcecode.c.objc; path = AFURLRequestSerialization.m; sourceTree = "<group>"; };
		B22267BC1926C03900F511CA /* AFURLResponseSerialization.h */ = {isa = PBXFileReference; fileEncoding = 4; lastKnownFileType = sourcecode.c.h; path = AFURLResponseSerialization.h; sourceTree = "<group>"; };
		B22267BD1926C03900F511CA /* AFURLResponseSerialization.m */ = {isa = PBXFileReference; fileEncoding = 4; lastKnownFileType = sourcecode.c.objc; path = AFURLResponseSerialization.m; sourceTree = "<group>"; };
		B22267BE1926C03900F511CA /* AFURLSessionManager.h */ = {isa = PBXFileReference; fileEncoding = 4; lastKnownFileType = sourcecode.c.h; path = AFURLSessionManager.h; sourceTree = "<group>"; };
		B22267BF1926C03900F511CA /* AFURLSessionManager.m */ = {isa = PBXFileReference; fileEncoding = 4; lastKnownFileType = sourcecode.c.objc; path = AFURLSessionManager.m; sourceTree = "<group>"; };
		B22267C11926C03900F511CA /* AFNetworkActivityIndicatorManager.h */ = {isa = PBXFileReference; fileEncoding = 4; lastKnownFileType = sourcecode.c.h; path = AFNetworkActivityIndicatorManager.h; sourceTree = "<group>"; };
		B22267C21926C03900F511CA /* AFNetworkActivityIndicatorManager.m */ = {isa = PBXFileReference; fileEncoding = 4; lastKnownFileType = sourcecode.c.objc; path = AFNetworkActivityIndicatorManager.m; sourceTree = "<group>"; };
		B22267C31926C03900F511CA /* UIActivityIndicatorView+AFNetworking.h */ = {isa = PBXFileReference; fileEncoding = 4; lastKnownFileType = sourcecode.c.h; path = "UIActivityIndicatorView+AFNetworking.h"; sourceTree = "<group>"; };
		B22267C41926C03900F511CA /* UIActivityIndicatorView+AFNetworking.m */ = {isa = PBXFileReference; fileEncoding = 4; lastKnownFileType = sourcecode.c.objc; path = "UIActivityIndicatorView+AFNetworking.m"; sourceTree = "<group>"; };
		B22267C51926C03900F511CA /* UIAlertView+AFNetworking.h */ = {isa = PBXFileReference; fileEncoding = 4; lastKnownFileType = sourcecode.c.h; path = "UIAlertView+AFNetworking.h"; sourceTree = "<group>"; };
		B22267C61926C03900F511CA /* UIAlertView+AFNetworking.m */ = {isa = PBXFileReference; fileEncoding = 4; lastKnownFileType = sourcecode.c.objc; path = "UIAlertView+AFNetworking.m"; sourceTree = "<group>"; };
		B22267C71926C03900F511CA /* UIButton+AFNetworking.h */ = {isa = PBXFileReference; fileEncoding = 4; lastKnownFileType = sourcecode.c.h; path = "UIButton+AFNetworking.h"; sourceTree = "<group>"; };
		B22267C81926C03900F511CA /* UIButton+AFNetworking.m */ = {isa = PBXFileReference; fileEncoding = 4; lastKnownFileType = sourcecode.c.objc; path = "UIButton+AFNetworking.m"; sourceTree = "<group>"; };
		B22267C91926C03900F511CA /* UIImageView+AFNetworking.h */ = {isa = PBXFileReference; fileEncoding = 4; lastKnownFileType = sourcecode.c.h; path = "UIImageView+AFNetworking.h"; sourceTree = "<group>"; };
		B22267CA1926C03900F511CA /* UIImageView+AFNetworking.m */ = {isa = PBXFileReference; fileEncoding = 4; lastKnownFileType = sourcecode.c.objc; path = "UIImageView+AFNetworking.m"; sourceTree = "<group>"; };
		B22267CB1926C03900F511CA /* UIKit+AFNetworking.h */ = {isa = PBXFileReference; fileEncoding = 4; lastKnownFileType = sourcecode.c.h; path = "UIKit+AFNetworking.h"; sourceTree = "<group>"; };
		B22267CC1926C03900F511CA /* UIProgressView+AFNetworking.h */ = {isa = PBXFileReference; fileEncoding = 4; lastKnownFileType = sourcecode.c.h; path = "UIProgressView+AFNetworking.h"; sourceTree = "<group>"; };
		B22267CD1926C03900F511CA /* UIProgressView+AFNetworking.m */ = {isa = PBXFileReference; fileEncoding = 4; lastKnownFileType = sourcecode.c.objc; path = "UIProgressView+AFNetworking.m"; sourceTree = "<group>"; };
		B22267CE1926C03900F511CA /* UIRefreshControl+AFNetworking.h */ = {isa = PBXFileReference; fileEncoding = 4; lastKnownFileType = sourcecode.c.h; path = "UIRefreshControl+AFNetworking.h"; sourceTree = "<group>"; };
		B22267CF1926C03900F511CA /* UIRefreshControl+AFNetworking.m */ = {isa = PBXFileReference; fileEncoding = 4; lastKnownFileType = sourcecode.c.objc; path = "UIRefreshControl+AFNetworking.m"; sourceTree = "<group>"; };
		B22267D01926C03900F511CA /* UIWebView+AFNetworking.h */ = {isa = PBXFileReference; fileEncoding = 4; lastKnownFileType = sourcecode.c.h; path = "UIWebView+AFNetworking.h"; sourceTree = "<group>"; };
		B22267D11926C03900F511CA /* UIWebView+AFNetworking.m */ = {isa = PBXFileReference; fileEncoding = 4; lastKnownFileType = sourcecode.c.objc; path = "UIWebView+AFNetworking.m"; sourceTree = "<group>"; };
		B22267E31926CF3C00F511CA /* NCAppConfig.h */ = {isa = PBXFileReference; lastKnownFileType = sourcecode.c.h; path = NCAppConfig.h; sourceTree = SOURCE_ROOT; };
		B23E42721915C90200B29D61 /* MNCalendarHeaderView.h */ = {isa = PBXFileReference; fileEncoding = 4; lastKnownFileType = sourcecode.c.h; path = MNCalendarHeaderView.h; sourceTree = "<group>"; };
		B23E42731915C90200B29D61 /* MNCalendarHeaderView.m */ = {isa = PBXFileReference; fileEncoding = 4; lastKnownFileType = sourcecode.c.objc; path = MNCalendarHeaderView.m; sourceTree = "<group>"; };
		B23E42741915C90200B29D61 /* MNCalendarView-Prefix.pch */ = {isa = PBXFileReference; fileEncoding = 4; lastKnownFileType = sourcecode.c.h; path = "MNCalendarView-Prefix.pch"; sourceTree = "<group>"; };
		B23E42751915C90200B29D61 /* MNCalendarView.h */ = {isa = PBXFileReference; fileEncoding = 4; lastKnownFileType = sourcecode.c.h; path = MNCalendarView.h; sourceTree = "<group>"; };
		B23E42761915C90200B29D61 /* MNCalendarView.m */ = {isa = PBXFileReference; fileEncoding = 4; lastKnownFileType = sourcecode.c.objc; path = MNCalendarView.m; sourceTree = "<group>"; };
		B23E42771915C90200B29D61 /* MNCalendarViewCell.h */ = {isa = PBXFileReference; fileEncoding = 4; lastKnownFileType = sourcecode.c.h; path = MNCalendarViewCell.h; sourceTree = "<group>"; };
		B23E42781915C90200B29D61 /* MNCalendarViewCell.m */ = {isa = PBXFileReference; fileEncoding = 4; lastKnownFileType = sourcecode.c.objc; path = MNCalendarViewCell.m; sourceTree = "<group>"; };
		B23E42791915C90200B29D61 /* MNCalendarViewDayCell.h */ = {isa = PBXFileReference; fileEncoding = 4; lastKnownFileType = sourcecode.c.h; path = MNCalendarViewDayCell.h; sourceTree = "<group>"; };
		B23E427A1915C90200B29D61 /* MNCalendarViewDayCell.m */ = {isa = PBXFileReference; fileEncoding = 4; lastKnownFileType = sourcecode.c.objc; path = MNCalendarViewDayCell.m; sourceTree = "<group>"; };
		B23E427B1915C90200B29D61 /* MNCalendarViewLayout.h */ = {isa = PBXFileReference; fileEncoding = 4; lastKnownFileType = sourcecode.c.h; path = MNCalendarViewLayout.h; sourceTree = "<group>"; };
		B23E427C1915C90200B29D61 /* MNCalendarViewLayout.m */ = {isa = PBXFileReference; fileEncoding = 4; lastKnownFileType = sourcecode.c.objc; path = MNCalendarViewLayout.m; sourceTree = "<group>"; };
		B23E427D1915C90200B29D61 /* MNCalendarViewWeekdayCell.h */ = {isa = PBXFileReference; fileEncoding = 4; lastKnownFileType = sourcecode.c.h; path = MNCalendarViewWeekdayCell.h; sourceTree = "<group>"; };
		B23E427E1915C90200B29D61 /* MNCalendarViewWeekdayCell.m */ = {isa = PBXFileReference; fileEncoding = 4; lastKnownFileType = sourcecode.c.objc; path = MNCalendarViewWeekdayCell.m; sourceTree = "<group>"; };
		B23E427F1915C90200B29D61 /* MNFastDateEnumeration.h */ = {isa = PBXFileReference; fileEncoding = 4; lastKnownFileType = sourcecode.c.h; path = MNFastDateEnumeration.h; sourceTree = "<group>"; };
		B23E42801915C90200B29D61 /* MNFastDateEnumeration.m */ = {isa = PBXFileReference; fileEncoding = 4; lastKnownFileType = sourcecode.c.objc; path = MNFastDateEnumeration.m; sourceTree = "<group>"; };
		B23E42811915C90200B29D61 /* NSDate+MNAdditions.h */ = {isa = PBXFileReference; fileEncoding = 4; lastKnownFileType = sourcecode.c.h; path = "NSDate+MNAdditions.h"; sourceTree = "<group>"; };
		B23E42821915C90200B29D61 /* NSDate+MNAdditions.m */ = {isa = PBXFileReference; fileEncoding = 4; lastKnownFileType = sourcecode.c.objc; path = "NSDate+MNAdditions.m"; sourceTree = "<group>"; };
		B23E428B1915CDC400B29D61 /* NCCalendarViewDayCell.h */ = {isa = PBXFileReference; fileEncoding = 4; lastKnownFileType = sourcecode.c.h; path = NCCalendarViewDayCell.h; sourceTree = "<group>"; };
		B23E428C1915CDC400B29D61 /* NCCalendarViewDayCell.m */ = {isa = PBXFileReference; fileEncoding = 4; lastKnownFileType = sourcecode.c.objc; path = NCCalendarViewDayCell.m; sourceTree = "<group>"; };
		B23E4295191706BF00B29D61 /* UITabBarController+Rotations.h */ = {isa = PBXFileReference; fileEncoding = 4; lastKnownFileType = sourcecode.c.h; path = "UITabBarController+Rotations.h"; sourceTree = "<group>"; };
		B23E4296191706BF00B29D61 /* UITabBarController+Rotations.m */ = {isa = PBXFileReference; fileEncoding = 4; lastKnownFileType = sourcecode.c.objc; path = "UITabBarController+Rotations.m"; sourceTree = "<group>"; };
		B23E429819170D9600B29D61 /* NCScheduleCell.h */ = {isa = PBXFileReference; fileEncoding = 4; lastKnownFileType = sourcecode.c.h; path = NCScheduleCell.h; sourceTree = "<group>"; };
		B23E429919170D9600B29D61 /* NCScheduleCell.m */ = {isa = PBXFileReference; fileEncoding = 4; lastKnownFileType = sourcecode.c.objc; path = NCScheduleCell.m; sourceTree = "<group>"; };
		B23E429C19172FE600B29D61 /* NCEventStore.h */ = {isa = PBXFileReference; fileEncoding = 4; lastKnownFileType = sourcecode.c.h; path = NCEventStore.h; sourceTree = "<group>"; };
		B23E429D19172FE600B29D61 /* NCEventStore.m */ = {isa = PBXFileReference; fileEncoding = 4; lastKnownFileType = sourcecode.c.objc; path = NCEventStore.m; sourceTree = "<group>"; };
		B23E429F1919CFEC00B29D61 /* NCDailyEventsViewController.h */ = {isa = PBXFileReference; fileEncoding = 4; lastKnownFileType = sourcecode.c.h; path = NCDailyEventsViewController.h; sourceTree = "<group>"; };
		B23E42A01919CFEC00B29D61 /* NCDailyEventsViewController.m */ = {isa = PBXFileReference; fileEncoding = 4; lastKnownFileType = sourcecode.c.objc; path = NCDailyEventsViewController.m; sourceTree = "<group>"; };
		B23E42A21919D82500B29D61 /* NCEventDetailsViewController.h */ = {isa = PBXFileReference; fileEncoding = 4; lastKnownFileType = sourcecode.c.h; path = NCEventDetailsViewController.h; sourceTree = "<group>"; };
		B23E42A31919D82500B29D61 /* NCEventDetailsViewController.m */ = {isa = PBXFileReference; fileEncoding = 4; lastKnownFileType = sourcecode.c.objc; path = NCEventDetailsViewController.m; sourceTree = "<group>"; };
		B23E42A5191AB7C900B29D61 /* NCEventDetailsCell.h */ = {isa = PBXFileReference; fileEncoding = 4; lastKnownFileType = sourcecode.c.h; path = NCEventDetailsCell.h; sourceTree = "<group>"; };
		B23E42A6191AB7C900B29D61 /* NCEventDetailsCell.m */ = {isa = PBXFileReference; fileEncoding = 4; lastKnownFileType = sourcecode.c.objc; path = NCEventDetailsCell.m; sourceTree = "<group>"; };
		B23E42A8191ABA1100B29D61 /* NCEventOpponentsCell.h */ = {isa = PBXFileReference; fileEncoding = 4; lastKnownFileType = sourcecode.c.h; path = NCEventOpponentsCell.h; sourceTree = "<group>"; };
		B23E42A9191ABA1100B29D61 /* NCEventOpponentsCell.m */ = {isa = PBXFileReference; fileEncoding = 4; lastKnownFileType = sourcecode.c.objc; path = NCEventOpponentsCell.m; sourceTree = "<group>"; };
		B23E42AB191ABC8D00B29D61 /* NCEfficientTableViewCell.h */ = {isa = PBXFileReference; fileEncoding = 4; lastKnownFileType = sourcecode.c.h; path = NCEfficientTableViewCell.h; sourceTree = "<group>"; };
		B23E42AC191ABC8D00B29D61 /* NCEfficientTableViewCell.m */ = {isa = PBXFileReference; fileEncoding = 4; lastKnownFileType = sourcecode.c.objc; path = NCEfficientTableViewCell.m; sourceTree = "<group>"; };
		B23E42AE191B281700B29D61 /* NCDailyEventCell.h */ = {isa = PBXFileReference; fileEncoding = 4; lastKnownFileType = sourcecode.c.h; path = NCDailyEventCell.h; sourceTree = "<group>"; };
		B23E42AF191B281700B29D61 /* NCDailyEventCell.m */ = {isa = PBXFileReference; fileEncoding = 4; lastKnownFileType = sourcecode.c.objc; path = NCDailyEventCell.m; sourceTree = "<group>"; };
		B23E42B2191ED5E900B29D61 /* NCSocialPostCell.h */ = {isa = PBXFileReference; fileEncoding = 4; lastKnownFileType = sourcecode.c.h; path = NCSocialPostCell.h; sourceTree = "<group>"; };
		B23E42B3191ED5E900B29D61 /* NCSocialPostCell.m */ = {isa = PBXFileReference; fileEncoding = 4; lastKnownFileType = sourcecode.c.objc; path = NCSocialPostCell.m; sourceTree = "<group>"; };
		B23E42B5191F2EFC00B29D61 /* MHPrettyDate.h */ = {isa = PBXFileReference; fileEncoding = 4; lastKnownFileType = sourcecode.c.h; path = MHPrettyDate.h; sourceTree = "<group>"; };
		B23E42B6191F2EFC00B29D61 /* MHPrettyDate.m */ = {isa = PBXFileReference; fileEncoding = 4; lastKnownFileType = sourcecode.c.objc; path = MHPrettyDate.m; sourceTree = "<group>"; };
		B23E42BC191FBA5C00B29D61 /* NCHomeBulletinCell.h */ = {isa = PBXFileReference; fileEncoding = 4; lastKnownFileType = sourcecode.c.h; path = NCHomeBulletinCell.h; sourceTree = "<group>"; };
		B23E42BD191FBA5C00B29D61 /* NCHomeBulletinCell.m */ = {isa = PBXFileReference; fileEncoding = 4; lastKnownFileType = sourcecode.c.objc; path = NCHomeBulletinCell.m; sourceTree = "<group>"; };
		B28A45F318D096880055426F /* NCEventsViewController.h */ = {isa = PBXFileReference; fileEncoding = 4; lastKnownFileType = sourcecode.c.h; path = NCEventsViewController.h; sourceTree = "<group>"; };
		B28A45F418D096880055426F /* NCEventsViewController.m */ = {isa = PBXFileReference; fileEncoding = 4; lastKnownFileType = sourcecode.c.objc; path = NCEventsViewController.m; sourceTree = "<group>"; };
		B28A460618D2BC250055426F /* NCWebViewController.h */ = {isa = PBXFileReference; fileEncoding = 4; lastKnownFileType = sourcecode.c.h; path = NCWebViewController.h; sourceTree = "<group>"; };
		B28A460718D2BC250055426F /* NCWebViewController.m */ = {isa = PBXFileReference; fileEncoding = 4; lastKnownFileType = sourcecode.c.objc; path = NCWebViewController.m; sourceTree = "<group>"; };
		B28A461018D2D2160055426F /* NCDocumentViewController.h */ = {isa = PBXFileReference; fileEncoding = 4; lastKnownFileType = sourcecode.c.h; path = NCDocumentViewController.h; sourceTree = "<group>"; };
		B28A461118D2D2160055426F /* NCDocumentViewController.m */ = {isa = PBXFileReference; fileEncoding = 4; lastKnownFileType = sourcecode.c.objc; path = NCDocumentViewController.m; sourceTree = "<group>"; };
		B28A461318D2D2E90055426F /* NCSocialViewController.h */ = {isa = PBXFileReference; fileEncoding = 4; lastKnownFileType = sourcecode.c.h; path = NCSocialViewController.h; sourceTree = "<group>"; };
		B28A461418D2D2E90055426F /* NCSocialViewController.m */ = {isa = PBXFileReference; fileEncoding = 4; lastKnownFileType = sourcecode.c.objc; path = NCSocialViewController.m; sourceTree = "<group>"; };
		B28A461618D2D5250055426F /* NCSchedulesViewController.h */ = {isa = PBXFileReference; fileEncoding = 4; lastKnownFileType = sourcecode.c.h; path = NCSchedulesViewController.h; sourceTree = "<group>"; };
		B28A461718D2D5250055426F /* NCSchedulesViewController.m */ = {isa = PBXFileReference; fileEncoding = 4; lastKnownFileType = sourcecode.c.objc; path = NCSchedulesViewController.m; sourceTree = "<group>"; };
		B28A461A18D3881B0055426F /* NCLoadingView.h */ = {isa = PBXFileReference; fileEncoding = 4; lastKnownFileType = sourcecode.c.h; path = NCLoadingView.h; sourceTree = "<group>"; };
		B28A461B18D3881B0055426F /* NCLoadingView.m */ = {isa = PBXFileReference; fileEncoding = 4; lastKnownFileType = sourcecode.c.objc; path = NCLoadingView.m; sourceTree = "<group>"; };
		B28A461D18D3A5380055426F /* NCRemoteViewController.h */ = {isa = PBXFileReference; fileEncoding = 4; lastKnownFileType = sourcecode.c.h; path = NCRemoteViewController.h; sourceTree = "<group>"; };
		B28A461E18D3A5380055426F /* NCRemoteViewController.m */ = {isa = PBXFileReference; fileEncoding = 4; lastKnownFileType = sourcecode.c.objc; path = NCRemoteViewController.m; sourceTree = "<group>"; };
		B28A462018D3B03B0055426F /* NCErrorView.h */ = {isa = PBXFileReference; fileEncoding = 4; lastKnownFileType = sourcecode.c.h; path = NCErrorView.h; sourceTree = "<group>"; };
		B28A462118D3B03B0055426F /* NCErrorView.m */ = {isa = PBXFileReference; fileEncoding = 4; lastKnownFileType = sourcecode.c.objc; path = NCErrorView.m; sourceTree = "<group>"; };
		B28A463B18DBE46D0055426F /* NCSocialPost.h */ = {isa = PBXFileReference; fileEncoding = 4; lastKnownFileType = sourcecode.c.h; path = NCSocialPost.h; sourceTree = "<group>"; };
		B28A463C18DBE46D0055426F /* NCSocialPost.m */ = {isa = PBXFileReference; fileEncoding = 4; lastKnownFileType = sourcecode.c.objc; path = NCSocialPost.m; sourceTree = "<group>"; };
		B28A464518DD5E970055426F /* NCCoverView.h */ = {isa = PBXFileReference; fileEncoding = 4; lastKnownFileType = sourcecode.c.h; path = NCCoverView.h; sourceTree = "<group>"; };
		B28A464618DD5E970055426F /* NCCoverView.m */ = {isa = PBXFileReference; fileEncoding = 4; lastKnownFileType = sourcecode.c.objc; path = NCCoverView.m; sourceTree = "<group>"; };
		B28A97861A1C07ED00F560C7 /* Launch Screen.xib */ = {isa = PBXFileReference; fileEncoding = 4; lastKnownFileType = file.xib; name = "Launch Screen.xib"; path = "../Launch Screen.xib"; sourceTree = "<group>"; };
		B2DA06B2191066BE00867F18 /* NCContactViewController.h */ = {isa = PBXFileReference; fileEncoding = 4; lastKnownFileType = sourcecode.c.h; path = NCContactViewController.h; sourceTree = "<group>"; };
		B2DA06B3191066BF00867F18 /* NCContactViewController.m */ = {isa = PBXFileReference; fileEncoding = 4; lastKnownFileType = sourcecode.c.objc; path = NCContactViewController.m; sourceTree = "<group>"; };
		B2DA06B51910936B00867F18 /* MapKit.framework */ = {isa = PBXFileReference; lastKnownFileType = wrapper.framework; name = MapKit.framework; path = System/Library/Frameworks/MapKit.framework; sourceTree = SDKROOT; };
		B2DA06B71911D6D500867F18 /* NCCalendarEvent.h */ = {isa = PBXFileReference; fileEncoding = 4; lastKnownFileType = sourcecode.c.h; path = NCCalendarEvent.h; sourceTree = "<group>"; };
		B2DA06B81911D6D500867F18 /* NCCalendarEvent.m */ = {isa = PBXFileReference; fileEncoding = 4; lastKnownFileType = sourcecode.c.objc; path = NCCalendarEvent.m; sourceTree = "<group>"; };
		B2FD4E5C180752FA00EB1C51 /* Newman Knights.app */ = {isa = PBXFileReference; explicitFileType = wrapper.application; includeInIndex = 0; path = "Newman Knights.app"; sourceTree = BUILT_PRODUCTS_DIR; };
		B2FD4E5F180752FA00EB1C51 /* Foundation.framework */ = {isa = PBXFileReference; lastKnownFileType = wrapper.framework; name = Foundation.framework; path = System/Library/Frameworks/Foundation.framework; sourceTree = SDKROOT; };
		B2FD4E61180752FA00EB1C51 /* CoreGraphics.framework */ = {isa = PBXFileReference; lastKnownFileType = wrapper.framework; name = CoreGraphics.framework; path = System/Library/Frameworks/CoreGraphics.framework; sourceTree = SDKROOT; };
		B2FD4E63180752FA00EB1C51 /* UIKit.framework */ = {isa = PBXFileReference; lastKnownFileType = wrapper.framework; name = UIKit.framework; path = System/Library/Frameworks/UIKit.framework; sourceTree = SDKROOT; };
		B2FD4E67180752FA00EB1C51 /* Newman Knights-Info.plist */ = {isa = PBXFileReference; lastKnownFileType = text.plist.xml; path = "Newman Knights-Info.plist"; sourceTree = "<group>"; };
		B2FD4E69180752FA00EB1C51 /* en */ = {isa = PBXFileReference; lastKnownFileType = text.plist.strings; name = en; path = en.lproj/InfoPlist.strings; sourceTree = "<group>"; };
		B2FD4E6B180752FA00EB1C51 /* main.m */ = {isa = PBXFileReference; lastKnownFileType = sourcecode.c.objc; path = main.m; sourceTree = "<group>"; };
		B2FD4E6D180752FA00EB1C51 /* Newman Knights-Prefix.pch */ = {isa = PBXFileReference; lastKnownFileType = sourcecode.c.h; path = "Newman Knights-Prefix.pch"; sourceTree = "<group>"; };
		B2FD4E6E180752FA00EB1C51 /* NCAppDelegate.h */ = {isa = PBXFileReference; lastKnownFileType = sourcecode.c.h; path = NCAppDelegate.h; sourceTree = "<group>"; };
		B2FD4E6F180752FA00EB1C51 /* NCAppDelegate.m */ = {isa = PBXFileReference; lastKnownFileType = sourcecode.c.objc; path = NCAppDelegate.m; sourceTree = "<group>"; };
		B2FD4E77180752FA00EB1C51 /* NCHomeViewController.h */ = {isa = PBXFileReference; lastKnownFileType = sourcecode.c.h; path = NCHomeViewController.h; sourceTree = "<group>"; };
		B2FD4E78180752FA00EB1C51 /* NCHomeViewController.m */ = {isa = PBXFileReference; lastKnownFileType = sourcecode.c.objc; path = NCHomeViewController.m; sourceTree = "<group>"; };
		B2FD4E7D180752FB00EB1C51 /* Images.xcassets */ = {isa = PBXFileReference; lastKnownFileType = folder.assetcatalog; path = Images.xcassets; sourceTree = "<group>"; };
		B2FD4E84180752FB00EB1C51 /* XCTest.framework */ = {isa = PBXFileReference; lastKnownFileType = wrapper.framework; name = XCTest.framework; path = Library/Frameworks/XCTest.framework; sourceTree = DEVELOPER_DIR; };
		B2FD4E9A1809171C00EB1C51 /* NCGradesViewController.h */ = {isa = PBXFileReference; fileEncoding = 4; lastKnownFileType = sourcecode.c.h; path = NCGradesViewController.h; sourceTree = "<group>"; };
		B2FD4E9B1809171C00EB1C51 /* NCGradesViewController.m */ = {isa = PBXFileReference; fileEncoding = 4; lastKnownFileType = sourcecode.c.objc; path = NCGradesViewController.m; sourceTree = "<group>"; };
		B2FD4E9D18099FE800EB1C51 /* NCDataSource.h */ = {isa = PBXFileReference; fileEncoding = 4; lastKnownFileType = sourcecode.c.h; path = NCDataSource.h; sourceTree = "<group>"; };
		B2FD4E9E18099FE800EB1C51 /* NCDataSource.m */ = {isa = PBXFileReference; fileEncoding = 4; lastKnownFileType = sourcecode.c.objc; path = NCDataSource.m; sourceTree = "<group>"; };
		B2FD4EAA1809E15600EB1C51 /* XMLDictionary.h */ = {isa = PBXFileReference; fileEncoding = 4; lastKnownFileType = sourcecode.c.h; path = XMLDictionary.h; sourceTree = "<group>"; };
		B2FD4EAB1809E15600EB1C51 /* XMLDictionary.m */ = {isa = PBXFileReference; fileEncoding = 4; lastKnownFileType = sourcecode.c.objc; path = XMLDictionary.m; sourceTree = "<group>"; };
/* End PBXFileReference section */

/* Begin PBXFrameworksBuildPhase section */
		B2FD4E59180752FA00EB1C51 /* Frameworks */ = {
			isa = PBXFrameworksBuildPhase;
			buildActionMask = 2147483647;
			files = (
				B222677E1926B6D800F511CA /* Accounts.framework in Frameworks */,
				B222677C1926B6C400F511CA /* SystemConfiguration.framework in Frameworks */,
				B222677A1926B6B800F511CA /* QuartzCore.framework in Frameworks */,
				B22267781926B6B400F511CA /* Twitter.framework in Frameworks */,
				B22267741926B6AD00F511CA /* MobileCoreServices.framework in Frameworks */,
				B222675B1921BBE300F511CA /* QuickLook.framework in Frameworks */,
				B22267591921BBD400F511CA /* MessageUI.framework in Frameworks */,
				B2DA06B61910936B00867F18 /* MapKit.framework in Frameworks */,
				B2FD4E62180752FA00EB1C51 /* CoreGraphics.framework in Frameworks */,
				B2FD4E64180752FA00EB1C51 /* UIKit.framework in Frameworks */,
				B2FD4E60180752FA00EB1C51 /* Foundation.framework in Frameworks */,
			);
			runOnlyForDeploymentPostprocessing = 0;
		};
/* End PBXFrameworksBuildPhase section */

/* Begin PBXGroup section */
		B2226748192077C200F511CA /* Social */ = {
			isa = PBXGroup;
			children = (
				B28A461318D2D2E90055426F /* NCSocialViewController.h */,
				B28A461418D2D2E90055426F /* NCSocialViewController.m */,
				B23E42B2191ED5E900B29D61 /* NCSocialPostCell.h */,
				B23E42B3191ED5E900B29D61 /* NCSocialPostCell.m */,
			);
			name = Social;
			sourceTree = "<group>";
		};
		B2226752192188EC00F511CA /* Contact */ = {
			isa = PBXGroup;
			children = (
				B2DA06B2191066BE00867F18 /* NCContactViewController.h */,
				B2DA06B3191066BF00867F18 /* NCContactViewController.m */,
				B222674F1921835800F511CA /* NCDirectoryViewController.h */,
				B22267501921835800F511CA /* NCDirectoryViewController.m */,
			);
			name = Contact;
			sourceTree = "<group>";
		};
		B2226753192188FD00F511CA /* Day View */ = {
			isa = PBXGroup;
			children = (
				B23E429F1919CFEC00B29D61 /* NCDailyEventsViewController.h */,
				B23E42A01919CFEC00B29D61 /* NCDailyEventsViewController.m */,
				B23E42AE191B281700B29D61 /* NCDailyEventCell.h */,
				B23E42AF191B281700B29D61 /* NCDailyEventCell.m */,
			);
			name = "Day View";
			sourceTree = "<group>";
		};
		B22267541921890500F511CA /* Event Detail View */ = {
			isa = PBXGroup;
			children = (
				B23E42A21919D82500B29D61 /* NCEventDetailsViewController.h */,
				B23E42A31919D82500B29D61 /* NCEventDetailsViewController.m */,
				B23E42A5191AB7C900B29D61 /* NCEventDetailsCell.h */,
				B23E42A6191AB7C900B29D61 /* NCEventDetailsCell.m */,
				B23E42A8191ABA1100B29D61 /* NCEventOpponentsCell.h */,
				B23E42A9191ABA1100B29D61 /* NCEventOpponentsCell.m */,
			);
			name = "Event Detail View";
			sourceTree = "<group>";
		};
		B22267721926B61100F511CA /* Grades */ = {
			isa = PBXGroup;
			children = (
				B2FD4E9A1809171C00EB1C51 /* NCGradesViewController.h */,
				B2FD4E9B1809171C00EB1C51 /* NCGradesViewController.m */,
			);
			name = Grades;
			sourceTree = "<group>";
		};
		B22267811926BEC100F511CA /* STTwitter */ = {
			isa = PBXGroup;
			children = (
				B22267821926BEC100F511CA /* NSDateFormatter+STTwitter.h */,
				B22267831926BEC100F511CA /* NSDateFormatter+STTwitter.m */,
				B22267841926BEC100F511CA /* NSError+STTwitter.h */,
				B22267851926BEC100F511CA /* NSError+STTwitter.m */,
				B22267861926BEC100F511CA /* NSString+STTwitter.h */,
				B22267871926BEC100F511CA /* NSString+STTwitter.m */,
				B22267881926BEC100F511CA /* STHTTPRequest+STTwitter.h */,
				B22267891926BEC100F511CA /* STHTTPRequest+STTwitter.m */,
				B222678A1926BEC100F511CA /* STTwitter.h */,
				B222678B1926BEC100F511CA /* STTwitterAPI.h */,
				B222678C1926BEC100F511CA /* STTwitterAPI.m */,
				B222678D1926BEC100F511CA /* STTwitterAppOnly.h */,
				B222678E1926BEC100F511CA /* STTwitterAppOnly.m */,
				B222678F1926BEC100F511CA /* STTwitterHTML.h */,
				B22267901926BEC100F511CA /* STTwitterHTML.m */,
				B22267911926BEC100F511CA /* STTwitterOAuth.h */,
				B22267921926BEC100F511CA /* STTwitterOAuth.m */,
				B22267931926BEC100F511CA /* STTwitterOS.h */,
				B22267941926BEC100F511CA /* STTwitterOS.m */,
				B22267951926BEC100F511CA /* STTwitterOSRequest.h */,
				B22267961926BEC100F511CA /* STTwitterOSRequest.m */,
				B22267971926BEC100F511CA /* STTwitterProtocol.h */,
				B22267981926BEC100F511CA /* Vendor */,
			);
			name = STTwitter;
			path = External/STTwitter/STTwitter;
			sourceTree = SOURCE_ROOT;
		};
		B22267981926BEC100F511CA /* Vendor */ = {
			isa = PBXGroup;
			children = (
				B22267991926BEC100F511CA /* BAVPlistNode.h */,
				B222679A1926BEC100F511CA /* BAVPlistNode.m */,
				B222679B1926BEC100F511CA /* JSONSyntaxHighlight.h */,
				B222679C1926BEC100F511CA /* JSONSyntaxHighlight.m */,
				B222679D1926BEC100F511CA /* STHTTPRequest.h */,
				B222679E1926BEC100F511CA /* STHTTPRequest.m */,
			);
			path = Vendor;
			sourceTree = "<group>";
		};
		B22267AC1926C03900F511CA /* AFNetworking */ = {
			isa = PBXGroup;
			children = (
				B22267AD1926C03900F511CA /* AFHTTPRequestOperation.h */,
				B22267AE1926C03900F511CA /* AFHTTPRequestOperation.m */,
				B22267AF1926C03900F511CA /* AFHTTPRequestOperationManager.h */,
				B22267B01926C03900F511CA /* AFHTTPRequestOperationManager.m */,
				B22267B11926C03900F511CA /* AFHTTPSessionManager.h */,
				B22267B21926C03900F511CA /* AFHTTPSessionManager.m */,
				B22267B31926C03900F511CA /* AFNetworking.h */,
				B22267B41926C03900F511CA /* AFNetworkReachabilityManager.h */,
				B22267B51926C03900F511CA /* AFNetworkReachabilityManager.m */,
				B22267B61926C03900F511CA /* AFSecurityPolicy.h */,
				B22267B71926C03900F511CA /* AFSecurityPolicy.m */,
				B22267B81926C03900F511CA /* AFURLConnectionOperation.h */,
				B22267B91926C03900F511CA /* AFURLConnectionOperation.m */,
				B22267BA1926C03900F511CA /* AFURLRequestSerialization.h */,
				B22267BB1926C03900F511CA /* AFURLRequestSerialization.m */,
				B22267BC1926C03900F511CA /* AFURLResponseSerialization.h */,
				B22267BD1926C03900F511CA /* AFURLResponseSerialization.m */,
				B22267BE1926C03900F511CA /* AFURLSessionManager.h */,
				B22267BF1926C03900F511CA /* AFURLSessionManager.m */,
			);
			name = AFNetworking;
			path = External/AFNetworking/AFNetworking;
			sourceTree = SOURCE_ROOT;
		};
		B22267C01926C03900F511CA /* UIKit+AFNetworking */ = {
			isa = PBXGroup;
			children = (
				B22267C11926C03900F511CA /* AFNetworkActivityIndicatorManager.h */,
				B22267C21926C03900F511CA /* AFNetworkActivityIndicatorManager.m */,
				B22267C31926C03900F511CA /* UIActivityIndicatorView+AFNetworking.h */,
				B22267C41926C03900F511CA /* UIActivityIndicatorView+AFNetworking.m */,
				B22267C51926C03900F511CA /* UIAlertView+AFNetworking.h */,
				B22267C61926C03900F511CA /* UIAlertView+AFNetworking.m */,
				B22267C71926C03900F511CA /* UIButton+AFNetworking.h */,
				B22267C81926C03900F511CA /* UIButton+AFNetworking.m */,
				B22267C91926C03900F511CA /* UIImageView+AFNetworking.h */,
				B22267CA1926C03900F511CA /* UIImageView+AFNetworking.m */,
				B22267CB1926C03900F511CA /* UIKit+AFNetworking.h */,
				B22267CC1926C03900F511CA /* UIProgressView+AFNetworking.h */,
				B22267CD1926C03900F511CA /* UIProgressView+AFNetworking.m */,
				B22267CE1926C03900F511CA /* UIRefreshControl+AFNetworking.h */,
				B22267CF1926C03900F511CA /* UIRefreshControl+AFNetworking.m */,
				B22267D01926C03900F511CA /* UIWebView+AFNetworking.h */,
				B22267D11926C03900F511CA /* UIWebView+AFNetworking.m */,
			);
			name = "UIKit+AFNetworking";
			path = "External/AFNetworking/UIKit+AFNetworking";
			sourceTree = SOURCE_ROOT;
		};
		B2264D431870AFA100182F0D /* News */ = {
			isa = PBXGroup;
			children = (
				B2FD4E77180752FA00EB1C51 /* NCHomeViewController.h */,
				B2FD4E78180752FA00EB1C51 /* NCHomeViewController.m */,
				B23E42BC191FBA5C00B29D61 /* NCHomeBulletinCell.h */,
				B23E42BD191FBA5C00B29D61 /* NCHomeBulletinCell.m */,
				B28A464518DD5E970055426F /* NCCoverView.h */,
				B28A464618DD5E970055426F /* NCCoverView.m */,
				B22267551921A5A300F511CA /* NCCoverViewPreviewItem.h */,
				B22267561921A5A300F511CA /* NCCoverViewPreviewItem.m */,
			);
			name = News;
			sourceTree = "<group>";
		};
		B23E42711915C90200B29D61 /* MNCalendarView */ = {
			isa = PBXGroup;
			children = (
				B23E42721915C90200B29D61 /* MNCalendarHeaderView.h */,
				B23E42731915C90200B29D61 /* MNCalendarHeaderView.m */,
				B23E42741915C90200B29D61 /* MNCalendarView-Prefix.pch */,
				B23E42751915C90200B29D61 /* MNCalendarView.h */,
				B23E42761915C90200B29D61 /* MNCalendarView.m */,
				B23E42771915C90200B29D61 /* MNCalendarViewCell.h */,
				B23E42781915C90200B29D61 /* MNCalendarViewCell.m */,
				B23E42791915C90200B29D61 /* MNCalendarViewDayCell.h */,
				B23E427A1915C90200B29D61 /* MNCalendarViewDayCell.m */,
				B23E427B1915C90200B29D61 /* MNCalendarViewLayout.h */,
				B23E427C1915C90200B29D61 /* MNCalendarViewLayout.m */,
				B23E427D1915C90200B29D61 /* MNCalendarViewWeekdayCell.h */,
				B23E427E1915C90200B29D61 /* MNCalendarViewWeekdayCell.m */,
				B23E427F1915C90200B29D61 /* MNFastDateEnumeration.h */,
				B23E42801915C90200B29D61 /* MNFastDateEnumeration.m */,
				B23E42811915C90200B29D61 /* NSDate+MNAdditions.h */,
				B23E42821915C90200B29D61 /* NSDate+MNAdditions.m */,
			);
			path = MNCalendarView;
			sourceTree = "<group>";
		};
		B23E428E1915CDCE00B29D61 /* Events */ = {
			isa = PBXGroup;
			children = (
				B28A45F318D096880055426F /* NCEventsViewController.h */,
				B28A45F418D096880055426F /* NCEventsViewController.m */,
				B23E428B1915CDC400B29D61 /* NCCalendarViewDayCell.h */,
				B23E428C1915CDC400B29D61 /* NCCalendarViewDayCell.m */,
				B2226753192188FD00F511CA /* Day View */,
				B22267541921890500F511CA /* Event Detail View */,
			);
			name = Events;
			sourceTree = "<group>";
		};
		B23E429B19170D9B00B29D61 /* Schedules */ = {
			isa = PBXGroup;
			children = (
				B28A461618D2D5250055426F /* NCSchedulesViewController.h */,
				B28A461718D2D5250055426F /* NCSchedulesViewController.m */,
				B23E429819170D9600B29D61 /* NCScheduleCell.h */,
				B23E429919170D9600B29D61 /* NCScheduleCell.m */,
			);
			name = Schedules;
			sourceTree = "<group>";
		};
		B23E42B1191C6E3100B29D61 /* External */ = {
			isa = PBXGroup;
			children = (
				B22267AC1926C03900F511CA /* AFNetworking */,
				B22267C01926C03900F511CA /* UIKit+AFNetworking */,
				B22267811926BEC100F511CA /* STTwitter */,
				B2FD4EAA1809E15600EB1C51 /* XMLDictionary.h */,
				B2FD4EAB1809E15600EB1C51 /* XMLDictionary.m */,
				B23E42B5191F2EFC00B29D61 /* MHPrettyDate.h */,
				B23E42B6191F2EFC00B29D61 /* MHPrettyDate.m */,
				B222674C192100A100F511CA /* NSString+HTML.h */,
				B222674D192100A100F511CA /* NSString+HTML.m */,
				B23E42711915C90200B29D61 /* MNCalendarView */,
			);
			name = External;
			sourceTree = "<group>";
		};
		B28A45F618D097510055426F /* Data Source */ = {
			isa = PBXGroup;
			children = (
				B2FD4E9D18099FE800EB1C51 /* NCDataSource.h */,
				B2FD4E9E18099FE800EB1C51 /* NCDataSource.m */,
				B23E429C19172FE600B29D61 /* NCEventStore.h */,
				B23E429D19172FE600B29D61 /* NCEventStore.m */,
				B28A463B18DBE46D0055426F /* NCSocialPost.h */,
				B28A463C18DBE46D0055426F /* NCSocialPost.m */,
				B2DA06B71911D6D500867F18 /* NCCalendarEvent.h */,
				B2DA06B81911D6D500867F18 /* NCCalendarEvent.m */,
			);
			name = "Data Source";
			sourceTree = "<group>";
		};
		B28A461918D2D5300055426F /* Generic */ = {
			isa = PBXGroup;
			children = (
				B23E4295191706BF00B29D61 /* UITabBarController+Rotations.h */,
				B23E4296191706BF00B29D61 /* UITabBarController+Rotations.m */,
				B28A461D18D3A5380055426F /* NCRemoteViewController.h */,
				B28A461E18D3A5380055426F /* NCRemoteViewController.m */,
				B28A460618D2BC250055426F /* NCWebViewController.h */,
				B28A460718D2BC250055426F /* NCWebViewController.m */,
				B28A461018D2D2160055426F /* NCDocumentViewController.h */,
				B28A461118D2D2160055426F /* NCDocumentViewController.m */,
				B28A461A18D3881B0055426F /* NCLoadingView.h */,
				B28A461B18D3881B0055426F /* NCLoadingView.m */,
				B28A462018D3B03B0055426F /* NCErrorView.h */,
				B28A462118D3B03B0055426F /* NCErrorView.m */,
				B23E42AB191ABC8D00B29D61 /* NCEfficientTableViewCell.h */,
				B23E42AC191ABC8D00B29D61 /* NCEfficientTableViewCell.m */,
			);
			name = Generic;
			sourceTree = "<group>";
		};
		B2FD4E53180752FA00EB1C51 = {
			isa = PBXGroup;
			children = (
				B2FD4E65180752FA00EB1C51 /* Newman Knights */,
				B2FD4E5E180752FA00EB1C51 /* Frameworks */,
				B2FD4E5D180752FA00EB1C51 /* Products */,
			);
			sourceTree = "<group>";
		};
		B2FD4E5D180752FA00EB1C51 /* Products */ = {
			isa = PBXGroup;
			children = (
				B2FD4E5C180752FA00EB1C51 /* Newman Knights.app */,
			);
			name = Products;
			sourceTree = "<group>";
		};
		B2FD4E5E180752FA00EB1C51 /* Frameworks */ = {
			isa = PBXGroup;
			children = (
				B222677D1926B6D800F511CA /* Accounts.framework */,
				B222677B1926B6C400F511CA /* SystemConfiguration.framework */,
				B22267791926B6B800F511CA /* QuartzCore.framework */,
				B22267771926B6B400F511CA /* Twitter.framework */,
				B22267751926B6B100F511CA /* Security.framework */,
				B22267731926B6AD00F511CA /* MobileCoreServices.framework */,
				B222675A1921BBE300F511CA /* QuickLook.framework */,
				B22267581921BBD400F511CA /* MessageUI.framework */,
				B2DA06B51910936B00867F18 /* MapKit.framework */,
				B2FD4E5F180752FA00EB1C51 /* Foundation.framework */,
				B2FD4E61180752FA00EB1C51 /* CoreGraphics.framework */,
				B2FD4E63180752FA00EB1C51 /* UIKit.framework */,
				B2FD4E84180752FB00EB1C51 /* XCTest.framework */,
			);
			name = Frameworks;
			sourceTree = "<group>";
		};
		B2FD4E65180752FA00EB1C51 /* Newman Knights */ = {
			isa = PBXGroup;
			children = (
				B23E42B1191C6E3100B29D61 /* External */,
				B28A45F618D097510055426F /* Data Source */,
				B2FD4E6E180752FA00EB1C51 /* NCAppDelegate.h */,
				B2FD4E6F180752FA00EB1C51 /* NCAppDelegate.m */,
				B22267E31926CF3C00F511CA /* NCAppConfig.h */,
				B28A461918D2D5300055426F /* Generic */,
				B2264D431870AFA100182F0D /* News */,
				B23E428E1915CDCE00B29D61 /* Events */,
				B22267721926B61100F511CA /* Grades */,
				B2226748192077C200F511CA /* Social */,
				B23E429B19170D9B00B29D61 /* Schedules */,
				B2226752192188EC00F511CA /* Contact */,
				B2FD4E7D180752FB00EB1C51 /* Images.xcassets */,
				B28A97861A1C07ED00F560C7 /* Launch Screen.xib */,
				B2FD4E66180752FA00EB1C51 /* Supporting Files */,
			);
			path = "Newman Knights";
			sourceTree = "<group>";
		};
		B2FD4E66180752FA00EB1C51 /* Supporting Files */ = {
			isa = PBXGroup;
			children = (
				B2FD4E67180752FA00EB1C51 /* Newman Knights-Info.plist */,
				B2FD4E68180752FA00EB1C51 /* InfoPlist.strings */,
				B2FD4E6B180752FA00EB1C51 /* main.m */,
				B2FD4E6D180752FA00EB1C51 /* Newman Knights-Prefix.pch */,
			);
			name = "Supporting Files";
			sourceTree = "<group>";
		};
/* End PBXGroup section */

/* Begin PBXNativeTarget section */
		B2FD4E5B180752FA00EB1C51 /* Newman Knights */ = {
			isa = PBXNativeTarget;
			buildConfigurationList = B2FD4E94180752FB00EB1C51 /* Build configuration list for PBXNativeTarget "Newman Knights" */;
			buildPhases = (
				B2FD4E58180752FA00EB1C51 /* Sources */,
				B2FD4E59180752FA00EB1C51 /* Frameworks */,
				B2FD4E5A180752FA00EB1C51 /* Resources */,
			);
			buildRules = (
			);
			dependencies = (
			);
			name = "Newman Knights";
			productName = "Newman Knights";
			productReference = B2FD4E5C180752FA00EB1C51 /* Newman Knights.app */;
			productType = "com.apple.product-type.application";
		};
/* End PBXNativeTarget section */

/* Begin PBXProject section */
		B2FD4E54180752FA00EB1C51 /* Project object */ = {
			isa = PBXProject;
			attributes = {
				CLASSPREFIX = NC;
				LastUpgradeCheck = 0510;
				ORGANIZATIONNAME = "Newman Catholic";
				TargetAttributes = {
					B2FD4E5B180752FA00EB1C51 = {
						DevelopmentTeam = 7299G5Q7ZR;
					};
				};
			};
			buildConfigurationList = B2FD4E57180752FA00EB1C51 /* Build configuration list for PBXProject "Newman Knights" */;
			compatibilityVersion = "Xcode 3.2";
			developmentRegion = English;
			hasScannedForEncodings = 0;
			knownRegions = (
				en,
				Base,
			);
			mainGroup = B2FD4E53180752FA00EB1C51;
			productRefGroup = B2FD4E5D180752FA00EB1C51 /* Products */;
			projectDirPath = "";
			projectRoot = "";
			targets = (
				B2FD4E5B180752FA00EB1C51 /* Newman Knights */,
			);
		};
/* End PBXProject section */

/* Begin PBXResourcesBuildPhase section */
		B2FD4E5A180752FA00EB1C51 /* Resources */ = {
			isa = PBXResourcesBuildPhase;
			buildActionMask = 2147483647;
			files = (
				B2FD4E7E180752FB00EB1C51 /* Images.xcassets in Resources */,
				B2FD4E6A180752FA00EB1C51 /* InfoPlist.strings in Resources */,
				B28A97871A1C07ED00F560C7 /* Launch Screen.xib in Resources */,
			);
			runOnlyForDeploymentPostprocessing = 0;
		};
/* End PBXResourcesBuildPhase section */

/* Begin PBXSourcesBuildPhase section */
		B2FD4E58180752FA00EB1C51 /* Sources */ = {
			isa = PBXSourcesBuildPhase;
			buildActionMask = 2147483647;
			files = (
				B22267A71926BEC100F511CA /* STTwitterOS.m in Sources */,
				B22267A01926BEC100F511CA /* NSError+STTwitter.m in Sources */,
				B22267AB1926BEC100F511CA /* STHTTPRequest.m in Sources */,
				B23E428A1915C90200B29D61 /* NSDate+MNAdditions.m in Sources */,
				B23E42841915C90200B29D61 /* MNCalendarView.m in Sources */,
				B23E428D1915CDC400B29D61 /* NCCalendarViewDayCell.m in Sources */,
				B22267A41926BEC100F511CA /* STTwitterAppOnly.m in Sources */,
				B28A464718DD5E970055426F /* NCCoverView.m in Sources */,
				B22267D71926C03900F511CA /* AFURLConnectionOperation.m in Sources */,
				B2FD4E9F18099FE800EB1C51 /* NCDataSource.m in Sources */,
				B22267A51926BEC100F511CA /* STTwitterHTML.m in Sources */,
				B28A461518D2D2E90055426F /* NCSocialViewController.m in Sources */,
				B28A45F518D096880055426F /* NCEventsViewController.m in Sources */,
				B22267A11926BEC100F511CA /* NSString+STTwitter.m in Sources */,
				B22267571921A5A300F511CA /* NCCoverViewPreviewItem.m in Sources */,
				B22267E01926C03900F511CA /* UIProgressView+AFNetworking.m in Sources */,
				B23E42B4191ED5E900B29D61 /* NCSocialPostCell.m in Sources */,
				B2DA06B4191066BF00867F18 /* NCContactViewController.m in Sources */,
				B22267DC1926C03900F511CA /* UIActivityIndicatorView+AFNetworking.m in Sources */,
				B23E42861915C90200B29D61 /* MNCalendarViewDayCell.m in Sources */,
				B22267A31926BEC100F511CA /* STTwitterAPI.m in Sources */,
				B23E42BE191FBA5C00B29D61 /* NCHomeBulletinCell.m in Sources */,
				B23E42A41919D82500B29D61 /* NCEventDetailsViewController.m in Sources */,
				B23E429A19170D9600B29D61 /* NCScheduleCell.m in Sources */,
				B22267D21926C03900F511CA /* AFHTTPRequestOperation.m in Sources */,
				B22267D51926C03900F511CA /* AFNetworkReachabilityManager.m in Sources */,
				B2FD4E6C180752FA00EB1C51 /* main.m in Sources */,
				B23E42B7191F2EFC00B29D61 /* MHPrettyDate.m in Sources */,
				B22267DB1926C03900F511CA /* AFNetworkActivityIndicatorManager.m in Sources */,
				B23E42AA191ABA1100B29D61 /* NCEventOpponentsCell.m in Sources */,
				B23E42A7191AB7C900B29D61 /* NCEventDetailsCell.m in Sources */,
				B23E42851915C90200B29D61 /* MNCalendarViewCell.m in Sources */,
				B2FD4E70180752FA00EB1C51 /* NCAppDelegate.m in Sources */,
				B22267D91926C03900F511CA /* AFURLResponseSerialization.m in Sources */,
				B2FD4E79180752FA00EB1C51 /* NCHomeViewController.m in Sources */,
				B22267A81926BEC100F511CA /* STTwitterOSRequest.m in Sources */,
				B22267D61926C03900F511CA /* AFSecurityPolicy.m in Sources */,
				B2DA06B91911D6D500867F18 /* NCCalendarEvent.m in Sources */,
				B22267A61926BEC100F511CA /* STTwitterOAuth.m in Sources */,
				B23E4297191706BF00B29D61 /* UITabBarController+Rotations.m in Sources */,
				B222674E192100A100F511CA /* NSString+HTML.m in Sources */,
				B28A461218D2D2160055426F /* NCDocumentViewController.m in Sources */,
				B23E42B0191B281700B29D61 /* NCDailyEventCell.m in Sources */,
				B28A463D18DBE46D0055426F /* NCSocialPost.m in Sources */,
				B23E429E19172FE600B29D61 /* NCEventStore.m in Sources */,
				B22267AA1926BEC100F511CA /* JSONSyntaxHighlight.m in Sources */,
				B22267E21926C03900F511CA /* UIWebView+AFNetworking.m in Sources */,
				B22267D41926C03900F511CA /* AFHTTPSessionManager.m in Sources */,
				B22267A91926BEC100F511CA /* BAVPlistNode.m in Sources */,
				B2FD4EAC1809E15600EB1C51 /* XMLDictionary.m in Sources */,
				B22267511921835800F511CA /* NCDirectoryViewController.m in Sources */,
				B22267E11926C03900F511CA /* UIRefreshControl+AFNetworking.m in Sources */,
				B222679F1926BEC100F511CA /* NSDateFormatter+STTwitter.m in Sources */,
				B23E42A11919CFEC00B29D61 /* NCDailyEventsViewController.m in Sources */,
				B22267A21926BEC100F511CA /* STHTTPRequest+STTwitter.m in Sources */,
				B22267DA1926C03900F511CA /* AFURLSessionManager.m in Sources */,
				B22267DE1926C03900F511CA /* UIButton+AFNetworking.m in Sources */,
				B23E42831915C90200B29D61 /* MNCalendarHeaderView.m in Sources */,
				B28A462218D3B03B0055426F /* NCErrorView.m in Sources */,
				B28A461C18D3881B0055426F /* NCLoadingView.m in Sources */,
				B23E42891915C90200B29D61 /* MNFastDateEnumeration.m in Sources */,
				B2FD4E9C1809171C00EB1C51 /* NCGradesViewController.m in Sources */,
				B22267D81926C03900F511CA /* AFURLRequestSerialization.m in Sources */,
				B22267D31926C03900F511CA /* AFHTTPRequestOperationManager.m in Sources */,
				B22267DF1926C03900F511CA /* UIImageView+AFNetworking.m in Sources */,
				B22267DD1926C03900F511CA /* UIAlertView+AFNetworking.m in Sources */,
				B28A460818D2BC250055426F /* NCWebViewController.m in Sources */,
				B28A461818D2D5250055426F /* NCSchedulesViewController.m in Sources */,
				B23E42AD191ABC8D00B29D61 /* NCEfficientTableViewCell.m in Sources */,
				B23E42881915C90200B29D61 /* MNCalendarViewWeekdayCell.m in Sources */,
				B28A461F18D3A5380055426F /* NCRemoteViewController.m in Sources */,
				B23E42871915C90200B29D61 /* MNCalendarViewLayout.m in Sources */,
			);
			runOnlyForDeploymentPostprocessing = 0;
		};
/* End PBXSourcesBuildPhase section */

/* Begin PBXVariantGroup section */
		B2FD4E68180752FA00EB1C51 /* InfoPlist.strings */ = {
			isa = PBXVariantGroup;
			children = (
				B2FD4E69180752FA00EB1C51 /* en */,
			);
			name = InfoPlist.strings;
			sourceTree = "<group>";
		};
/* End PBXVariantGroup section */

/* Begin XCBuildConfiguration section */
		B2FD4E92180752FB00EB1C51 /* Debug */ = {
			isa = XCBuildConfiguration;
			buildSettings = {
				ALWAYS_SEARCH_USER_PATHS = NO;
				CLANG_CXX_LANGUAGE_STANDARD = "gnu++0x";
				CLANG_CXX_LIBRARY = "libc++";
				CLANG_ENABLE_MODULES = YES;
				CLANG_ENABLE_OBJC_ARC = YES;
				CLANG_WARN_BOOL_CONVERSION = YES;
				CLANG_WARN_CONSTANT_CONVERSION = YES;
				CLANG_WARN_DIRECT_OBJC_ISA_USAGE = YES_ERROR;
				CLANG_WARN_EMPTY_BODY = YES;
				CLANG_WARN_ENUM_CONVERSION = YES;
				CLANG_WARN_INT_CONVERSION = YES;
				CLANG_WARN_OBJC_ROOT_CLASS = YES_ERROR;
				CLANG_WARN__DUPLICATE_METHOD_MATCH = YES;
				"CODE_SIGN_IDENTITY[sdk=iphoneos*]" = "iPhone Developer";
				COPY_PHASE_STRIP = NO;
				GCC_C_LANGUAGE_STANDARD = gnu99;
				GCC_DYNAMIC_NO_PIC = NO;
				GCC_OPTIMIZATION_LEVEL = 0;
				GCC_PREPROCESSOR_DEFINITIONS = (
					"DEBUG=1",
					"$(inherited)",
				);
				GCC_SYMBOLS_PRIVATE_EXTERN = NO;
				GCC_WARN_64_TO_32_BIT_CONVERSION = YES;
				GCC_WARN_ABOUT_RETURN_TYPE = YES_ERROR;
				GCC_WARN_UNDECLARED_SELECTOR = YES;
				GCC_WARN_UNINITIALIZED_AUTOS = YES;
				GCC_WARN_UNUSED_FUNCTION = YES;
				GCC_WARN_UNUSED_VARIABLE = YES;
				IPHONEOS_DEPLOYMENT_TARGET = 7.0;
				ONLY_ACTIVE_ARCH = YES;
				SDKROOT = iphoneos;
				TARGETED_DEVICE_FAMILY = "1,2";
			};
			name = Debug;
		};
		B2FD4E93180752FB00EB1C51 /* Release */ = {
			isa = XCBuildConfiguration;
			buildSettings = {
				ALWAYS_SEARCH_USER_PATHS = NO;
				CLANG_CXX_LANGUAGE_STANDARD = "gnu++0x";
				CLANG_CXX_LIBRARY = "libc++";
				CLANG_ENABLE_MODULES = YES;
				CLANG_ENABLE_OBJC_ARC = YES;
				CLANG_WARN_BOOL_CONVERSION = YES;
				CLANG_WARN_CONSTANT_CONVERSION = YES;
				CLANG_WARN_DIRECT_OBJC_ISA_USAGE = YES_ERROR;
				CLANG_WARN_EMPTY_BODY = YES;
				CLANG_WARN_ENUM_CONVERSION = YES;
				CLANG_WARN_INT_CONVERSION = YES;
				CLANG_WARN_OBJC_ROOT_CLASS = YES_ERROR;
				CLANG_WARN__DUPLICATE_METHOD_MATCH = YES;
				"CODE_SIGN_IDENTITY[sdk=iphoneos*]" = "iPhone Developer";
				COPY_PHASE_STRIP = YES;
				ENABLE_NS_ASSERTIONS = NO;
				GCC_C_LANGUAGE_STANDARD = gnu99;
				GCC_WARN_64_TO_32_BIT_CONVERSION = YES;
				GCC_WARN_ABOUT_RETURN_TYPE = YES_ERROR;
				GCC_WARN_UNDECLARED_SELECTOR = YES;
				GCC_WARN_UNINITIALIZED_AUTOS = YES;
				GCC_WARN_UNUSED_FUNCTION = YES;
				GCC_WARN_UNUSED_VARIABLE = YES;
				IPHONEOS_DEPLOYMENT_TARGET = 7.0;
				SDKROOT = iphoneos;
				TARGETED_DEVICE_FAMILY = "1,2";
				VALIDATE_PRODUCT = YES;
			};
			name = Release;
		};
		B2FD4E95180752FB00EB1C51 /* Debug */ = {
			isa = XCBuildConfiguration;
			buildSettings = {
				ASSETCATALOG_COMPILER_APPICON_NAME = AppIcon;
				ASSETCATALOG_COMPILER_LAUNCHIMAGE_NAME = LaunchImage;
				CODE_SIGN_IDENTITY = "iPhone Developer";
				"CODE_SIGN_IDENTITY[sdk=iphoneos*]" = "iPhone Developer";
				GCC_PRECOMPILE_PREFIX_HEADER = YES;
				GCC_PREFIX_HEADER = "Newman Knights/Newman Knights-Prefix.pch";
				INFOPLIST_FILE = "Newman Knights/Newman Knights-Info.plist";
				IPHONEOS_DEPLOYMENT_TARGET = 7.0;
				PRODUCT_NAME = "$(TARGET_NAME)";
				PROVISIONING_PROFILE = "";
				WRAPPER_EXTENSION = app;
			};
			name = Debug;
		};
		B2FD4E96180752FB00EB1C51 /* Release */ = {
			isa = XCBuildConfiguration;
			buildSettings = {
				ASSETCATALOG_COMPILER_APPICON_NAME = AppIcon;
				ASSETCATALOG_COMPILER_LAUNCHIMAGE_NAME = LaunchImage;
				CODE_SIGN_IDENTITY = "iPhone Developer";
				"CODE_SIGN_IDENTITY[sdk=iphoneos*]" = "iPhone Developer";
				GCC_PRECOMPILE_PREFIX_HEADER = YES;
				GCC_PREFIX_HEADER = "Newman Knights/Newman Knights-Prefix.pch";
				INFOPLIST_FILE = "Newman Knights/Newman Knights-Info.plist";
				IPHONEOS_DEPLOYMENT_TARGET = 7.0;
				PRODUCT_NAME = "$(TARGET_NAME)";
				PROVISIONING_PROFILE = "";
				WRAPPER_EXTENSION = app;
			};
			name = Release;
		};
/* End XCBuildConfiguration section */

/* Begin XCConfigurationList section */
		B2FD4E57180752FA00EB1C51 /* Build configuration list for PBXProject "Newman Knights" */ = {
			isa = XCConfigurationList;
			buildConfigurations = (
				B2FD4E92180752FB00EB1C51 /* Debug */,
				B2FD4E93180752FB00EB1C51 /* Release */,
			);
			defaultConfigurationIsVisible = 0;
			defaultConfigurationName = Release;
		};
		B2FD4E94180752FB00EB1C51 /* Build configuration list for PBXNativeTarget "Newman Knights" */ = {
			isa = XCConfigurationList;
			buildConfigurations = (
				B2FD4E95180752FB00EB1C51 /* Debug */,
				B2FD4E96180752FB00EB1C51 /* Release */,
			);
			defaultConfigurationIsVisible = 0;
			defaultConfigurationName = Release;
		};
/* End XCConfigurationList section */
	};
	rootObject = B2FD4E54180752FA00EB1C51 /* Project object */;
}
